
Microsoft Visual Studio Solution File, Format Version 12.00
# Visual Studio 15
VisualStudioVersion = 15.0.26228.4
MinimumVisualStudioVersion = 10.0.40219.1
Project("{8BC9CEB8-8B4A-11D0-8D11-00A0C91BC942}") = "AdventureWorks", "AdventureWorks\AdventureWorks.vcxproj", "{C54E8108-2E48-5562-95E3-73299F7304ED}"
EndProject
Project("{8BC9CEB8-8B4A-11D0-8D11-00A0C91BC942}") = "AdventureWorks.Shared", "AdventureWorks.Shared\AdventureWorks.Shared.vcxproj", "{EC6258D5-0EE2-5F75-A250-280451C9E19A}"
EndProject
Project("{8BC9CEB8-8B4A-11D0-8D11-00A0C91BC942}") = "VoiceCommandService", "VoiceCommandService\VoiceCommandService.vcxproj", "{ECB05851-54CF-558F-B6F1-230669B78150}"
EndProject
Global
	GlobalSection(SolutionConfigurationPlatforms) = preSolution
		Debug|ARM = Debug|ARM
		Debug|x64 = Debug|x64
		Debug|x86 = Debug|x86
		Release|ARM = Release|ARM
		Release|x64 = Release|x64
		Release|x86 = Release|x86
	EndGlobalSection
	GlobalSection(ProjectConfigurationPlatforms) = postSolution
		{C54E8108-2E48-5562-95E3-73299F7304ED}.Debug|ARM.ActiveCfg = Debug|ARM
		{C54E8108-2E48-5562-95E3-73299F7304ED}.Debug|ARM.Build.0 = Debug|ARM
		{C54E8108-2E48-5562-95E3-73299F7304ED}.Debug|ARM.Deploy.0 = Debug|ARM
		{C54E8108-2E48-5562-95E3-73299F7304ED}.Debug|x64.ActiveCfg = Debug|x64
		{C54E8108-2E48-5562-95E3-73299F7304ED}.Debug|x64.Build.0 = Debug|x64
		{C54E8108-2E48-5562-95E3-73299F7304ED}.Debug|x64.Deploy.0 = Debug|x64
		{C54E8108-2E48-5562-95E3-73299F7304ED}.Debug|x86.ActiveCfg = Debug|Win32
		{C54E8108-2E48-5562-95E3-73299F7304ED}.Debug|x86.Build.0 = Debug|Win32
		{C54E8108-2E48-5562-95E3-73299F7304ED}.Debug|x86.Deploy.0 = Debug|Win32
		{C54E8108-2E48-5562-95E3-73299F7304ED}.Release|ARM.ActiveCfg = Release|ARM
		{C54E8108-2E48-5562-95E3-73299F7304ED}.Release|ARM.Build.0 = Release|ARM
		{C54E8108-2E48-5562-95E3-73299F7304ED}.Release|ARM.Deploy.0 = Release|ARM
		{C54E8108-2E48-5562-95E3-73299F7304ED}.Release|x64.ActiveCfg = Release|x64
		{C54E8108-2E48-5562-95E3-73299F7304ED}.Release|x64.Build.0 = Release|x64
		{C54E8108-2E48-5562-95E3-73299F7304ED}.Release|x64.Deploy.0 = Release|x64
		{C54E8108-2E48-5562-95E3-73299F7304ED}.Release|x86.ActiveCfg = Release|Win32
		{C54E8108-2E48-5562-95E3-73299F7304ED}.Release|x86.Build.0 = Release|Win32
		{C54E8108-2E48-5562-95E3-73299F7304ED}.Release|x86.Deploy.0 = Release|Win32
		{EC6258D5-0EE2-5F75-A250-280451C9E19A}.Debug|ARM.ActiveCfg = Debug|ARM
		{EC6258D5-0EE2-5F75-A250-280451C9E19A}.Debug|ARM.Build.0 = Debug|ARM
		{EC6258D5-0EE2-5F75-A250-280451C9E19A}.Debug|x64.ActiveCfg = Debug|x64
		{EC6258D5-0EE2-5F75-A250-280451C9E19A}.Debug|x64.Build.0 = Debug|x64
		{EC6258D5-0EE2-5F75-A250-280451C9E19A}.Debug|x86.ActiveCfg = Debug|Win32
		{EC6258D5-0EE2-5F75-A250-280451C9E19A}.Debug|x86.Build.0 = Debug|Win32
		{EC6258D5-0EE2-5F75-A250-280451C9E19A}.Release|ARM.ActiveCfg = Release|ARM
		{EC6258D5-0EE2-5F75-A250-280451C9E19A}.Release|ARM.Build.0 = Release|ARM
		{EC6258D5-0EE2-5F75-A250-280451C9E19A}.Release|x64.ActiveCfg = Release|x64
		{EC6258D5-0EE2-5F75-A250-280451C9E19A}.Release|x64.Build.0 = Release|x64
		{EC6258D5-0EE2-5F75-A250-280451C9E19A}.Release|x86.ActiveCfg = Release|Win32
		{EC6258D5-0EE2-5F75-A250-280451C9E19A}.Release|x86.Build.0 = Release|Win32
		{ECB05851-54CF-558F-B6F1-230669B78150}.Debug|ARM.ActiveCfg = Debug|ARM
		{ECB05851-54CF-558F-B6F1-230669B78150}.Debug|ARM.Build.0 = Debug|ARM
		{ECB05851-54CF-558F-B6F1-230669B78150}.Debug|x64.ActiveCfg = Debug|x64
		{ECB05851-54CF-558F-B6F1-230669B78150}.Debug|x64.Build.0 = Debug|x64
		{ECB05851-54CF-558F-B6F1-230669B78150}.Debug|x86.ActiveCfg = Debug|Win32
		{ECB05851-54CF-558F-B6F1-230669B78150}.Debug|x86.Build.0 = Debug|Win32
		{ECB05851-54CF-558F-B6F1-230669B78150}.Release|ARM.ActiveCfg = Release|ARM
		{ECB05851-54CF-558F-B6F1-230669B78150}.Release|ARM.Build.0 = Release|ARM
		{ECB05851-54CF-558F-B6F1-230669B78150}.Release|x64.ActiveCfg = Release|x64
		{ECB05851-54CF-558F-B6F1-230669B78150}.Release|x64.Build.0 = Release|x64
		{ECB05851-54CF-558F-B6F1-230669B78150}.Release|x86.ActiveCfg = Release|Win32
		{ECB05851-54CF-558F-B6F1-230669B78150}.Release|x86.Build.0 = Release|Win32
	EndGlobalSection
	GlobalSection(SolutionProperties) = preSolution
		HideSolutionNode = FALSE
	EndGlobalSection
EndGlobal
