
Microsoft Visual Studio Solution File, Format Version 12.00
# Visual Studio 15
VisualStudioVersion = 15.0.26228.4
MinimumVisualStudioVersion = 10.0.40219.1
Project("{262852C6-CD72-467D-83FE-5EEB1973A190}") = "OCR", "OCR.jsproj", "{B16C86AC-E417-560F-8DA4-AFBC9B57AE82}"
EndProject
Global
	GlobalSection(SolutionConfigurationPlatforms) = preSolution
		Debug|ARM = Debug|ARM
		Debug|x64 = Debug|x64
		Debug|x86 = Debug|x86
		Release|ARM = Release|ARM
		Release|x64 = Release|x64
		Release|x86 = Release|x86
	EndGlobalSection
	GlobalSection(ProjectConfigurationPlatforms) = postSolution
		{B16C86AC-E417-560F-8DA4-AFBC9B57AE82}.Debug|ARM.ActiveCfg = Debug|ARM
		{B16C86AC-E417-560F-8DA4-AFBC9B57AE82}.Debug|ARM.Build.0 = Debug|ARM
		{B16C86AC-E417-560F-8DA4-AFBC9B57AE82}.Debug|ARM.Deploy.0 = Debug|ARM
		{B16C86AC-E417-560F-8DA4-AFBC9B57AE82}.Debug|x64.ActiveCfg = Debug|x64
		{B16C86AC-E417-560F-8DA4-AFBC9B57AE82}.Debug|x64.Build.0 = Debug|x64
		{B16C86AC-E417-560F-8DA4-AFBC9B57AE82}.Debug|x64.Deploy.0 = Debug|x64
		{B16C86AC-E417-560F-8DA4-AFBC9B57AE82}.Debug|x86.ActiveCfg = Debug|x86
		{B16C86AC-E417-560F-8DA4-AFBC9B57AE82}.Debug|x86.Build.0 = Debug|x86
		{B16C86AC-E417-560F-8DA4-AFBC9B57AE82}.Debug|x86.Deploy.0 = Debug|x86
		{B16C86AC-E417-560F-8DA4-AFBC9B57AE82}.Release|ARM.ActiveCfg = Release|ARM
		{B16C86AC-E417-560F-8DA4-AFBC9B57AE82}.Release|ARM.Build.0 = Release|ARM
		{B16C86AC-E417-560F-8DA4-AFBC9B57AE82}.Release|ARM.Deploy.0 = Release|ARM
		{B16C86AC-E417-560F-8DA4-AFBC9B57AE82}.Release|x64.ActiveCfg = Release|x64
		{B16C86AC-E417-560F-8DA4-AFBC9B57AE82}.Release|x64.Build.0 = Release|x64
		{B16C86AC-E417-560F-8DA4-AFBC9B57AE82}.Release|x64.Deploy.0 = Release|x64
		{B16C86AC-E417-560F-8DA4-AFBC9B57AE82}.Release|x86.ActiveCfg = Release|x86
		{B16C86AC-E417-560F-8DA4-AFBC9B57AE82}.Release|x86.Build.0 = Release|x86
		{B16C86AC-E417-560F-8DA4-AFBC9B57AE82}.Release|x86.Deploy.0 = Release|x86
	EndGlobalSection
	GlobalSection(SolutionProperties) = preSolution
		HideSolutionNode = FALSE
	EndGlobalSection
EndGlobal
