
Microsoft Visual Studio Solution File, Format Version 12.00
# Visual Studio 15
VisualStudioVersion = 15.0.28307.168
MinimumVisualStudioVersion = 10.0.40219.1
Project("{8BC9CEB8-8B4A-11D0-8D11-00A0C91BC942}") = "FolderEnumeration", "FolderEnumeration.vcxproj", "{5331DAE4-F512-569F-A44F-73AAB9462AAD}"
EndProject
Global
	GlobalSection(SolutionConfigurationPlatforms) = preSolution
		Debug|ARM = Debug|ARM
		Debug|x64 = Debug|x64
		Debug|x86 = Debug|x86
		Release|ARM = Release|ARM
		Release|x64 = Release|x64
		Release|x86 = Release|x86
	EndGlobalSection
	GlobalSection(ProjectConfigurationPlatforms) = postSolution
		{5331DAE4-F512-569F-A44F-73AAB9462AAD}.Debug|ARM.ActiveCfg = Debug|ARM
		{5331DAE4-F512-569F-A44F-73AAB9462AAD}.Debug|ARM.Build.0 = Debug|ARM
		{5331DAE4-F512-569F-A44F-73AAB9462AAD}.Debug|ARM.Deploy.0 = Debug|ARM
		{5331DAE4-F512-569F-A44F-73AAB9462AAD}.Debug|x64.ActiveCfg = Debug|x64
		{5331DAE4-F512-569F-A44F-73AAB9462AAD}.Debug|x64.Build.0 = Debug|x64
		{5331DAE4-F512-569F-A44F-73AAB9462AAD}.Debug|x64.Deploy.0 = Debug|x64
		{5331DAE4-F512-569F-A44F-73AAB9462AAD}.Debug|x86.ActiveCfg = Debug|Win32
		{5331DAE4-F512-569F-A44F-73AAB9462AAD}.Debug|x86.Build.0 = Debug|Win32
		{5331DAE4-F512-569F-A44F-73AAB9462AAD}.Debug|x86.Deploy.0 = Debug|Win32
		{5331DAE4-F512-569F-A44F-73AAB9462AAD}.Release|ARM.ActiveCfg = Release|ARM
		{5331DAE4-F512-569F-A44F-73AAB9462AAD}.Release|ARM.Build.0 = Release|ARM
		{5331DAE4-F512-569F-A44F-73AAB9462AAD}.Release|ARM.Deploy.0 = Release|ARM
		{5331DAE4-F512-569F-A44F-73AAB9462AAD}.Release|x64.ActiveCfg = Release|x64
		{5331DAE4-F512-569F-A44F-73AAB9462AAD}.Release|x64.Build.0 = Release|x64
		{5331DAE4-F512-569F-A44F-73AAB9462AAD}.Release|x64.Deploy.0 = Release|x64
		{5331DAE4-F512-569F-A44F-73AAB9462AAD}.Release|x86.ActiveCfg = Release|Win32
		{5331DAE4-F512-569F-A44F-73AAB9462AAD}.Release|x86.Build.0 = Release|Win32
		{5331DAE4-F512-569F-A44F-73AAB9462AAD}.Release|x86.Deploy.0 = Release|Win32
	EndGlobalSection
	GlobalSection(SolutionProperties) = preSolution
		HideSolutionNode = FALSE
	EndGlobalSection
	GlobalSection(ExtensibilityGlobals) = postSolution
		SolutionGuid = {3ED506E9-6C43-42A8-9C63-CDD16EA80512}
	EndGlobalSection
EndGlobal
