<?xml version="1.0" encoding="utf-8"?>
<Project ToolsVersion="4.0" xmlns="http://schemas.microsoft.com/developer/msbuild/2003">
  <ItemGroup>
    <ApplicationDefinition Include="..\..\..\SharedContent\xaml\App.xaml" />
  </ItemGroup>
  <ItemGroup>
    <ClCompile Include="..\..\..\SharedContent\cpp\App.xaml.cpp" />
    <ClCompile Include="CalibrationBar.xaml.cpp" />
    <ClCompile Include="..\..\..\SharedContent\cpp\MainPage.xaml.cpp" />
    <ClCompile Include="pch.cpp" />
    <ClCompile Include="SampleConfiguration.cpp" />
    <ClCompile Include="Scenario1_DataEvents.xaml.cpp" />
    <ClCompile Include="Scenario2_Polling.xaml.cpp" />
    <ClCompile Include="Scenario3_Calibration.xaml.cpp" />
  </ItemGroup>
  <ItemGroup>
    <ClInclude Include="CalibrationBar.xaml.h" />
    <ClInclude Include="pch.h" />
    <ClInclude Include="..\..\..\SharedContent\cpp\App.xaml.h" />
    <ClInclude Include="..\..\..\SharedContent\cpp\MainPage.xaml.h" />
    <ClInclude Include="SampleConfiguration.h" />
    <ClInclude Include="Scenario1_DataEvents.xaml.h" />
    <ClInclude Include="Scenario2_Polling.xaml.h" />
    <ClInclude Include="Scenario3_Calibration.xaml.h" />
  </ItemGroup>
  <ItemGroup>
    <Image Include="..\..\..\SharedContent\media\microsoft-sdk.png">
      <Filter>Assets</Filter>
    </Image>
    <Image Include="..\..\..\SharedContent\media\smalltile-sdk.png">
      <Filter>Assets</Filter>
    </Image>
    <Image Include="..\..\..\SharedContent\media\splash-sdk.png">
      <Filter>Assets</Filter>
    </Image>
    <Image Include="..\..\..\SharedContent\media\squaretile-sdk.png">
      <Filter>Assets</Filter>
    </Image>
    <Image Include="..\..\..\SharedContent\media\storelogo-sdk.png">
      <Filter>Assets</Filter>
    </Image>
    <Image Include="..\..\..\SharedContent\media\tile-sdk.png">
      <Filter>Assets</Filter>
    </Image>
    <Image Include="..\..\..\SharedContent\media\windows-sdk.png">
      <Filter>Assets</Filter>
    </Image>
    <Image Include="..\..\..\SharedContent\media\Samples\mobius.png">
      <Filter>Assets</Filter>
    </Image>
  </ItemGroup>
  <ItemGroup>
    <AppxManifest Include="Package.appxmanifest" />
  </ItemGroup>
  <ItemGroup>
    <Page Include="CalibrationBar.xaml" />
    <Page Include="..\..\..\SharedContent\cpp\MainPage.xaml" />
    <Page Include="Scenario1_DataEvents.xaml" />
    <Page Include="Scenario2_Polling.xaml" />
    <Page Include="Scenario3_Calibration.xaml" />
    <Page Include="..\..\..\SharedContent\xaml\Styles.xaml">
      <Filter>Styles</Filter>
    </Page>
  </ItemGroup>
  <ItemGroup>
    <Filter Include="Assets">
      <UniqueIdentifier>{fc0967fd-e626-4f8f-8c62-12b56f00ae7a}</UniqueIdentifier>
    </Filter>
    <Filter Include="Styles">
      <UniqueIdentifier>{76da869b-ec5b-4a4a-9db8-95abfc6db1b3}</UniqueIdentifier>
    </Filter>
  </ItemGroup>
</Project>