
Microsoft Visual Studio Solution File, Format Version 12.00
# Visual Studio 15
VisualStudioVersion = 15.0.26228.4
MinimumVisualStudioVersion = 10.0.40219.1
Project("{262852C6-CD72-467D-83FE-5EEB1973A190}") = "FileSearch", "FileSearch.jsproj", "{BB007380-421C-56D2-8E1D-0F1DCD32070A}"
EndProject
Global
	GlobalSection(SolutionConfigurationPlatforms) = preSolution
		Debug|Any CPU = Debug|Any CPU
		Debug|ARM = Debug|ARM
		Debug|x64 = Debug|x64
		Debug|x86 = Debug|x86
		Release|Any CPU = Release|Any CPU
		Release|ARM = Release|ARM
		Release|x64 = Release|x64
		Release|x86 = Release|x86
	EndGlobalSection
	GlobalSection(ProjectConfigurationPlatforms) = postSolution
		{BB007380-421C-56D2-8E1D-0F1DCD32070A}.Debug|Any CPU.ActiveCfg = Debug|Any CPU
		{BB007380-421C-56D2-8E1D-0F1DCD32070A}.Debug|Any CPU.Build.0 = Debug|Any CPU
		{BB007380-421C-56D2-8E1D-0F1DCD32070A}.Debug|Any CPU.Deploy.0 = Debug|Any CPU
		{BB007380-421C-56D2-8E1D-0F1DCD32070A}.Debug|ARM.ActiveCfg = Debug|ARM
		{BB007380-421C-56D2-8E1D-0F1DCD32070A}.Debug|ARM.Build.0 = Debug|ARM
		{BB007380-421C-56D2-8E1D-0F1DCD32070A}.Debug|ARM.Deploy.0 = Debug|ARM
		{BB007380-421C-56D2-8E1D-0F1DCD32070A}.Debug|x64.ActiveCfg = Debug|x64
		{BB007380-421C-56D2-8E1D-0F1DCD32070A}.Debug|x64.Build.0 = Debug|x64
		{BB007380-421C-56D2-8E1D-0F1DCD32070A}.Debug|x64.Deploy.0 = Debug|x64
		{BB007380-421C-56D2-8E1D-0F1DCD32070A}.Debug|x86.ActiveCfg = Debug|x86
		{BB007380-421C-56D2-8E1D-0F1DCD32070A}.Debug|x86.Build.0 = Debug|x86
		{BB007380-421C-56D2-8E1D-0F1DCD32070A}.Debug|x86.Deploy.0 = Debug|x86
		{BB007380-421C-56D2-8E1D-0F1DCD32070A}.Release|Any CPU.ActiveCfg = Release|Any CPU
		{BB007380-421C-56D2-8E1D-0F1DCD32070A}.Release|Any CPU.Build.0 = Release|Any CPU
		{BB007380-421C-56D2-8E1D-0F1DCD32070A}.Release|Any CPU.Deploy.0 = Release|Any CPU
		{BB007380-421C-56D2-8E1D-0F1DCD32070A}.Release|ARM.ActiveCfg = Release|ARM
		{BB007380-421C-56D2-8E1D-0F1DCD32070A}.Release|ARM.Build.0 = Release|ARM
		{BB007380-421C-56D2-8E1D-0F1DCD32070A}.Release|ARM.Deploy.0 = Release|ARM
		{BB007380-421C-56D2-8E1D-0F1DCD32070A}.Release|x64.ActiveCfg = Release|x64
		{BB007380-421C-56D2-8E1D-0F1DCD32070A}.Release|x64.Build.0 = Release|x64
		{BB007380-421C-56D2-8E1D-0F1DCD32070A}.Release|x64.Deploy.0 = Release|x64
		{BB007380-421C-56D2-8E1D-0F1DCD32070A}.Release|x86.ActiveCfg = Release|x86
		{BB007380-421C-56D2-8E1D-0F1DCD32070A}.Release|x86.Build.0 = Release|x86
		{BB007380-421C-56D2-8E1D-0F1DCD32070A}.Release|x86.Deploy.0 = Release|x86
	EndGlobalSection
	GlobalSection(SolutionProperties) = preSolution
		HideSolutionNode = FALSE
	EndGlobalSection
EndGlobal
