
Microsoft Visual Studio Solution File, Format Version 12.00
# Visual Studio 15
VisualStudioVersion = 15.0.26228.4
MinimumVisualStudioVersion = 10.0.40219.1
Project("{8BC9CEB8-8B4A-11D0-8D11-00A0C91BC942}") = "CustomSensors", "CustomSensors.vcxproj", "{2F0A84FC-71AF-5F16-9BB3-78D5353B7EBD}"
EndProject
Global
	GlobalSection(SolutionConfigurationPlatforms) = preSolution
		Debug|ARM = Debug|ARM
		Debug|Win32 = Debug|Win32
		Debug|x64 = Debug|x64
		Release|ARM = Release|ARM
		Release|Win32 = Release|Win32
		Release|x64 = Release|x64
	EndGlobalSection
	GlobalSection(ProjectConfigurationPlatforms) = postSolution
		{2F0A84FC-71AF-5F16-9BB3-78D5353B7EBD}.Debug|ARM.ActiveCfg = Debug|ARM
		{2F0A84FC-71AF-5F16-9BB3-78D5353B7EBD}.Debug|ARM.Build.0 = Debug|ARM
		{2F0A84FC-71AF-5F16-9BB3-78D5353B7EBD}.Debug|ARM.Deploy.0 = Debug|ARM
		{2F0A84FC-71AF-5F16-9BB3-78D5353B7EBD}.Debug|Win32.ActiveCfg = Debug|Win32
		{2F0A84FC-71AF-5F16-9BB3-78D5353B7EBD}.Debug|Win32.Build.0 = Debug|Win32
		{2F0A84FC-71AF-5F16-9BB3-78D5353B7EBD}.Debug|Win32.Deploy.0 = Debug|Win32
		{2F0A84FC-71AF-5F16-9BB3-78D5353B7EBD}.Debug|x64.ActiveCfg = Debug|x64
		{2F0A84FC-71AF-5F16-9BB3-78D5353B7EBD}.Debug|x64.Build.0 = Debug|x64
		{2F0A84FC-71AF-5F16-9BB3-78D5353B7EBD}.Debug|x64.Deploy.0 = Debug|x64
		{2F0A84FC-71AF-5F16-9BB3-78D5353B7EBD}.Release|ARM.ActiveCfg = Release|ARM
		{2F0A84FC-71AF-5F16-9BB3-78D5353B7EBD}.Release|ARM.Build.0 = Release|ARM
		{2F0A84FC-71AF-5F16-9BB3-78D5353B7EBD}.Release|ARM.Deploy.0 = Release|ARM
		{2F0A84FC-71AF-5F16-9BB3-78D5353B7EBD}.Release|Win32.ActiveCfg = Release|Win32
		{2F0A84FC-71AF-5F16-9BB3-78D5353B7EBD}.Release|Win32.Build.0 = Release|Win32
		{2F0A84FC-71AF-5F16-9BB3-78D5353B7EBD}.Release|Win32.Deploy.0 = Release|Win32
		{2F0A84FC-71AF-5F16-9BB3-78D5353B7EBD}.Release|x64.ActiveCfg = Release|x64
		{2F0A84FC-71AF-5F16-9BB3-78D5353B7EBD}.Release|x64.Build.0 = Release|x64
		{2F0A84FC-71AF-5F16-9BB3-78D5353B7EBD}.Release|x64.Deploy.0 = Release|x64
	EndGlobalSection
	GlobalSection(SolutionProperties) = preSolution
		HideSolutionNode = FALSE
	EndGlobalSection
EndGlobal
