
Microsoft Visual Studio Solution File, Format Version 12.00
# Visual Studio 14
VisualStudioVersion = 14.0.23107.0
MinimumVisualStudioVersion = 10.0.40219.1
Project("{262852C6-CD72-467D-83FE-5EEB1973A190}") = "TouchKeyboardTextInput", "TouchKeyboardTextInput.jsproj", "{DDA7B135-0C37-5048-A89A-05C1817135AD}"
EndProject
Global
	GlobalSection(SolutionConfigurationPlatforms) = preSolution
		Debug|Any CPU = Debug|Any CPU
		Debug|ARM = Debug|ARM
		Debug|x64 = Debug|x64
		Debug|x86 = Debug|x86
		Release|Any CPU = Release|Any CPU
		Release|ARM = Release|ARM
		Release|x64 = Release|x64
		Release|x86 = Release|x86
	EndGlobalSection
	GlobalSection(ProjectConfigurationPlatforms) = postSolution
		{DDA7B135-0C37-5048-A89A-05C1817135AD}.Debug|Any CPU.ActiveCfg = Debug|Any CPU
		{DDA7B135-0C37-5048-A89A-05C1817135AD}.Debug|Any CPU.Build.0 = Debug|Any CPU
		{DDA7B135-0C37-5048-A89A-05C1817135AD}.Debug|Any CPU.Deploy.0 = Debug|Any CPU
		{DDA7B135-0C37-5048-A89A-05C1817135AD}.Debug|ARM.ActiveCfg = Debug|ARM
		{DDA7B135-0C37-5048-A89A-05C1817135AD}.Debug|ARM.Build.0 = Debug|ARM
		{DDA7B135-0C37-5048-A89A-05C1817135AD}.Debug|ARM.Deploy.0 = Debug|ARM
		{DDA7B135-0C37-5048-A89A-05C1817135AD}.Debug|x64.ActiveCfg = Debug|x64
		{DDA7B135-0C37-5048-A89A-05C1817135AD}.Debug|x64.Build.0 = Debug|x64
		{DDA7B135-0C37-5048-A89A-05C1817135AD}.Debug|x64.Deploy.0 = Debug|x64
		{DDA7B135-0C37-5048-A89A-05C1817135AD}.Debug|x86.ActiveCfg = Debug|x86
		{DDA7B135-0C37-5048-A89A-05C1817135AD}.Debug|x86.Build.0 = Debug|x86
		{DDA7B135-0C37-5048-A89A-05C1817135AD}.Debug|x86.Deploy.0 = Debug|x86
		{DDA7B135-0C37-5048-A89A-05C1817135AD}.Release|Any CPU.ActiveCfg = Release|Any CPU
		{DDA7B135-0C37-5048-A89A-05C1817135AD}.Release|Any CPU.Build.0 = Release|Any CPU
		{DDA7B135-0C37-5048-A89A-05C1817135AD}.Release|Any CPU.Deploy.0 = Release|Any CPU
		{DDA7B135-0C37-5048-A89A-05C1817135AD}.Release|ARM.ActiveCfg = Release|ARM
		{DDA7B135-0C37-5048-A89A-05C1817135AD}.Release|ARM.Build.0 = Release|ARM
		{DDA7B135-0C37-5048-A89A-05C1817135AD}.Release|ARM.Deploy.0 = Release|ARM
		{DDA7B135-0C37-5048-A89A-05C1817135AD}.Release|x64.ActiveCfg = Release|x64
		{DDA7B135-0C37-5048-A89A-05C1817135AD}.Release|x64.Build.0 = Release|x64
		{DDA7B135-0C37-5048-A89A-05C1817135AD}.Release|x64.Deploy.0 = Release|x64
		{DDA7B135-0C37-5048-A89A-05C1817135AD}.Release|x86.ActiveCfg = Release|x86
		{DDA7B135-0C37-5048-A89A-05C1817135AD}.Release|x86.Build.0 = Release|x86
		{DDA7B135-0C37-5048-A89A-05C1817135AD}.Release|x86.Deploy.0 = Release|x86
	EndGlobalSection
	GlobalSection(SolutionProperties) = preSolution
		HideSolutionNode = FALSE
	EndGlobalSection
EndGlobal
