
Microsoft Visual Studio Solution File, Format Version 12.00
# Visual Studio 15
VisualStudioVersion = 15.0.26228.4
MinimumVisualStudioVersion = 10.0.40219.1
Project("{8BC9CEB8-8B4A-11D0-8D11-00A0C91BC942}") = "DisplayOrientation", "DisplayOrientation.vcxproj", "{10672217-61E7-52A9-A8CF-B8E7EC684B3E}"
EndProject
Global
	GlobalSection(SolutionConfigurationPlatforms) = preSolution
		Debug|ARM = Debug|ARM
		Debug|x64 = Debug|x64
		Debug|x86 = Debug|x86
		Release|ARM = Release|ARM
		Release|x64 = Release|x64
		Release|x86 = Release|x86
	EndGlobalSection
	GlobalSection(ProjectConfigurationPlatforms) = postSolution
		{10672217-61E7-52A9-A8CF-B8E7EC684B3E}.Debug|ARM.ActiveCfg = Debug|ARM
		{10672217-61E7-52A9-A8CF-B8E7EC684B3E}.Debug|ARM.Build.0 = Debug|ARM
		{10672217-61E7-52A9-A8CF-B8E7EC684B3E}.Debug|ARM.Deploy.0 = Debug|ARM
		{10672217-61E7-52A9-A8CF-B8E7EC684B3E}.Debug|x64.ActiveCfg = Debug|x64
		{10672217-61E7-52A9-A8CF-B8E7EC684B3E}.Debug|x64.Build.0 = Debug|x64
		{10672217-61E7-52A9-A8CF-B8E7EC684B3E}.Debug|x64.Deploy.0 = Debug|x64
		{10672217-61E7-52A9-A8CF-B8E7EC684B3E}.Debug|x86.ActiveCfg = Debug|Win32
		{10672217-61E7-52A9-A8CF-B8E7EC684B3E}.Debug|x86.Build.0 = Debug|Win32
		{10672217-61E7-52A9-A8CF-B8E7EC684B3E}.Debug|x86.Deploy.0 = Debug|Win32
		{10672217-61E7-52A9-A8CF-B8E7EC684B3E}.Release|ARM.ActiveCfg = Release|ARM
		{10672217-61E7-52A9-A8CF-B8E7EC684B3E}.Release|ARM.Build.0 = Release|ARM
		{10672217-61E7-52A9-A8CF-B8E7EC684B3E}.Release|ARM.Deploy.0 = Release|ARM
		{10672217-61E7-52A9-A8CF-B8E7EC684B3E}.Release|x64.ActiveCfg = Release|x64
		{10672217-61E7-52A9-A8CF-B8E7EC684B3E}.Release|x64.Build.0 = Release|x64
		{10672217-61E7-52A9-A8CF-B8E7EC684B3E}.Release|x64.Deploy.0 = Release|x64
		{10672217-61E7-52A9-A8CF-B8E7EC684B3E}.Release|x86.ActiveCfg = Release|Win32
		{10672217-61E7-52A9-A8CF-B8E7EC684B3E}.Release|x86.Build.0 = Release|Win32
		{10672217-61E7-52A9-A8CF-B8E7EC684B3E}.Release|x86.Deploy.0 = Release|Win32
	EndGlobalSection
	GlobalSection(SolutionProperties) = preSolution
		HideSolutionNode = FALSE
	EndGlobalSection
EndGlobal
