<?xml version="1.0" encoding="utf-8"?>
<Project ToolsVersion="4.0" xmlns="http://schemas.microsoft.com/developer/msbuild/2003">
  <ItemGroup>
    <Filter Include="Common">
      <UniqueIdentifier>e54e8673-6780-4716-850b-d2ff4df2a055</UniqueIdentifier>
    </Filter>
    <Filter Include="Assets">
      <UniqueIdentifier>57b578e9-ba62-4876-b9b4-744b75897b89</UniqueIdentifier>
      <Extensions>bmp;fbx;gif;jpg;jpeg;tga;tiff;tif;png</Extensions>
    </Filter>
    <Filter Include="Content">
      <UniqueIdentifier>000132c1-e17a-4434-aed7-4174ac164c3d</UniqueIdentifier>
    </Filter>
    <Filter Include="Content\Shaders">
      <UniqueIdentifier>1fd9ac49-a3cb-423f-96ee-11207336669e</UniqueIdentifier>
    </Filter>
    <ClInclude Include="Common\DirectXHelper.h">
      <Filter>Common</Filter>
    </ClInclude>
    <ClInclude Include="Common\StepTimer.h">
      <Filter>Common</Filter>
    </ClInclude>
    <ClInclude Include="Common\DeviceResources.h">
      <Filter>Common</Filter>
    </ClInclude>
    <ClCompile Include="Common\DeviceResources.cpp">
      <Filter>Common</Filter>
    </ClCompile>
    <ClInclude Include="Common\CameraResources.h">
      <Filter>Common</Filter>
    </ClInclude>
    <ClCompile Include="Common\CameraResources.cpp">
      <Filter>Common</Filter>
    </ClCompile>
    <Image Include="..\..\..\SharedContent\media\splash-sdk.png">
      <Filter>Assets</Filter>
    </Image>
    <Image Include="..\..\..\SharedContent\media\squaretile-sdk.png">
      <Filter>Assets</Filter>
    </Image>
    <Image Include="..\..\..\SharedContent\media\smalltile-sdk.png">
      <Filter>Assets</Filter>
    </Image>
    <Image Include="..\..\..\SharedContent\media\storelogo-sdk.png">
      <Filter>Assets</Filter>
    </Image>
  </ItemGroup>
  <ItemGroup>
    <ClCompile Include="pch.cpp" />
    <ClCompile Include="AppView.cpp" />
    <ClCompile Include="Content\SpatialInputHandler.cpp">
      <Filter>Content</Filter>
    </ClCompile>
    <ClCompile Include="Content\SpinningCubeRenderer.cpp">
      <Filter>Content</Filter>
    </ClCompile>
    <ClCompile Include="HolographicMRCSampleMain.cpp" />
    <ClCompile Include="Content\Button.cpp">
      <Filter>Content</Filter>
    </ClCompile>
    <ClCompile Include="Content\ControlBase.cpp">
      <Filter>Content</Filter>
    </ClCompile>
    <ClCompile Include="Content\Cursor.cpp">
      <Filter>Content</Filter>
    </ClCompile>
    <ClCompile Include="Content\Panel.cpp">
      <Filter>Content</Filter>
    </ClCompile>
    <ClCompile Include="MediaCaptureManager.cpp" />
    <ClCompile Include="Common\DirectXHelper.cpp">
      <Filter>Common</Filter>
    </ClCompile>
  </ItemGroup>
  <ItemGroup>
    <ClInclude Include="pch.h" />
    <ClInclude Include="AppView.h" />
    <ClInclude Include="Content\SpatialInputHandler.h">
      <Filter>Content</Filter>
    </ClInclude>
    <ClInclude Include="Content\SpinningCubeRenderer.h">
      <Filter>Content</Filter>
    </ClInclude>
    <ClInclude Include="Content\ShaderStructures.h">
      <Filter>Content</Filter>
    </ClInclude>
    <ClInclude Include="HolographicMRCSampleMain.h" />
    <ClInclude Include="Content\Button.h">
      <Filter>Content</Filter>
    </ClInclude>
    <ClInclude Include="Content\ControlBase.h">
      <Filter>Content</Filter>
    </ClInclude>
    <ClInclude Include="Content\Cursor.h">
      <Filter>Content</Filter>
    </ClInclude>
    <ClInclude Include="Content\Panel.h">
      <Filter>Content</Filter>
    </ClInclude>
    <ClInclude Include="MediaCaptureManager.h" />
  </ItemGroup>
  <ItemGroup>
    <FxCompile Include="Content\VertexShader.hlsl">
      <Filter>Content\Shaders</Filter>
    </FxCompile>
    <FxCompile Include="Content\GeometryShader.hlsl">
      <Filter>Content\Shaders</Filter>
    </FxCompile>
    <FxCompile Include="Content\PixelShader.hlsl">
      <Filter>Content\Shaders</Filter>
    </FxCompile>
    <FxCompile Include="Content\VPRTVertexShader.hlsl">
      <Filter>Content\Shaders</Filter>
    </FxCompile>
    <FxCompile Include="Content\GeometryShaderTexture.hlsl">
      <Filter>Content\Shaders</Filter>
    </FxCompile>
    <FxCompile Include="Content\PixelShaderCursor.hlsl">
      <Filter>Content\Shaders</Filter>
    </FxCompile>
    <FxCompile Include="Content\PixelShaderTexture.hlsl">
      <Filter>Content\Shaders</Filter>
    </FxCompile>
    <FxCompile Include="Content\VertexShaderTexture.hlsl">
      <Filter>Content\Shaders</Filter>
    </FxCompile>
    <FxCompile Include="Content\VPRTVertexShaderTexture.hlsl">
      <Filter>Content\Shaders</Filter>
    </FxCompile>
  </ItemGroup>
  <ItemGroup>
    <AppxManifest Include="Package.appxmanifest" />
  </ItemGroup>
  <ItemGroup>
    <Image Include="Assets\Cursor.png">
      <Filter>Assets</Filter>
    </Image>
    <Image Include="Assets\Hologram.png">
      <Filter>Assets</Filter>
    </Image>
    <Image Include="Assets\Init.png">
      <Filter>Assets</Filter>
    </Image>
    <Image Include="Assets\Photo.png">
      <Filter>Assets</Filter>
    </Image>
    <Image Include="Assets\SysAudio.png">
      <Filter>Assets</Filter>
    </Image>
    <Image Include="Assets\Video.png">
      <Filter>Assets</Filter>
    </Image>
  </ItemGroup>
</Project>