
Microsoft Visual Studio Solution File, Format Version 12.00
# Visual Studio 14
VisualStudioVersion = 14.0.22512.0
MinimumVisualStudioVersion = 10.0.40219.1
Project("{FAE04EC0-301F-11D3-BF4B-00C04F79EFBC}") = "HttpClient", "HttpClient\HttpClient.csproj", "{C43BF6FE-B0C2-58D3-8242-0C0C38C1DFD1}"
EndProject
Project("{8BC9CEB8-8B4A-11D0-8D11-00A0C91BC942}") = "HttpFilters", "HttpFilters\HttpFilters.vcxproj", "{D8DCAC61-7ECB-5F51-AB71-BAF1AD2E7FA6}"
EndProject
Global
	GlobalSection(SolutionConfigurationPlatforms) = preSolution
		Debug|ARM = Debug|ARM
		Debug|x64 = Debug|x64
		Debug|x86 = Debug|x86
		Release|ARM = Release|ARM
		Release|x64 = Release|x64
		Release|x86 = Release|x86
	EndGlobalSection
	GlobalSection(ProjectConfigurationPlatforms) = postSolution
		{C43BF6FE-B0C2-58D3-8242-0C0C38C1DFD1}.Debug|ARM.ActiveCfg = Debug|ARM
		{C43BF6FE-B0C2-58D3-8242-0C0C38C1DFD1}.Debug|ARM.Build.0 = Debug|ARM
		{C43BF6FE-B0C2-58D3-8242-0C0C38C1DFD1}.Debug|ARM.Deploy.0 = Debug|ARM
		{C43BF6FE-B0C2-58D3-8242-0C0C38C1DFD1}.Debug|x64.ActiveCfg = Debug|x64
		{C43BF6FE-B0C2-58D3-8242-0C0C38C1DFD1}.Debug|x64.Build.0 = Debug|x64
		{C43BF6FE-B0C2-58D3-8242-0C0C38C1DFD1}.Debug|x64.Deploy.0 = Debug|x64
		{C43BF6FE-B0C2-58D3-8242-0C0C38C1DFD1}.Debug|x86.ActiveCfg = Debug|x86
		{C43BF6FE-B0C2-58D3-8242-0C0C38C1DFD1}.Debug|x86.Build.0 = Debug|x86
		{C43BF6FE-B0C2-58D3-8242-0C0C38C1DFD1}.Debug|x86.Deploy.0 = Debug|x86
		{C43BF6FE-B0C2-58D3-8242-0C0C38C1DFD1}.Release|ARM.ActiveCfg = Release|ARM
		{C43BF6FE-B0C2-58D3-8242-0C0C38C1DFD1}.Release|ARM.Build.0 = Release|ARM
		{C43BF6FE-B0C2-58D3-8242-0C0C38C1DFD1}.Release|ARM.Deploy.0 = Release|ARM
		{C43BF6FE-B0C2-58D3-8242-0C0C38C1DFD1}.Release|x64.ActiveCfg = Release|x64
		{C43BF6FE-B0C2-58D3-8242-0C0C38C1DFD1}.Release|x64.Build.0 = Release|x64
		{C43BF6FE-B0C2-58D3-8242-0C0C38C1DFD1}.Release|x64.Deploy.0 = Release|x64
		{C43BF6FE-B0C2-58D3-8242-0C0C38C1DFD1}.Release|x86.ActiveCfg = Release|x86
		{C43BF6FE-B0C2-58D3-8242-0C0C38C1DFD1}.Release|x86.Build.0 = Release|x86
		{C43BF6FE-B0C2-58D3-8242-0C0C38C1DFD1}.Release|x86.Deploy.0 = Release|x86
		{D8DCAC61-7ECB-5F51-AB71-BAF1AD2E7FA6}.Debug|ARM.ActiveCfg = Debug|ARM
		{D8DCAC61-7ECB-5F51-AB71-BAF1AD2E7FA6}.Debug|ARM.Build.0 = Debug|ARM
		{D8DCAC61-7ECB-5F51-AB71-BAF1AD2E7FA6}.Debug|x64.ActiveCfg = Debug|x64
		{D8DCAC61-7ECB-5F51-AB71-BAF1AD2E7FA6}.Debug|x64.Build.0 = Debug|x64
		{D8DCAC61-7ECB-5F51-AB71-BAF1AD2E7FA6}.Debug|x86.ActiveCfg = Debug|Win32
		{D8DCAC61-7ECB-5F51-AB71-BAF1AD2E7FA6}.Debug|x86.Build.0 = Debug|Win32
		{D8DCAC61-7ECB-5F51-AB71-BAF1AD2E7FA6}.Release|ARM.ActiveCfg = Release|ARM
		{D8DCAC61-7ECB-5F51-AB71-BAF1AD2E7FA6}.Release|ARM.Build.0 = Release|ARM
		{D8DCAC61-7ECB-5F51-AB71-BAF1AD2E7FA6}.Release|x64.ActiveCfg = Release|x64
		{D8DCAC61-7ECB-5F51-AB71-BAF1AD2E7FA6}.Release|x64.Build.0 = Release|x64
		{D8DCAC61-7ECB-5F51-AB71-BAF1AD2E7FA6}.Release|x86.ActiveCfg = Release|Win32
		{D8DCAC61-7ECB-5F51-AB71-BAF1AD2E7FA6}.Release|x86.Build.0 = Release|Win32
	EndGlobalSection
	GlobalSection(SolutionProperties) = preSolution
		HideSolutionNode = FALSE
	EndGlobalSection
EndGlobal
