
Microsoft Visual Studio Solution File, Format Version 12.00
# Visual Studio 14
VisualStudioVersion = 14.0.22609.0
MinimumVisualStudioVersion = 10.0.40219.1
Project("{8BC9CEB8-8B4A-11D0-8D11-00A0C91BC942}") = "CustomVertexShader", "VertexShader\CustomVertexShader.vcxproj", "{57865ED2-95FF-5F97-9EEA-A63C5B1FD73A}"
EndProject
Project("{8BC9CEB8-8B4A-11D0-8D11-00A0C91BC942}") = "CustomPixelShader", "PixelShader\CustomPixelShader.vcxproj", "{7CEA81D5-6F35-5F65-90A2-465233892495}"
EndProject
Project("{8BC9CEB8-8B4A-11D0-8D11-00A0C91BC942}") = "CustomComputeShader", "ComputeShader\CustomComputeShader.vcxproj", "{94A0E086-D1F6-5881-9BCD-2499A51A0ADF}"
EndProject
Global
	GlobalSection(SolutionConfigurationPlatforms) = preSolution
		Debug|ARM = Debug|ARM
		Debug|x64 = Debug|x64
		Debug|x86 = Debug|x86
		Release|ARM = Release|ARM
		Release|x64 = Release|x64
		Release|x86 = Release|x86
	EndGlobalSection
	GlobalSection(ProjectConfigurationPlatforms) = postSolution
		{57865ED2-95FF-5F97-9EEA-A63C5B1FD73A}.Debug|ARM.ActiveCfg = Debug|ARM
		{57865ED2-95FF-5F97-9EEA-A63C5B1FD73A}.Debug|ARM.Build.0 = Debug|ARM
		{57865ED2-95FF-5F97-9EEA-A63C5B1FD73A}.Debug|ARM.Deploy.0 = Debug|ARM
		{57865ED2-95FF-5F97-9EEA-A63C5B1FD73A}.Debug|x64.ActiveCfg = Debug|x64
		{57865ED2-95FF-5F97-9EEA-A63C5B1FD73A}.Debug|x64.Build.0 = Debug|x64
		{57865ED2-95FF-5F97-9EEA-A63C5B1FD73A}.Debug|x64.Deploy.0 = Debug|x64
		{57865ED2-95FF-5F97-9EEA-A63C5B1FD73A}.Debug|x86.ActiveCfg = Debug|Win32
		{57865ED2-95FF-5F97-9EEA-A63C5B1FD73A}.Debug|x86.Build.0 = Debug|Win32
		{57865ED2-95FF-5F97-9EEA-A63C5B1FD73A}.Debug|x86.Deploy.0 = Debug|Win32
		{57865ED2-95FF-5F97-9EEA-A63C5B1FD73A}.Release|ARM.ActiveCfg = Release|ARM
		{57865ED2-95FF-5F97-9EEA-A63C5B1FD73A}.Release|ARM.Build.0 = Release|ARM
		{57865ED2-95FF-5F97-9EEA-A63C5B1FD73A}.Release|ARM.Deploy.0 = Release|ARM
		{57865ED2-95FF-5F97-9EEA-A63C5B1FD73A}.Release|x64.ActiveCfg = Release|x64
		{57865ED2-95FF-5F97-9EEA-A63C5B1FD73A}.Release|x64.Build.0 = Release|x64
		{57865ED2-95FF-5F97-9EEA-A63C5B1FD73A}.Release|x64.Deploy.0 = Release|x64
		{57865ED2-95FF-5F97-9EEA-A63C5B1FD73A}.Release|x86.ActiveCfg = Release|Win32
		{57865ED2-95FF-5F97-9EEA-A63C5B1FD73A}.Release|x86.Build.0 = Release|Win32
		{57865ED2-95FF-5F97-9EEA-A63C5B1FD73A}.Release|x86.Deploy.0 = Release|Win32
		{7CEA81D5-6F35-5F65-90A2-465233892495}.Debug|ARM.ActiveCfg = Debug|ARM
		{7CEA81D5-6F35-5F65-90A2-465233892495}.Debug|ARM.Build.0 = Debug|ARM
		{7CEA81D5-6F35-5F65-90A2-465233892495}.Debug|ARM.Deploy.0 = Debug|ARM
		{7CEA81D5-6F35-5F65-90A2-465233892495}.Debug|x64.ActiveCfg = Debug|x64
		{7CEA81D5-6F35-5F65-90A2-465233892495}.Debug|x64.Build.0 = Debug|x64
		{7CEA81D5-6F35-5F65-90A2-465233892495}.Debug|x64.Deploy.0 = Debug|x64
		{7CEA81D5-6F35-5F65-90A2-465233892495}.Debug|x86.ActiveCfg = Debug|Win32
		{7CEA81D5-6F35-5F65-90A2-465233892495}.Debug|x86.Build.0 = Debug|Win32
		{7CEA81D5-6F35-5F65-90A2-465233892495}.Debug|x86.Deploy.0 = Debug|Win32
		{7CEA81D5-6F35-5F65-90A2-465233892495}.Release|ARM.ActiveCfg = Release|ARM
		{7CEA81D5-6F35-5F65-90A2-465233892495}.Release|ARM.Build.0 = Release|ARM
		{7CEA81D5-6F35-5F65-90A2-465233892495}.Release|ARM.Deploy.0 = Release|ARM
		{7CEA81D5-6F35-5F65-90A2-465233892495}.Release|x64.ActiveCfg = Release|x64
		{7CEA81D5-6F35-5F65-90A2-465233892495}.Release|x64.Build.0 = Release|x64
		{7CEA81D5-6F35-5F65-90A2-465233892495}.Release|x64.Deploy.0 = Release|x64
		{7CEA81D5-6F35-5F65-90A2-465233892495}.Release|x86.ActiveCfg = Release|Win32
		{7CEA81D5-6F35-5F65-90A2-465233892495}.Release|x86.Build.0 = Release|Win32
		{7CEA81D5-6F35-5F65-90A2-465233892495}.Release|x86.Deploy.0 = Release|Win32
		{94A0E086-D1F6-5881-9BCD-2499A51A0ADF}.Debug|ARM.ActiveCfg = Debug|ARM
		{94A0E086-D1F6-5881-9BCD-2499A51A0ADF}.Debug|ARM.Build.0 = Debug|ARM
		{94A0E086-D1F6-5881-9BCD-2499A51A0ADF}.Debug|ARM.Deploy.0 = Debug|ARM
		{94A0E086-D1F6-5881-9BCD-2499A51A0ADF}.Debug|x64.ActiveCfg = Debug|x64
		{94A0E086-D1F6-5881-9BCD-2499A51A0ADF}.Debug|x64.Build.0 = Debug|x64
		{94A0E086-D1F6-5881-9BCD-2499A51A0ADF}.Debug|x64.Deploy.0 = Debug|x64
		{94A0E086-D1F6-5881-9BCD-2499A51A0ADF}.Debug|x86.ActiveCfg = Debug|Win32
		{94A0E086-D1F6-5881-9BCD-2499A51A0ADF}.Debug|x86.Build.0 = Debug|Win32
		{94A0E086-D1F6-5881-9BCD-2499A51A0ADF}.Debug|x86.Deploy.0 = Debug|Win32
		{94A0E086-D1F6-5881-9BCD-2499A51A0ADF}.Release|ARM.ActiveCfg = Release|ARM
		{94A0E086-D1F6-5881-9BCD-2499A51A0ADF}.Release|ARM.Build.0 = Release|ARM
		{94A0E086-D1F6-5881-9BCD-2499A51A0ADF}.Release|ARM.Deploy.0 = Release|ARM
		{94A0E086-D1F6-5881-9BCD-2499A51A0ADF}.Release|x64.ActiveCfg = Release|x64
		{94A0E086-D1F6-5881-9BCD-2499A51A0ADF}.Release|x64.Build.0 = Release|x64
		{94A0E086-D1F6-5881-9BCD-2499A51A0ADF}.Release|x64.Deploy.0 = Release|x64
		{94A0E086-D1F6-5881-9BCD-2499A51A0ADF}.Release|x86.ActiveCfg = Release|Win32
		{94A0E086-D1F6-5881-9BCD-2499A51A0ADF}.Release|x86.Build.0 = Release|Win32
		{94A0E086-D1F6-5881-9BCD-2499A51A0ADF}.Release|x86.Deploy.0 = Release|Win32
	EndGlobalSection
	GlobalSection(SolutionProperties) = preSolution
		HideSolutionNode = FALSE
	EndGlobalSection
EndGlobal
