
Microsoft Visual Studio Solution File, Format Version 12.00
# Visual Studio 14
VisualStudioVersion = 14.0.22823.1
MinimumVisualStudioVersion = 10.0.40219.1
Project("{8BC9CEB8-8B4A-11D0-8D11-00A0C91BC942}") = "Calendar", "Calendar.vcxproj", "{632095B8-2309-544E-9AE4-055F74FB3C6F}"
EndProject
Global
	GlobalSection(SolutionConfigurationPlatforms) = preSolution
		Debug|ARM = Debug|ARM
		Debug|x64 = Debug|x64
		Debug|x86 = Debug|x86
		Release|ARM = Release|ARM
		Release|x64 = Release|x64
		Release|x86 = Release|x86
	EndGlobalSection
	GlobalSection(ProjectConfigurationPlatforms) = postSolution
		{632095B8-2309-544E-9AE4-055F74FB3C6F}.Debug|ARM.ActiveCfg = Debug|ARM
		{632095B8-2309-544E-9AE4-055F74FB3C6F}.Debug|ARM.Build.0 = Debug|ARM
		{632095B8-2309-544E-9AE4-055F74FB3C6F}.Debug|ARM.Deploy.0 = Debug|ARM
		{632095B8-2309-544E-9AE4-055F74FB3C6F}.Debug|x64.ActiveCfg = Debug|x64
		{632095B8-2309-544E-9AE4-055F74FB3C6F}.Debug|x64.Build.0 = Debug|x64
		{632095B8-2309-544E-9AE4-055F74FB3C6F}.Debug|x64.Deploy.0 = Debug|x64
		{632095B8-2309-544E-9AE4-055F74FB3C6F}.Debug|x86.ActiveCfg = Debug|Win32
		{632095B8-2309-544E-9AE4-055F74FB3C6F}.Debug|x86.Build.0 = Debug|Win32
		{632095B8-2309-544E-9AE4-055F74FB3C6F}.Debug|x86.Deploy.0 = Debug|Win32
		{632095B8-2309-544E-9AE4-055F74FB3C6F}.Release|ARM.ActiveCfg = Release|ARM
		{632095B8-2309-544E-9AE4-055F74FB3C6F}.Release|ARM.Build.0 = Release|ARM
		{632095B8-2309-544E-9AE4-055F74FB3C6F}.Release|ARM.Deploy.0 = Release|ARM
		{632095B8-2309-544E-9AE4-055F74FB3C6F}.Release|x64.ActiveCfg = Release|x64
		{632095B8-2309-544E-9AE4-055F74FB3C6F}.Release|x64.Build.0 = Release|x64
		{632095B8-2309-544E-9AE4-055F74FB3C6F}.Release|x64.Deploy.0 = Release|x64
		{632095B8-2309-544E-9AE4-055F74FB3C6F}.Release|x86.ActiveCfg = Release|Win32
		{632095B8-2309-544E-9AE4-055F74FB3C6F}.Release|x86.Build.0 = Release|Win32
		{632095B8-2309-544E-9AE4-055F74FB3C6F}.Release|x86.Deploy.0 = Release|Win32
	EndGlobalSection
	GlobalSection(SolutionProperties) = preSolution
		HideSolutionNode = FALSE
	EndGlobalSection
EndGlobal
