
Microsoft Visual Studio Solution File, Format Version 12.00
# Visual Studio 14
VisualStudioVersion = 14.0.22806.0
MinimumVisualStudioVersion = 10.0.40219.1
Project("{FAE04EC0-301F-11D3-BF4B-00C04F79EFBC}") = "WRLOutOfProcessWinRTComponent_client_cs", "CS\WRLOutOfProcessWinRTComponent_client_cs.csproj", "{DC30CE66-DAEE-4CCF-BD02-8837FE918B6F}"
EndProject
Project("{8BC9CEB8-8B4A-11D0-8D11-00A0C91BC942}") = "WRLOutOfProcessWinRTComponent_client_cpp", "CPP\WRLOutOfProcessWinRTComponent_client_cpp.vcxproj", "{F710B9FD-4E6B-42D7-A99A-6D48888D48B0}"
	ProjectSection(ProjectDependencies) = postProject
		{1473EFC7-293A-4B43-BA9C-7E2A0E1E23E2} = {1473EFC7-293A-4B43-BA9C-7E2A0E1E23E2}
	EndProjectSection
EndProject
Project("{8BC9CEB8-8B4A-11D0-8D11-00A0C91BC942}") = "WRLOutOfProcessWinRTComponent_server", "Server\WRLOutOfProcessWinRTComponent_server.vcxproj", "{1473EFC7-293A-4B43-BA9C-7E2A0E1E23E2}"
EndProject
Project("{8BC9CEB8-8B4A-11D0-8D11-00A0C91BC942}") = "WRLOutOfProcessWinRTComponentPS", "Server\WRLOutOfProcessWinRTComponentPS.vcxproj", "{62635C39-BF9D-4AF6-A83E-5D6C20A105E5}"
	ProjectSection(ProjectDependencies) = postProject
		{1473EFC7-293A-4B43-BA9C-7E2A0E1E23E2} = {1473EFC7-293A-4B43-BA9C-7E2A0E1E23E2}
	EndProjectSection
EndProject
Project("{262852C6-CD72-467D-83FE-5EEB1973A190}") = "WRLOutOfProcessWinRTComponent_client_js", "JS\WRLOutOfProcessWinRTComponent_client_js.jsproj", "{C2ADB9AF-EDB3-4E57-8056-9D0531D4A6B2}"
EndProject
Global
	GlobalSection(SolutionConfigurationPlatforms) = preSolution
		Debug|ARM = Debug|ARM
		Debug|x64 = Debug|x64
		Debug|x86 = Debug|x86
		Release|ARM = Release|ARM
		Release|x64 = Release|x64
		Release|x86 = Release|x86
	EndGlobalSection
	GlobalSection(ProjectConfigurationPlatforms) = postSolution
		{DC30CE66-DAEE-4CCF-BD02-8837FE918B6F}.Debug|ARM.ActiveCfg = Debug|ARM
		{DC30CE66-DAEE-4CCF-BD02-8837FE918B6F}.Debug|ARM.Build.0 = Debug|ARM
		{DC30CE66-DAEE-4CCF-BD02-8837FE918B6F}.Debug|ARM.Deploy.0 = Debug|ARM
		{DC30CE66-DAEE-4CCF-BD02-8837FE918B6F}.Debug|x64.ActiveCfg = Debug|x64
		{DC30CE66-DAEE-4CCF-BD02-8837FE918B6F}.Debug|x64.Build.0 = Debug|x64
		{DC30CE66-DAEE-4CCF-BD02-8837FE918B6F}.Debug|x64.Deploy.0 = Debug|x64
		{DC30CE66-DAEE-4CCF-BD02-8837FE918B6F}.Debug|x86.ActiveCfg = Debug|x86
		{DC30CE66-DAEE-4CCF-BD02-8837FE918B6F}.Debug|x86.Build.0 = Debug|x86
		{DC30CE66-DAEE-4CCF-BD02-8837FE918B6F}.Debug|x86.Deploy.0 = Debug|x86
		{DC30CE66-DAEE-4CCF-BD02-8837FE918B6F}.Release|ARM.ActiveCfg = Release|ARM
		{DC30CE66-DAEE-4CCF-BD02-8837FE918B6F}.Release|ARM.Build.0 = Release|ARM
		{DC30CE66-DAEE-4CCF-BD02-8837FE918B6F}.Release|ARM.Deploy.0 = Release|ARM
		{DC30CE66-DAEE-4CCF-BD02-8837FE918B6F}.Release|x64.ActiveCfg = Release|x64
		{DC30CE66-DAEE-4CCF-BD02-8837FE918B6F}.Release|x64.Build.0 = Release|x64
		{DC30CE66-DAEE-4CCF-BD02-8837FE918B6F}.Release|x64.Deploy.0 = Release|x64
		{DC30CE66-DAEE-4CCF-BD02-8837FE918B6F}.Release|x86.ActiveCfg = Release|x86
		{DC30CE66-DAEE-4CCF-BD02-8837FE918B6F}.Release|x86.Build.0 = Release|x86
		{DC30CE66-DAEE-4CCF-BD02-8837FE918B6F}.Release|x86.Deploy.0 = Release|x86
		{F710B9FD-4E6B-42D7-A99A-6D48888D48B0}.Debug|ARM.ActiveCfg = Debug|ARM
		{F710B9FD-4E6B-42D7-A99A-6D48888D48B0}.Debug|ARM.Build.0 = Debug|ARM
		{F710B9FD-4E6B-42D7-A99A-6D48888D48B0}.Debug|ARM.Deploy.0 = Debug|ARM
		{F710B9FD-4E6B-42D7-A99A-6D48888D48B0}.Debug|x64.ActiveCfg = Debug|x64
		{F710B9FD-4E6B-42D7-A99A-6D48888D48B0}.Debug|x64.Build.0 = Debug|x64
		{F710B9FD-4E6B-42D7-A99A-6D48888D48B0}.Debug|x64.Deploy.0 = Debug|x64
		{F710B9FD-4E6B-42D7-A99A-6D48888D48B0}.Debug|x86.ActiveCfg = Debug|Win32
		{F710B9FD-4E6B-42D7-A99A-6D48888D48B0}.Debug|x86.Build.0 = Debug|Win32
		{F710B9FD-4E6B-42D7-A99A-6D48888D48B0}.Debug|x86.Deploy.0 = Debug|Win32
		{F710B9FD-4E6B-42D7-A99A-6D48888D48B0}.Release|ARM.ActiveCfg = Release|ARM
		{F710B9FD-4E6B-42D7-A99A-6D48888D48B0}.Release|ARM.Build.0 = Release|ARM
		{F710B9FD-4E6B-42D7-A99A-6D48888D48B0}.Release|ARM.Deploy.0 = Release|ARM
		{F710B9FD-4E6B-42D7-A99A-6D48888D48B0}.Release|x64.ActiveCfg = Release|x64
		{F710B9FD-4E6B-42D7-A99A-6D48888D48B0}.Release|x64.Build.0 = Release|x64
		{F710B9FD-4E6B-42D7-A99A-6D48888D48B0}.Release|x64.Deploy.0 = Release|x64
		{F710B9FD-4E6B-42D7-A99A-6D48888D48B0}.Release|x86.ActiveCfg = Release|Win32
		{F710B9FD-4E6B-42D7-A99A-6D48888D48B0}.Release|x86.Build.0 = Release|Win32
		{F710B9FD-4E6B-42D7-A99A-6D48888D48B0}.Release|x86.Deploy.0 = Release|Win32
		{1473EFC7-293A-4B43-BA9C-7E2A0E1E23E2}.Debug|ARM.ActiveCfg = Debug|ARM
		{1473EFC7-293A-4B43-BA9C-7E2A0E1E23E2}.Debug|ARM.Build.0 = Debug|ARM
		{1473EFC7-293A-4B43-BA9C-7E2A0E1E23E2}.Debug|x64.ActiveCfg = Debug|x64
		{1473EFC7-293A-4B43-BA9C-7E2A0E1E23E2}.Debug|x64.Build.0 = Debug|x64
		{1473EFC7-293A-4B43-BA9C-7E2A0E1E23E2}.Debug|x86.ActiveCfg = Debug|Win32
		{1473EFC7-293A-4B43-BA9C-7E2A0E1E23E2}.Debug|x86.Build.0 = Debug|Win32
		{1473EFC7-293A-4B43-BA9C-7E2A0E1E23E2}.Release|ARM.ActiveCfg = Release|ARM
		{1473EFC7-293A-4B43-BA9C-7E2A0E1E23E2}.Release|ARM.Build.0 = Release|ARM
		{1473EFC7-293A-4B43-BA9C-7E2A0E1E23E2}.Release|x64.ActiveCfg = Release|x64
		{1473EFC7-293A-4B43-BA9C-7E2A0E1E23E2}.Release|x64.Build.0 = Release|x64
		{1473EFC7-293A-4B43-BA9C-7E2A0E1E23E2}.Release|x86.ActiveCfg = Release|Win32
		{1473EFC7-293A-4B43-BA9C-7E2A0E1E23E2}.Release|x86.Build.0 = Release|Win32
		{62635C39-BF9D-4AF6-A83E-5D6C20A105E5}.Debug|ARM.ActiveCfg = Debug|ARM
		{62635C39-BF9D-4AF6-A83E-5D6C20A105E5}.Debug|ARM.Build.0 = Debug|ARM
		{62635C39-BF9D-4AF6-A83E-5D6C20A105E5}.Debug|x64.ActiveCfg = Debug|x64
		{62635C39-BF9D-4AF6-A83E-5D6C20A105E5}.Debug|x64.Build.0 = Debug|x64
		{62635C39-BF9D-4AF6-A83E-5D6C20A105E5}.Debug|x86.ActiveCfg = Debug|Win32
		{62635C39-BF9D-4AF6-A83E-5D6C20A105E5}.Debug|x86.Build.0 = Debug|Win32
		{62635C39-BF9D-4AF6-A83E-5D6C20A105E5}.Release|ARM.ActiveCfg = Release|ARM
		{62635C39-BF9D-4AF6-A83E-5D6C20A105E5}.Release|ARM.Build.0 = Release|ARM
		{62635C39-BF9D-4AF6-A83E-5D6C20A105E5}.Release|x64.ActiveCfg = Release|x64
		{62635C39-BF9D-4AF6-A83E-5D6C20A105E5}.Release|x64.Build.0 = Release|x64
		{62635C39-BF9D-4AF6-A83E-5D6C20A105E5}.Release|x86.ActiveCfg = Release|Win32
		{62635C39-BF9D-4AF6-A83E-5D6C20A105E5}.Release|x86.Build.0 = Release|Win32
		{C2ADB9AF-EDB3-4E57-8056-9D0531D4A6B2}.Debug|ARM.ActiveCfg = Debug|ARM
		{C2ADB9AF-EDB3-4E57-8056-9D0531D4A6B2}.Debug|ARM.Build.0 = Debug|ARM
		{C2ADB9AF-EDB3-4E57-8056-9D0531D4A6B2}.Debug|ARM.Deploy.0 = Debug|ARM
		{C2ADB9AF-EDB3-4E57-8056-9D0531D4A6B2}.Debug|x64.ActiveCfg = Debug|x64
		{C2ADB9AF-EDB3-4E57-8056-9D0531D4A6B2}.Debug|x64.Build.0 = Debug|x64
		{C2ADB9AF-EDB3-4E57-8056-9D0531D4A6B2}.Debug|x64.Deploy.0 = Debug|x64
		{C2ADB9AF-EDB3-4E57-8056-9D0531D4A6B2}.Debug|x86.ActiveCfg = Debug|x86
		{C2ADB9AF-EDB3-4E57-8056-9D0531D4A6B2}.Debug|x86.Build.0 = Debug|x86
		{C2ADB9AF-EDB3-4E57-8056-9D0531D4A6B2}.Debug|x86.Deploy.0 = Debug|x86
		{C2ADB9AF-EDB3-4E57-8056-9D0531D4A6B2}.Release|ARM.ActiveCfg = Release|ARM
		{C2ADB9AF-EDB3-4E57-8056-9D0531D4A6B2}.Release|ARM.Build.0 = Release|ARM
		{C2ADB9AF-EDB3-4E57-8056-9D0531D4A6B2}.Release|ARM.Deploy.0 = Release|ARM
		{C2ADB9AF-EDB3-4E57-8056-9D0531D4A6B2}.Release|x64.ActiveCfg = Release|x64
		{C2ADB9AF-EDB3-4E57-8056-9D0531D4A6B2}.Release|x64.Build.0 = Release|x64
		{C2ADB9AF-EDB3-4E57-8056-9D0531D4A6B2}.Release|x64.Deploy.0 = Release|x64
		{C2ADB9AF-EDB3-4E57-8056-9D0531D4A6B2}.Release|x86.ActiveCfg = Release|x86
		{C2ADB9AF-EDB3-4E57-8056-9D0531D4A6B2}.Release|x86.Build.0 = Release|x86
		{C2ADB9AF-EDB3-4E57-8056-9D0531D4A6B2}.Release|x86.Deploy.0 = Release|x86
	EndGlobalSection
	GlobalSection(SolutionProperties) = preSolution
		HideSolutionNode = FALSE
	EndGlobalSection
EndGlobal
