<?xml version="1.0" encoding="utf-8"?>
<Project ToolsVersion="4.0" xmlns="http://schemas.microsoft.com/developer/msbuild/2003">
  <ItemGroup>
    <ApplicationDefinition Include="$(SharedContentDir)\xaml\App.xaml" />
  </ItemGroup>
  <ItemGroup>
    <ClCompile Include="$(SharedContentDir)\cpp\App.xaml.cpp" />
    <ClCompile Include="$(SharedContentDir)\cpp\MainPage.xaml.cpp" />
    <ClCompile Include="pch.cpp" />
    <ClCompile Include="SampleConfiguration.cpp" />
    <ClCompile Include="Scenario1_GetFeed.xaml.cpp" />
  </ItemGroup>
  <ItemGroup>
    <ClInclude Include="pch.h" />
    <ClInclude Include="$(SharedContentDir)\cpp\App.xaml.h" />
    <ClInclude Include="$(SharedContentDir)\cpp\MainPage.xaml.h" />
    <ClInclude Include="SampleConfiguration.h" />
    <ClInclude Include="Scenario1_GetFeed.xaml.h" />
  </ItemGroup>
  <ItemGroup>
    <Image Include="$(SharedContentDir)\media\microsoft-sdk.png">
      <Filter>Assets</Filter>
    </Image>
    <Image Include="$(SharedContentDir)\media\smalltile-sdk.png">
      <Filter>Assets</Filter>
    </Image>
    <Image Include="$(SharedContentDir)\media\splash-sdk.png">
      <Filter>Assets</Filter>
    </Image>
    <Image Include="$(SharedContentDir)\media\squaretile-sdk.png">
      <Filter>Assets</Filter>
    </Image>
    <Image Include="$(SharedContentDir)\media\storelogo-sdk.png">
      <Filter>Assets</Filter>
    </Image>
    <Image Include="$(SharedContentDir)\media\tile-sdk.png">
      <Filter>Assets</Filter>
    </Image>
    <Image Include="$(SharedContentDir)\media\windows-sdk.png">
      <Filter>Assets</Filter>
    </Image>
  </ItemGroup>
  <ItemGroup>
    <AppxManifest Include="Package.appxmanifest" />
  </ItemGroup>
  <ItemGroup>
    <Page Include="$(SharedContentDir)\cpp\MainPage.xaml" />
    <Page Include="Scenario1_GetFeed.xaml" />
    <Page Include="$(SharedContentDir)\xaml\Styles.xaml">
      <Filter>Styles</Filter>
    </Page>
  </ItemGroup>
  <ItemGroup>
    <Filter Include="Assets">
      <UniqueIdentifier>{e09865c5-9d5c-4016-be04-b1ef5ee0e4e5}</UniqueIdentifier>
    </Filter>
    <Filter Include="Styles">
      <UniqueIdentifier>{e13f4900-824e-45ab-9065-1c380c0195e9}</UniqueIdentifier>
    </Filter>
  </ItemGroup>
</Project>