<?xml version="1.0" encoding="utf-8"?>
<Project ToolsVersion="15.0" xmlns="http://schemas.microsoft.com/developer/msbuild/2003">
  <ItemGroup>
    <Filter Include="Common">
      <UniqueIdentifier>f85fb10e-7de8-4119-8558-bd013fd56d97</UniqueIdentifier>
    </Filter>
    <Filter Include="Assets">
      <UniqueIdentifier>74472a56-0e94-491a-8117-7515f653704f</UniqueIdentifier>
      <Extensions>bmp;fbx;gif;jpg;jpeg;tga;tiff;tif;png</Extensions>
    </Filter>
    <Filter Include="Styles">
      <UniqueIdentifier>{96476f66-e4d1-4846-ae8f-66cdf5fb82ad}</UniqueIdentifier>
    </Filter>
  </ItemGroup>
  <ItemGroup>
    <ApplicationDefinition Include="$(SharedContentDir)\xaml\App.xaml" />
  </ItemGroup>
  <ItemGroup>
    <ClCompile Include="pch.cpp" />
    <ClCompile Include="$(SharedContentDir)\cpp\App.xaml.cpp" />
    <ClCompile Include="$(SharedContentDir)\cpp\MainPage.xaml.cpp" />
    <ClCompile Include="SampleConfiguration.cpp" />
    <ClCompile Include="Scenario1_Configuration.xaml.cpp" />
  </ItemGroup>
  <ItemGroup>
    <ClInclude Include="pch.h" />
    <ClInclude Include="$(SharedContentDir)\cpp\App.xaml.h" />
    <ClInclude Include="$(SharedContentDir)\cpp\MainPage.xaml.h" />
    <ClInclude Include="$(SharedContentDir)\cpp\DeviceHelpers.h" />
    <ClInclude Include="SampleConfiguration.h" />
    <ClInclude Include="Scenario1_Configuration.xaml.h" />
  </ItemGroup>
  <ItemGroup>
    <Image Include="$(SharedContentDir)\media\microsoft-sdk.png">
      <Filter>Assets</Filter>
    </Image>
    <Image Include="$(SharedContentDir)\media\smalltile-sdk.png">
      <Filter>Assets</Filter>
    </Image>
    <Image Include="$(SharedContentDir)\media\splash-sdk.png">
      <Filter>Assets</Filter>
    </Image>
    <Image Include="$(SharedContentDir)\media\squaretile-sdk.png">
      <Filter>Assets</Filter>
    </Image>
    <Image Include="$(SharedContentDir)\media\storelogo-sdk.png">
      <Filter>Assets</Filter>
    </Image>
    <Image Include="$(SharedContentDir)\media\tile-sdk.png">
      <Filter>Assets</Filter>
    </Image>
    <Image Include="$(SharedContentDir)\media\windows-sdk.png">
      <Filter>Assets</Filter>
    </Image>
  </ItemGroup>
  <ItemGroup>
    <AppxManifest Include="Package.appxmanifest" />
  </ItemGroup>
  <ItemGroup>
    <Page Include="$(SharedContentDir)\cpp\MainPage.xaml" />
    <Page Include="..\..\shared\Scenario1_Configuration.xaml" />
    <Page Include="$(SharedContentDir)\xaml\Styles.xaml">
      <Filter>Styles</Filter>
    </Page>
  </ItemGroup>
  <ItemGroup>
    <PRIResource Include="..\..\shared\Strings\en-US\Resources.resw" />
  </ItemGroup>
</Project>