
Microsoft Visual Studio Solution File, Format Version 12.00
# Visual Studio 14
VisualStudioVersion = 14.0.22823.1
MinimumVisualStudioVersion = 10.0.40219.1
Project("{FAE04EC0-301F-11D3-BF4B-00C04F79EFBC}") = "bluetoothadvertisement", "bluetoothadvertisement.csproj", "{A46D8A51-DB3F-5A88-8411-BE5BA48C59D8}"
EndProject
Project("{FAE04EC0-301F-11D3-BF4B-00C04F79EFBC}") = "tasks", "tasks\tasks.csproj", "{22B36568-70E6-5A7E-BBF5-B9EBD3A15D8D}"
EndProject
Global
	GlobalSection(SolutionConfigurationPlatforms) = preSolution
		Debug|ARM = Debug|ARM
		Debug|x64 = Debug|x64
		Debug|x86 = Debug|x86
		Release|ARM = Release|ARM
		Release|x64 = Release|x64
		Release|x86 = Release|x86
	EndGlobalSection
	GlobalSection(ProjectConfigurationPlatforms) = postSolution
		{A46D8A51-DB3F-5A88-8411-BE5BA48C59D8}.Debug|ARM.ActiveCfg = Debug|ARM
		{A46D8A51-DB3F-5A88-8411-BE5BA48C59D8}.Debug|ARM.Build.0 = Debug|ARM
		{A46D8A51-DB3F-5A88-8411-BE5BA48C59D8}.Debug|ARM.Deploy.0 = Debug|ARM
		{A46D8A51-DB3F-5A88-8411-BE5BA48C59D8}.Debug|x64.ActiveCfg = Debug|x64
		{A46D8A51-DB3F-5A88-8411-BE5BA48C59D8}.Debug|x64.Build.0 = Debug|x64
		{A46D8A51-DB3F-5A88-8411-BE5BA48C59D8}.Debug|x64.Deploy.0 = Debug|x64
		{A46D8A51-DB3F-5A88-8411-BE5BA48C59D8}.Debug|x86.ActiveCfg = Debug|x86
		{A46D8A51-DB3F-5A88-8411-BE5BA48C59D8}.Debug|x86.Build.0 = Debug|x86
		{A46D8A51-DB3F-5A88-8411-BE5BA48C59D8}.Debug|x86.Deploy.0 = Debug|x86
		{A46D8A51-DB3F-5A88-8411-BE5BA48C59D8}.Release|ARM.ActiveCfg = Release|ARM
		{A46D8A51-DB3F-5A88-8411-BE5BA48C59D8}.Release|ARM.Build.0 = Release|ARM
		{A46D8A51-DB3F-5A88-8411-BE5BA48C59D8}.Release|ARM.Deploy.0 = Release|ARM
		{A46D8A51-DB3F-5A88-8411-BE5BA48C59D8}.Release|x64.ActiveCfg = Release|x64
		{A46D8A51-DB3F-5A88-8411-BE5BA48C59D8}.Release|x64.Build.0 = Release|x64
		{A46D8A51-DB3F-5A88-8411-BE5BA48C59D8}.Release|x64.Deploy.0 = Release|x64
		{A46D8A51-DB3F-5A88-8411-BE5BA48C59D8}.Release|x86.ActiveCfg = Release|x86
		{A46D8A51-DB3F-5A88-8411-BE5BA48C59D8}.Release|x86.Build.0 = Release|x86
		{A46D8A51-DB3F-5A88-8411-BE5BA48C59D8}.Release|x86.Deploy.0 = Release|x86
		{22B36568-70E6-5A7E-BBF5-B9EBD3A15D8D}.Debug|ARM.ActiveCfg = Debug|ARM
		{22B36568-70E6-5A7E-BBF5-B9EBD3A15D8D}.Debug|ARM.Build.0 = Debug|ARM
		{22B36568-70E6-5A7E-BBF5-B9EBD3A15D8D}.Debug|x64.ActiveCfg = Debug|x64
		{22B36568-70E6-5A7E-BBF5-B9EBD3A15D8D}.Debug|x64.Build.0 = Debug|x64
		{22B36568-70E6-5A7E-BBF5-B9EBD3A15D8D}.Debug|x86.ActiveCfg = Debug|x86
		{22B36568-70E6-5A7E-BBF5-B9EBD3A15D8D}.Debug|x86.Build.0 = Debug|x86
		{22B36568-70E6-5A7E-BBF5-B9EBD3A15D8D}.Release|ARM.ActiveCfg = Release|ARM
		{22B36568-70E6-5A7E-BBF5-B9EBD3A15D8D}.Release|ARM.Build.0 = Release|ARM
		{22B36568-70E6-5A7E-BBF5-B9EBD3A15D8D}.Release|x64.ActiveCfg = Release|x64
		{22B36568-70E6-5A7E-BBF5-B9EBD3A15D8D}.Release|x64.Build.0 = Release|x64
		{22B36568-70E6-5A7E-BBF5-B9EBD3A15D8D}.Release|x86.ActiveCfg = Release|x86
		{22B36568-70E6-5A7E-BBF5-B9EBD3A15D8D}.Release|x86.Build.0 = Release|x86
	EndGlobalSection
	GlobalSection(SolutionProperties) = preSolution
		HideSolutionNode = FALSE
	EndGlobalSection
EndGlobal
