
Microsoft Visual Studio Solution File, Format Version 12.00
# Visual Studio 14
VisualStudioVersion = 14.0.22609.0
MinimumVisualStudioVersion = 10.0.40219.1
Project("{8BC9CEB8-8B4A-11D0-8D11-00A0C91BC942}") = "WebAuthenticationBroker", "WebAuthenticationBroker.vcxproj", "{CB123A6B-54DD-565E-9C56-89CA5E2E5566}"
EndProject
Global
	GlobalSection(SolutionConfigurationPlatforms) = preSolution
		Debug|ARM = Debug|ARM
		Debug|x64 = Debug|x64
		Debug|x86 = Debug|x86
		Release|ARM = Release|ARM
		Release|x64 = Release|x64
		Release|x86 = Release|x86
	EndGlobalSection
	GlobalSection(ProjectConfigurationPlatforms) = postSolution
		{CB123A6B-54DD-565E-9C56-89CA5E2E5566}.Debug|ARM.ActiveCfg = Debug|ARM
		{CB123A6B-54DD-565E-9C56-89CA5E2E5566}.Debug|ARM.Build.0 = Debug|ARM
		{CB123A6B-54DD-565E-9C56-89CA5E2E5566}.Debug|ARM.Deploy.0 = Debug|ARM
		{CB123A6B-54DD-565E-9C56-89CA5E2E5566}.Debug|x64.ActiveCfg = Debug|x64
		{CB123A6B-54DD-565E-9C56-89CA5E2E5566}.Debug|x64.Build.0 = Debug|x64
		{CB123A6B-54DD-565E-9C56-89CA5E2E5566}.Debug|x64.Deploy.0 = Debug|x64
		{CB123A6B-54DD-565E-9C56-89CA5E2E5566}.Debug|x86.ActiveCfg = Debug|Win32
		{CB123A6B-54DD-565E-9C56-89CA5E2E5566}.Debug|x86.Build.0 = Debug|Win32
		{CB123A6B-54DD-565E-9C56-89CA5E2E5566}.Debug|x86.Deploy.0 = Debug|Win32
		{CB123A6B-54DD-565E-9C56-89CA5E2E5566}.Release|ARM.ActiveCfg = Release|ARM
		{CB123A6B-54DD-565E-9C56-89CA5E2E5566}.Release|ARM.Build.0 = Release|ARM
		{CB123A6B-54DD-565E-9C56-89CA5E2E5566}.Release|ARM.Deploy.0 = Release|ARM
		{CB123A6B-54DD-565E-9C56-89CA5E2E5566}.Release|x64.ActiveCfg = Release|x64
		{CB123A6B-54DD-565E-9C56-89CA5E2E5566}.Release|x64.Build.0 = Release|x64
		{CB123A6B-54DD-565E-9C56-89CA5E2E5566}.Release|x64.Deploy.0 = Release|x64
		{CB123A6B-54DD-565E-9C56-89CA5E2E5566}.Release|x86.ActiveCfg = Release|Win32
		{CB123A6B-54DD-565E-9C56-89CA5E2E5566}.Release|x86.Build.0 = Release|Win32
		{CB123A6B-54DD-565E-9C56-89CA5E2E5566}.Release|x86.Deploy.0 = Release|Win32
	EndGlobalSection
	GlobalSection(SolutionProperties) = preSolution
		HideSolutionNode = FALSE
	EndGlobalSection
EndGlobal
