
Microsoft Visual Studio Solution File, Format Version 12.00
# Visual Studio 14
VisualStudioVersion = 14.0.22823.1
MinimumVisualStudioVersion = 10.0.40219.1
Project("{FAE04EC0-301F-11D3-BF4B-00C04F79EFBC}") = "AllJoynConsumerExperiences", "AllJoynConsumerExperiences.csproj", "{09BDB672-E357-5B03-9304-F743E88A45E6}"
EndProject
Project("{8BC9CEB8-8B4A-11D0-8D11-00A0C91BC942}") = "Scenario1WinRTComponent", "..\..\Common\Scenario1WinRTComponent\Scenario1WinRTComponent.vcxproj", "{14D65B08-AFD9-5842-B698-EFDCBCBED66F}"
EndProject
Project("{8BC9CEB8-8B4A-11D0-8D11-00A0C91BC942}") = "Scenario2WinRTComponent", "..\..\Common\Scenario2WinRTComponent\Scenario2WinRTComponent.vcxproj", "{E83242A4-B0B4-52C4-A121-D3F0CBAD83EF}"
EndProject
Global
	GlobalSection(SolutionConfigurationPlatforms) = preSolution
		Debug|ARM = Debug|ARM
		Debug|x64 = Debug|x64
		Debug|x86 = Debug|x86
		Release|ARM = Release|ARM
		Release|x64 = Release|x64
		Release|x86 = Release|x86
	EndGlobalSection
	GlobalSection(ProjectConfigurationPlatforms) = postSolution
		{09BDB672-E357-5B03-9304-F743E88A45E6}.Debug|ARM.ActiveCfg = Debug|ARM
		{09BDB672-E357-5B03-9304-F743E88A45E6}.Debug|ARM.Build.0 = Debug|ARM
		{09BDB672-E357-5B03-9304-F743E88A45E6}.Debug|ARM.Deploy.0 = Debug|ARM
		{09BDB672-E357-5B03-9304-F743E88A45E6}.Debug|x64.ActiveCfg = Debug|x64
		{09BDB672-E357-5B03-9304-F743E88A45E6}.Debug|x64.Build.0 = Debug|x64
		{09BDB672-E357-5B03-9304-F743E88A45E6}.Debug|x64.Deploy.0 = Debug|x64
		{09BDB672-E357-5B03-9304-F743E88A45E6}.Debug|x86.ActiveCfg = Debug|x86
		{09BDB672-E357-5B03-9304-F743E88A45E6}.Debug|x86.Build.0 = Debug|x86
		{09BDB672-E357-5B03-9304-F743E88A45E6}.Debug|x86.Deploy.0 = Debug|x86
		{09BDB672-E357-5B03-9304-F743E88A45E6}.Release|ARM.ActiveCfg = Release|ARM
		{09BDB672-E357-5B03-9304-F743E88A45E6}.Release|ARM.Build.0 = Release|ARM
		{09BDB672-E357-5B03-9304-F743E88A45E6}.Release|ARM.Deploy.0 = Release|ARM
		{09BDB672-E357-5B03-9304-F743E88A45E6}.Release|x64.ActiveCfg = Release|x64
		{09BDB672-E357-5B03-9304-F743E88A45E6}.Release|x64.Build.0 = Release|x64
		{09BDB672-E357-5B03-9304-F743E88A45E6}.Release|x64.Deploy.0 = Release|x64
		{09BDB672-E357-5B03-9304-F743E88A45E6}.Release|x86.ActiveCfg = Release|x86
		{09BDB672-E357-5B03-9304-F743E88A45E6}.Release|x86.Build.0 = Release|x86
		{09BDB672-E357-5B03-9304-F743E88A45E6}.Release|x86.Deploy.0 = Release|x86
		{14D65B08-AFD9-5842-B698-EFDCBCBED66F}.Debug|ARM.ActiveCfg = Debug|ARM
		{14D65B08-AFD9-5842-B698-EFDCBCBED66F}.Debug|ARM.Build.0 = Debug|ARM
		{14D65B08-AFD9-5842-B698-EFDCBCBED66F}.Debug|x64.ActiveCfg = Debug|x64
		{14D65B08-AFD9-5842-B698-EFDCBCBED66F}.Debug|x64.Build.0 = Debug|x64
		{14D65B08-AFD9-5842-B698-EFDCBCBED66F}.Debug|x86.ActiveCfg = Debug|Win32
		{14D65B08-AFD9-5842-B698-EFDCBCBED66F}.Debug|x86.Build.0 = Debug|Win32
		{14D65B08-AFD9-5842-B698-EFDCBCBED66F}.Release|ARM.ActiveCfg = Release|ARM
		{14D65B08-AFD9-5842-B698-EFDCBCBED66F}.Release|ARM.Build.0 = Release|ARM
		{14D65B08-AFD9-5842-B698-EFDCBCBED66F}.Release|x64.ActiveCfg = Release|x64
		{14D65B08-AFD9-5842-B698-EFDCBCBED66F}.Release|x64.Build.0 = Release|x64
		{14D65B08-AFD9-5842-B698-EFDCBCBED66F}.Release|x86.ActiveCfg = Release|Win32
		{14D65B08-AFD9-5842-B698-EFDCBCBED66F}.Release|x86.Build.0 = Release|Win32
		{E83242A4-B0B4-52C4-A121-D3F0CBAD83EF}.Debug|ARM.ActiveCfg = Debug|ARM
		{E83242A4-B0B4-52C4-A121-D3F0CBAD83EF}.Debug|ARM.Build.0 = Debug|ARM
		{E83242A4-B0B4-52C4-A121-D3F0CBAD83EF}.Debug|x64.ActiveCfg = Debug|x64
		{E83242A4-B0B4-52C4-A121-D3F0CBAD83EF}.Debug|x64.Build.0 = Debug|x64
		{E83242A4-B0B4-52C4-A121-D3F0CBAD83EF}.Debug|x86.ActiveCfg = Debug|Win32
		{E83242A4-B0B4-52C4-A121-D3F0CBAD83EF}.Debug|x86.Build.0 = Debug|Win32
		{E83242A4-B0B4-52C4-A121-D3F0CBAD83EF}.Release|ARM.ActiveCfg = Release|ARM
		{E83242A4-B0B4-52C4-A121-D3F0CBAD83EF}.Release|ARM.Build.0 = Release|ARM
		{E83242A4-B0B4-52C4-A121-D3F0CBAD83EF}.Release|x64.ActiveCfg = Release|x64
		{E83242A4-B0B4-52C4-A121-D3F0CBAD83EF}.Release|x64.Build.0 = Release|x64
		{E83242A4-B0B4-52C4-A121-D3F0CBAD83EF}.Release|x86.ActiveCfg = Release|Win32
		{E83242A4-B0B4-52C4-A121-D3F0CBAD83EF}.Release|x86.Build.0 = Release|Win32
	EndGlobalSection
	GlobalSection(SolutionProperties) = preSolution
		HideSolutionNode = FALSE
	EndGlobalSection
EndGlobal
