
Microsoft Visual Studio Solution File, Format Version 12.00
# Visual Studio 14
VisualStudioVersion = 14.0.22609.0
MinimumVisualStudioVersion = 10.0.40219.1
Project("{8BC9CEB8-8B4A-11D0-8D11-00A0C91BC942}") = "BackgroundTask", "BackgroundTask\BackgroundTask.vcxproj", "{7D2DCFA6-39E0-5A7E-A553-9F95442AFD93}"
	ProjectSection(ProjectDependencies) = postProject
		{E2273744-4578-51A0-AFF7-23553078687E} = {E2273744-4578-51A0-AFF7-23553078687E}
	EndProjectSection
EndProject
Project("{8BC9CEB8-8B4A-11D0-8D11-00A0C91BC942}") = "Tasks", "Tasks\Tasks.vcxproj", "{E2273744-4578-51A0-AFF7-23553078687E}"
EndProject
Global
	GlobalSection(SolutionConfigurationPlatforms) = preSolution
		Debug|ARM = Debug|ARM
		Debug|x64 = Debug|x64
		Debug|x86 = Debug|x86
		Release|ARM = Release|ARM
		Release|x64 = Release|x64
		Release|x86 = Release|x86
	EndGlobalSection
	GlobalSection(ProjectConfigurationPlatforms) = postSolution
		{7D2DCFA6-39E0-5A7E-A553-9F95442AFD93}.Debug|ARM.ActiveCfg = Debug|ARM
		{7D2DCFA6-39E0-5A7E-A553-9F95442AFD93}.Debug|ARM.Build.0 = Debug|ARM
		{7D2DCFA6-39E0-5A7E-A553-9F95442AFD93}.Debug|ARM.Deploy.0 = Debug|ARM
		{7D2DCFA6-39E0-5A7E-A553-9F95442AFD93}.Debug|x64.ActiveCfg = Debug|x64
		{7D2DCFA6-39E0-5A7E-A553-9F95442AFD93}.Debug|x64.Build.0 = Debug|x64
		{7D2DCFA6-39E0-5A7E-A553-9F95442AFD93}.Debug|x64.Deploy.0 = Debug|x64
		{7D2DCFA6-39E0-5A7E-A553-9F95442AFD93}.Debug|x86.ActiveCfg = Debug|Win32
		{7D2DCFA6-39E0-5A7E-A553-9F95442AFD93}.Debug|x86.Build.0 = Debug|Win32
		{7D2DCFA6-39E0-5A7E-A553-9F95442AFD93}.Debug|x86.Deploy.0 = Debug|Win32
		{7D2DCFA6-39E0-5A7E-A553-9F95442AFD93}.Release|ARM.ActiveCfg = Release|ARM
		{7D2DCFA6-39E0-5A7E-A553-9F95442AFD93}.Release|ARM.Build.0 = Release|ARM
		{7D2DCFA6-39E0-5A7E-A553-9F95442AFD93}.Release|ARM.Deploy.0 = Release|ARM
		{7D2DCFA6-39E0-5A7E-A553-9F95442AFD93}.Release|x64.ActiveCfg = Release|x64
		{7D2DCFA6-39E0-5A7E-A553-9F95442AFD93}.Release|x64.Build.0 = Release|x64
		{7D2DCFA6-39E0-5A7E-A553-9F95442AFD93}.Release|x64.Deploy.0 = Release|x64
		{7D2DCFA6-39E0-5A7E-A553-9F95442AFD93}.Release|x86.ActiveCfg = Release|Win32
		{7D2DCFA6-39E0-5A7E-A553-9F95442AFD93}.Release|x86.Build.0 = Release|Win32
		{7D2DCFA6-39E0-5A7E-A553-9F95442AFD93}.Release|x86.Deploy.0 = Release|Win32
		{E2273744-4578-51A0-AFF7-23553078687E}.Debug|ARM.ActiveCfg = Debug|ARM
		{E2273744-4578-51A0-AFF7-23553078687E}.Debug|ARM.Build.0 = Debug|ARM
		{E2273744-4578-51A0-AFF7-23553078687E}.Debug|x64.ActiveCfg = Debug|x64
		{E2273744-4578-51A0-AFF7-23553078687E}.Debug|x64.Build.0 = Debug|x64
		{E2273744-4578-51A0-AFF7-23553078687E}.Debug|x86.ActiveCfg = Debug|Win32
		{E2273744-4578-51A0-AFF7-23553078687E}.Debug|x86.Build.0 = Debug|Win32
		{E2273744-4578-51A0-AFF7-23553078687E}.Release|ARM.ActiveCfg = Release|ARM
		{E2273744-4578-51A0-AFF7-23553078687E}.Release|ARM.Build.0 = Release|ARM
		{E2273744-4578-51A0-AFF7-23553078687E}.Release|x64.ActiveCfg = Release|x64
		{E2273744-4578-51A0-AFF7-23553078687E}.Release|x64.Build.0 = Release|x64
		{E2273744-4578-51A0-AFF7-23553078687E}.Release|x86.ActiveCfg = Release|Win32
		{E2273744-4578-51A0-AFF7-23553078687E}.Release|x86.Build.0 = Release|Win32
	EndGlobalSection
	GlobalSection(SolutionProperties) = preSolution
		HideSolutionNode = FALSE
	EndGlobalSection
EndGlobal
