
Microsoft Visual Studio Solution File, Format Version 12.00
# Visual Studio 15
VisualStudioVersion = 15.0.26228.4
MinimumVisualStudioVersion = 10.0.40219.1
Project("{FAE04EC0-301F-11D3-BF4B-00C04F79EFBC}") = "BackgroundSensors", "BackgroundSensors.csproj", "{DB6F37A0-C563-55DB-B8BC-36D8042367EB}"
EndProject
Project("{FAE04EC0-301F-11D3-BF4B-00C04F79EFBC}") = "BackgroundTask", "BackgroundTask\BackgroundTask.csproj", "{77B9EBB2-362D-510B-BD16-1F435A2781DD}"
EndProject
Global
	GlobalSection(SolutionConfigurationPlatforms) = preSolution
		Debug|ARM = Debug|ARM
		Debug|x64 = Debug|x64
		Debug|x86 = Debug|x86
		Release|ARM = Release|ARM
		Release|x64 = Release|x64
		Release|x86 = Release|x86
	EndGlobalSection
	GlobalSection(ProjectConfigurationPlatforms) = postSolution
		{DB6F37A0-C563-55DB-B8BC-36D8042367EB}.Debug|ARM.ActiveCfg = Debug|ARM
		{DB6F37A0-C563-55DB-B8BC-36D8042367EB}.Debug|ARM.Build.0 = Debug|ARM
		{DB6F37A0-C563-55DB-B8BC-36D8042367EB}.Debug|ARM.Deploy.0 = Debug|ARM
		{DB6F37A0-C563-55DB-B8BC-36D8042367EB}.Debug|x64.ActiveCfg = Debug|x64
		{DB6F37A0-C563-55DB-B8BC-36D8042367EB}.Debug|x64.Build.0 = Debug|x64
		{DB6F37A0-C563-55DB-B8BC-36D8042367EB}.Debug|x64.Deploy.0 = Debug|x64
		{DB6F37A0-C563-55DB-B8BC-36D8042367EB}.Debug|x86.ActiveCfg = Debug|x86
		{DB6F37A0-C563-55DB-B8BC-36D8042367EB}.Debug|x86.Build.0 = Debug|x86
		{DB6F37A0-C563-55DB-B8BC-36D8042367EB}.Debug|x86.Deploy.0 = Debug|x86
		{DB6F37A0-C563-55DB-B8BC-36D8042367EB}.Release|ARM.ActiveCfg = Release|ARM
		{DB6F37A0-C563-55DB-B8BC-36D8042367EB}.Release|ARM.Build.0 = Release|ARM
		{DB6F37A0-C563-55DB-B8BC-36D8042367EB}.Release|ARM.Deploy.0 = Release|ARM
		{DB6F37A0-C563-55DB-B8BC-36D8042367EB}.Release|x64.ActiveCfg = Release|x64
		{DB6F37A0-C563-55DB-B8BC-36D8042367EB}.Release|x64.Build.0 = Release|x64
		{DB6F37A0-C563-55DB-B8BC-36D8042367EB}.Release|x64.Deploy.0 = Release|x64
		{DB6F37A0-C563-55DB-B8BC-36D8042367EB}.Release|x86.ActiveCfg = Release|x86
		{DB6F37A0-C563-55DB-B8BC-36D8042367EB}.Release|x86.Build.0 = Release|x86
		{DB6F37A0-C563-55DB-B8BC-36D8042367EB}.Release|x86.Deploy.0 = Release|x86
		{77B9EBB2-362D-510B-BD16-1F435A2781DD}.Debug|ARM.ActiveCfg = Debug|ARM
		{77B9EBB2-362D-510B-BD16-1F435A2781DD}.Debug|ARM.Build.0 = Debug|ARM
		{77B9EBB2-362D-510B-BD16-1F435A2781DD}.Debug|x64.ActiveCfg = Debug|x64
		{77B9EBB2-362D-510B-BD16-1F435A2781DD}.Debug|x64.Build.0 = Debug|x64
		{77B9EBB2-362D-510B-BD16-1F435A2781DD}.Debug|x86.ActiveCfg = Debug|x86
		{77B9EBB2-362D-510B-BD16-1F435A2781DD}.Debug|x86.Build.0 = Debug|x86
		{77B9EBB2-362D-510B-BD16-1F435A2781DD}.Release|ARM.ActiveCfg = Release|ARM
		{77B9EBB2-362D-510B-BD16-1F435A2781DD}.Release|ARM.Build.0 = Release|ARM
		{77B9EBB2-362D-510B-BD16-1F435A2781DD}.Release|x64.ActiveCfg = Release|x64
		{77B9EBB2-362D-510B-BD16-1F435A2781DD}.Release|x64.Build.0 = Release|x64
		{77B9EBB2-362D-510B-BD16-1F435A2781DD}.Release|x86.ActiveCfg = Release|x86
		{77B9EBB2-362D-510B-BD16-1F435A2781DD}.Release|x86.Build.0 = Release|x86
	EndGlobalSection
	GlobalSection(SolutionProperties) = preSolution
		HideSolutionNode = FALSE
	EndGlobalSection
EndGlobal
