
Microsoft Visual Studio Solution File, Format Version 12.00
# Visual Studio 14
VisualStudioVersion = 14.0.22820.0
MinimumVisualStudioVersion = 10.0.40219.1
Project("{FAE04EC0-301F-11D3-BF4B-00C04F79EFBC}") = "BackgroundSensors", "BackgroundSensors.csproj", "{CEBBAB9B-A35E-56E2-8836-15686211A70F}"
EndProject
Project("{FAE04EC0-301F-11D3-BF4B-00C04F79EFBC}") = "BackgroundTask", "BackgroundTask\BackgroundTask.csproj", "{9B9733DE-86C6-592B-866B-DF5128E6618E}"
EndProject
Global
	GlobalSection(SolutionConfigurationPlatforms) = preSolution
		Debug|ARM = Debug|ARM
		Debug|x64 = Debug|x64
		Debug|x86 = Debug|x86
		Release|ARM = Release|ARM
		Release|x64 = Release|x64
		Release|x86 = Release|x86
	EndGlobalSection
	GlobalSection(ProjectConfigurationPlatforms) = postSolution
		{CEBBAB9B-A35E-56E2-8836-15686211A70F}.Debug|ARM.ActiveCfg = Debug|ARM
		{CEBBAB9B-A35E-56E2-8836-15686211A70F}.Debug|ARM.Build.0 = Debug|ARM
		{CEBBAB9B-A35E-56E2-8836-15686211A70F}.Debug|ARM.Deploy.0 = Debug|ARM
		{CEBBAB9B-A35E-56E2-8836-15686211A70F}.Debug|x64.ActiveCfg = Debug|x64
		{CEBBAB9B-A35E-56E2-8836-15686211A70F}.Debug|x64.Build.0 = Debug|x64
		{CEBBAB9B-A35E-56E2-8836-15686211A70F}.Debug|x64.Deploy.0 = Debug|x64
		{CEBBAB9B-A35E-56E2-8836-15686211A70F}.Debug|x86.ActiveCfg = Debug|x86
		{CEBBAB9B-A35E-56E2-8836-15686211A70F}.Debug|x86.Build.0 = Debug|x86
		{CEBBAB9B-A35E-56E2-8836-15686211A70F}.Debug|x86.Deploy.0 = Debug|x86
		{CEBBAB9B-A35E-56E2-8836-15686211A70F}.Release|ARM.ActiveCfg = Release|ARM
		{CEBBAB9B-A35E-56E2-8836-15686211A70F}.Release|ARM.Build.0 = Release|ARM
		{CEBBAB9B-A35E-56E2-8836-15686211A70F}.Release|ARM.Deploy.0 = Release|ARM
		{CEBBAB9B-A35E-56E2-8836-15686211A70F}.Release|x64.ActiveCfg = Release|x64
		{CEBBAB9B-A35E-56E2-8836-15686211A70F}.Release|x64.Build.0 = Release|x64
		{CEBBAB9B-A35E-56E2-8836-15686211A70F}.Release|x64.Deploy.0 = Release|x64
		{CEBBAB9B-A35E-56E2-8836-15686211A70F}.Release|x86.ActiveCfg = Release|x86
		{CEBBAB9B-A35E-56E2-8836-15686211A70F}.Release|x86.Build.0 = Release|x86
		{CEBBAB9B-A35E-56E2-8836-15686211A70F}.Release|x86.Deploy.0 = Release|x86
		{9B9733DE-86C6-592B-866B-DF5128E6618E}.Debug|ARM.ActiveCfg = Debug|ARM
		{9B9733DE-86C6-592B-866B-DF5128E6618E}.Debug|ARM.Build.0 = Debug|ARM
		{9B9733DE-86C6-592B-866B-DF5128E6618E}.Debug|x64.ActiveCfg = Debug|x64
		{9B9733DE-86C6-592B-866B-DF5128E6618E}.Debug|x64.Build.0 = Debug|x64
		{9B9733DE-86C6-592B-866B-DF5128E6618E}.Debug|x86.ActiveCfg = Debug|x86
		{9B9733DE-86C6-592B-866B-DF5128E6618E}.Debug|x86.Build.0 = Debug|x86
		{9B9733DE-86C6-592B-866B-DF5128E6618E}.Release|ARM.ActiveCfg = Release|ARM
		{9B9733DE-86C6-592B-866B-DF5128E6618E}.Release|ARM.Build.0 = Release|ARM
		{9B9733DE-86C6-592B-866B-DF5128E6618E}.Release|x64.ActiveCfg = Release|x64
		{9B9733DE-86C6-592B-866B-DF5128E6618E}.Release|x64.Build.0 = Release|x64
		{9B9733DE-86C6-592B-866B-DF5128E6618E}.Release|x86.ActiveCfg = Release|x86
		{9B9733DE-86C6-592B-866B-DF5128E6618E}.Release|x86.Build.0 = Release|x86
	EndGlobalSection
	GlobalSection(SolutionProperties) = preSolution
		HideSolutionNode = FALSE
	EndGlobalSection
EndGlobal
