
Microsoft Visual Studio Solution File, Format Version 12.00
# Visual Studio 15
VisualStudioVersion = 15.0.26228.4
MinimumVisualStudioVersion = 10.0.40219.1
Project("{8BC9CEB8-8B4A-11D0-8D11-00A0C91BC942}") = "Unicode", "Unicode.vcxproj", "{A207EF02-FCFC-53A7-8EC5-434C4DF7B7DA}"
EndProject
Global
	GlobalSection(SolutionConfigurationPlatforms) = preSolution
		Debug|ARM = Debug|ARM
		Debug|x64 = Debug|x64
		Debug|x86 = Debug|x86
		Release|ARM = Release|ARM
		Release|x64 = Release|x64
		Release|x86 = Release|x86
	EndGlobalSection
	GlobalSection(ProjectConfigurationPlatforms) = postSolution
		{A207EF02-FCFC-53A7-8EC5-434C4DF7B7DA}.Debug|ARM.ActiveCfg = Debug|ARM
		{A207EF02-FCFC-53A7-8EC5-434C4DF7B7DA}.Debug|ARM.Build.0 = Debug|ARM
		{A207EF02-FCFC-53A7-8EC5-434C4DF7B7DA}.Debug|ARM.Deploy.0 = Debug|ARM
		{A207EF02-FCFC-53A7-8EC5-434C4DF7B7DA}.Debug|x64.ActiveCfg = Debug|x64
		{A207EF02-FCFC-53A7-8EC5-434C4DF7B7DA}.Debug|x64.Build.0 = Debug|x64
		{A207EF02-FCFC-53A7-8EC5-434C4DF7B7DA}.Debug|x64.Deploy.0 = Debug|x64
		{A207EF02-FCFC-53A7-8EC5-434C4DF7B7DA}.Debug|x86.ActiveCfg = Debug|Win32
		{A207EF02-FCFC-53A7-8EC5-434C4DF7B7DA}.Debug|x86.Build.0 = Debug|Win32
		{A207EF02-FCFC-53A7-8EC5-434C4DF7B7DA}.Debug|x86.Deploy.0 = Debug|Win32
		{A207EF02-FCFC-53A7-8EC5-434C4DF7B7DA}.Release|ARM.ActiveCfg = Release|ARM
		{A207EF02-FCFC-53A7-8EC5-434C4DF7B7DA}.Release|ARM.Build.0 = Release|ARM
		{A207EF02-FCFC-53A7-8EC5-434C4DF7B7DA}.Release|ARM.Deploy.0 = Release|ARM
		{A207EF02-FCFC-53A7-8EC5-434C4DF7B7DA}.Release|x64.ActiveCfg = Release|x64
		{A207EF02-FCFC-53A7-8EC5-434C4DF7B7DA}.Release|x64.Build.0 = Release|x64
		{A207EF02-FCFC-53A7-8EC5-434C4DF7B7DA}.Release|x64.Deploy.0 = Release|x64
		{A207EF02-FCFC-53A7-8EC5-434C4DF7B7DA}.Release|x86.ActiveCfg = Release|Win32
		{A207EF02-FCFC-53A7-8EC5-434C4DF7B7DA}.Release|x86.Build.0 = Release|Win32
		{A207EF02-FCFC-53A7-8EC5-434C4DF7B7DA}.Release|x86.Deploy.0 = Release|Win32
	EndGlobalSection
	GlobalSection(SolutionProperties) = preSolution
		HideSolutionNode = FALSE
	EndGlobalSection
EndGlobal
