
Microsoft Visual Studio Solution File, Format Version 12.00
# Visual Studio 14
VisualStudioVersion = 14.0.22806.0
MinimumVisualStudioVersion = 10.0.40219.1
Project("{FAE04EC0-301F-11D3-BF4B-00C04F79EFBC}") = "WRLOutOfProcessWinRTComponent_client_cs", "CS\WRLOutOfProcessWinRTComponent_client_cs.csproj", "{DE1D21F5-90C3-5CDA-867C-C95975367A44}"
EndProject
Project("{8BC9CEB8-8B4A-11D0-8D11-00A0C91BC942}") = "WRLOutOfProcessWinRTComponent_client_cpp", "CPP\WRLOutOfProcessWinRTComponent_client_cpp.vcxproj", "{9B3919B8-6E17-58A5-A5D7-D24F5F81A28A}"
	ProjectSection(ProjectDependencies) = postProject
		{3ECA71D9-26B3-525D-9215-77D293FCFE3B} = {3ECA71D9-26B3-525D-9215-77D293FCFE3B}
	EndProjectSection
EndProject
Project("{8BC9CEB8-8B4A-11D0-8D11-00A0C91BC942}") = "WRLOutOfProcessWinRTComponent_server", "Server\WRLOutOfProcessWinRTComponent_server.vcxproj", "{3ECA71D9-26B3-525D-9215-77D293FCFE3B}"
EndProject
Project("{8BC9CEB8-8B4A-11D0-8D11-00A0C91BC942}") = "WRLOutOfProcessWinRTComponentPS", "Server\WRLOutOfProcessWinRTComponentPS.vcxproj", "{7494A2A7-3C96-588F-8E8C-3017399FCEA7}"
	ProjectSection(ProjectDependencies) = postProject
		{3ECA71D9-26B3-525D-9215-77D293FCFE3B} = {3ECA71D9-26B3-525D-9215-77D293FCFE3B}
	EndProjectSection
EndProject
Project("{262852C6-CD72-467D-83FE-5EEB1973A190}") = "WRLOutOfProcessWinRTComponent_client_js", "JS\WRLOutOfProcessWinRTComponent_client_js.jsproj", "{B317F4EE-A216-58DA-ACCA-7D5E69D62DA3}"
EndProject
Global
	GlobalSection(SolutionConfigurationPlatforms) = preSolution
		Debug|ARM = Debug|ARM
		Debug|x64 = Debug|x64
		Debug|x86 = Debug|x86
		Release|ARM = Release|ARM
		Release|x64 = Release|x64
		Release|x86 = Release|x86
	EndGlobalSection
	GlobalSection(ProjectConfigurationPlatforms) = postSolution
		{DE1D21F5-90C3-5CDA-867C-C95975367A44}.Debug|ARM.ActiveCfg = Debug|ARM
		{DE1D21F5-90C3-5CDA-867C-C95975367A44}.Debug|ARM.Build.0 = Debug|ARM
		{DE1D21F5-90C3-5CDA-867C-C95975367A44}.Debug|ARM.Deploy.0 = Debug|ARM
		{DE1D21F5-90C3-5CDA-867C-C95975367A44}.Debug|x64.ActiveCfg = Debug|x64
		{DE1D21F5-90C3-5CDA-867C-C95975367A44}.Debug|x64.Build.0 = Debug|x64
		{DE1D21F5-90C3-5CDA-867C-C95975367A44}.Debug|x64.Deploy.0 = Debug|x64
		{DE1D21F5-90C3-5CDA-867C-C95975367A44}.Debug|x86.ActiveCfg = Debug|x86
		{DE1D21F5-90C3-5CDA-867C-C95975367A44}.Debug|x86.Build.0 = Debug|x86
		{DE1D21F5-90C3-5CDA-867C-C95975367A44}.Debug|x86.Deploy.0 = Debug|x86
		{DE1D21F5-90C3-5CDA-867C-C95975367A44}.Release|ARM.ActiveCfg = Release|ARM
		{DE1D21F5-90C3-5CDA-867C-C95975367A44}.Release|ARM.Build.0 = Release|ARM
		{DE1D21F5-90C3-5CDA-867C-C95975367A44}.Release|ARM.Deploy.0 = Release|ARM
		{DE1D21F5-90C3-5CDA-867C-C95975367A44}.Release|x64.ActiveCfg = Release|x64
		{DE1D21F5-90C3-5CDA-867C-C95975367A44}.Release|x64.Build.0 = Release|x64
		{DE1D21F5-90C3-5CDA-867C-C95975367A44}.Release|x64.Deploy.0 = Release|x64
		{DE1D21F5-90C3-5CDA-867C-C95975367A44}.Release|x86.ActiveCfg = Release|x86
		{DE1D21F5-90C3-5CDA-867C-C95975367A44}.Release|x86.Build.0 = Release|x86
		{DE1D21F5-90C3-5CDA-867C-C95975367A44}.Release|x86.Deploy.0 = Release|x86
		{9B3919B8-6E17-58A5-A5D7-D24F5F81A28A}.Debug|ARM.ActiveCfg = Debug|ARM
		{9B3919B8-6E17-58A5-A5D7-D24F5F81A28A}.Debug|ARM.Build.0 = Debug|ARM
		{9B3919B8-6E17-58A5-A5D7-D24F5F81A28A}.Debug|ARM.Deploy.0 = Debug|ARM
		{9B3919B8-6E17-58A5-A5D7-D24F5F81A28A}.Debug|x64.ActiveCfg = Debug|x64
		{9B3919B8-6E17-58A5-A5D7-D24F5F81A28A}.Debug|x64.Build.0 = Debug|x64
		{9B3919B8-6E17-58A5-A5D7-D24F5F81A28A}.Debug|x64.Deploy.0 = Debug|x64
		{9B3919B8-6E17-58A5-A5D7-D24F5F81A28A}.Debug|x86.ActiveCfg = Debug|Win32
		{9B3919B8-6E17-58A5-A5D7-D24F5F81A28A}.Debug|x86.Build.0 = Debug|Win32
		{9B3919B8-6E17-58A5-A5D7-D24F5F81A28A}.Debug|x86.Deploy.0 = Debug|Win32
		{9B3919B8-6E17-58A5-A5D7-D24F5F81A28A}.Release|ARM.ActiveCfg = Release|ARM
		{9B3919B8-6E17-58A5-A5D7-D24F5F81A28A}.Release|ARM.Build.0 = Release|ARM
		{9B3919B8-6E17-58A5-A5D7-D24F5F81A28A}.Release|ARM.Deploy.0 = Release|ARM
		{9B3919B8-6E17-58A5-A5D7-D24F5F81A28A}.Release|x64.ActiveCfg = Release|x64
		{9B3919B8-6E17-58A5-A5D7-D24F5F81A28A}.Release|x64.Build.0 = Release|x64
		{9B3919B8-6E17-58A5-A5D7-D24F5F81A28A}.Release|x64.Deploy.0 = Release|x64
		{9B3919B8-6E17-58A5-A5D7-D24F5F81A28A}.Release|x86.ActiveCfg = Release|Win32
		{9B3919B8-6E17-58A5-A5D7-D24F5F81A28A}.Release|x86.Build.0 = Release|Win32
		{9B3919B8-6E17-58A5-A5D7-D24F5F81A28A}.Release|x86.Deploy.0 = Release|Win32
		{3ECA71D9-26B3-525D-9215-77D293FCFE3B}.Debug|ARM.ActiveCfg = Debug|ARM
		{3ECA71D9-26B3-525D-9215-77D293FCFE3B}.Debug|ARM.Build.0 = Debug|ARM
		{3ECA71D9-26B3-525D-9215-77D293FCFE3B}.Debug|x64.ActiveCfg = Debug|x64
		{3ECA71D9-26B3-525D-9215-77D293FCFE3B}.Debug|x64.Build.0 = Debug|x64
		{3ECA71D9-26B3-525D-9215-77D293FCFE3B}.Debug|x86.ActiveCfg = Debug|Win32
		{3ECA71D9-26B3-525D-9215-77D293FCFE3B}.Debug|x86.Build.0 = Debug|Win32
		{3ECA71D9-26B3-525D-9215-77D293FCFE3B}.Release|ARM.ActiveCfg = Release|ARM
		{3ECA71D9-26B3-525D-9215-77D293FCFE3B}.Release|ARM.Build.0 = Release|ARM
		{3ECA71D9-26B3-525D-9215-77D293FCFE3B}.Release|x64.ActiveCfg = Release|x64
		{3ECA71D9-26B3-525D-9215-77D293FCFE3B}.Release|x64.Build.0 = Release|x64
		{3ECA71D9-26B3-525D-9215-77D293FCFE3B}.Release|x86.ActiveCfg = Release|Win32
		{3ECA71D9-26B3-525D-9215-77D293FCFE3B}.Release|x86.Build.0 = Release|Win32
		{7494A2A7-3C96-588F-8E8C-3017399FCEA7}.Debug|ARM.ActiveCfg = Debug|ARM
		{7494A2A7-3C96-588F-8E8C-3017399FCEA7}.Debug|ARM.Build.0 = Debug|ARM
		{7494A2A7-3C96-588F-8E8C-3017399FCEA7}.Debug|x64.ActiveCfg = Debug|x64
		{7494A2A7-3C96-588F-8E8C-3017399FCEA7}.Debug|x64.Build.0 = Debug|x64
		{7494A2A7-3C96-588F-8E8C-3017399FCEA7}.Debug|x86.ActiveCfg = Debug|Win32
		{7494A2A7-3C96-588F-8E8C-3017399FCEA7}.Debug|x86.Build.0 = Debug|Win32
		{7494A2A7-3C96-588F-8E8C-3017399FCEA7}.Release|ARM.ActiveCfg = Release|ARM
		{7494A2A7-3C96-588F-8E8C-3017399FCEA7}.Release|ARM.Build.0 = Release|ARM
		{7494A2A7-3C96-588F-8E8C-3017399FCEA7}.Release|x64.ActiveCfg = Release|x64
		{7494A2A7-3C96-588F-8E8C-3017399FCEA7}.Release|x64.Build.0 = Release|x64
		{7494A2A7-3C96-588F-8E8C-3017399FCEA7}.Release|x86.ActiveCfg = Release|Win32
		{7494A2A7-3C96-588F-8E8C-3017399FCEA7}.Release|x86.Build.0 = Release|Win32
		{B317F4EE-A216-58DA-ACCA-7D5E69D62DA3}.Debug|ARM.ActiveCfg = Debug|ARM
		{B317F4EE-A216-58DA-ACCA-7D5E69D62DA3}.Debug|ARM.Build.0 = Debug|ARM
		{B317F4EE-A216-58DA-ACCA-7D5E69D62DA3}.Debug|ARM.Deploy.0 = Debug|ARM
		{B317F4EE-A216-58DA-ACCA-7D5E69D62DA3}.Debug|x64.ActiveCfg = Debug|x64
		{B317F4EE-A216-58DA-ACCA-7D5E69D62DA3}.Debug|x64.Build.0 = Debug|x64
		{B317F4EE-A216-58DA-ACCA-7D5E69D62DA3}.Debug|x64.Deploy.0 = Debug|x64
		{B317F4EE-A216-58DA-ACCA-7D5E69D62DA3}.Debug|x86.ActiveCfg = Debug|x86
		{B317F4EE-A216-58DA-ACCA-7D5E69D62DA3}.Debug|x86.Build.0 = Debug|x86
		{B317F4EE-A216-58DA-ACCA-7D5E69D62DA3}.Debug|x86.Deploy.0 = Debug|x86
		{B317F4EE-A216-58DA-ACCA-7D5E69D62DA3}.Release|ARM.ActiveCfg = Release|ARM
		{B317F4EE-A216-58DA-ACCA-7D5E69D62DA3}.Release|ARM.Build.0 = Release|ARM
		{B317F4EE-A216-58DA-ACCA-7D5E69D62DA3}.Release|ARM.Deploy.0 = Release|ARM
		{B317F4EE-A216-58DA-ACCA-7D5E69D62DA3}.Release|x64.ActiveCfg = Release|x64
		{B317F4EE-A216-58DA-ACCA-7D5E69D62DA3}.Release|x64.Build.0 = Release|x64
		{B317F4EE-A216-58DA-ACCA-7D5E69D62DA3}.Release|x64.Deploy.0 = Release|x64
		{B317F4EE-A216-58DA-ACCA-7D5E69D62DA3}.Release|x86.ActiveCfg = Release|x86
		{B317F4EE-A216-58DA-ACCA-7D5E69D62DA3}.Release|x86.Build.0 = Release|x86
		{B317F4EE-A216-58DA-ACCA-7D5E69D62DA3}.Release|x86.Deploy.0 = Release|x86
	EndGlobalSection
	GlobalSection(SolutionProperties) = preSolution
		HideSolutionNode = FALSE
	EndGlobalSection
EndGlobal
