

Microsoft Visual Studio Solution File, Format Version 12.00
# Visual Studio 14
VisualStudioVersion = 14.0.22609.0
MinimumVisualStudioVersion = 10.0.40219.1
Project("{FAE04EC0-301F-11D3-BF4B-00C04F79EFBC}") = "AnimationMetrics", "AnimationMetrics.csproj", "{7A0063D6-21B1-43C1-8F50-6FCB8E122F6A}"
EndProject
Global
    GlobalSection(SolutionConfigurationPlatforms) = preSolution
        Debug|ARM = Debug|ARM
        Debug|x64 = Debug|x64
        Debug|x86 = Debug|x86
        Release|ARM = Release|ARM
        Release|x64 = Release|x64
        Release|x86 = Release|x86
    EndGlobalSection
    GlobalSection(ProjectConfigurationPlatforms) = postSolution
        {7A0063D6-21B1-43C1-8F50-6FCB8E122F6A}.Debug|ARM.ActiveCfg = Debug|ARM
        {7A0063D6-21B1-43C1-8F50-6FCB8E122F6A}.Debug|ARM.Build.0 = Debug|ARM
        {7A0063D6-21B1-43C1-8F50-6FCB8E122F6A}.Debug|ARM.Deploy.0 = Debug|ARM
        {7A0063D6-21B1-43C1-8F50-6FCB8E122F6A}.Debug|x64.ActiveCfg = Debug|x64
        {7A0063D6-21B1-43C1-8F50-6FCB8E122F6A}.Debug|x64.Build.0 = Debug|x64
        {7A0063D6-21B1-43C1-8F50-6FCB8E122F6A}.Debug|x64.Deploy.0 = Debug|x64
        {7A0063D6-21B1-43C1-8F50-6FCB8E122F6A}.Debug|x86.ActiveCfg = Debug|x86
        {7A0063D6-21B1-43C1-8F50-6FCB8E122F6A}.Debug|x86.Build.0 = Debug|x86
        {7A0063D6-21B1-43C1-8F50-6FCB8E122F6A}.Debug|x86.Deploy.0 = Debug|x86
        {7A0063D6-21B1-43C1-8F50-6FCB8E122F6A}.Release|ARM.ActiveCfg = Release|ARM
        {7A0063D6-21B1-43C1-8F50-6FCB8E122F6A}.Release|ARM.Build.0 = Release|ARM
        {7A0063D6-21B1-43C1-8F50-6FCB8E122F6A}.Release|ARM.Deploy.0 = Release|ARM
        {7A0063D6-21B1-43C1-8F50-6FCB8E122F6A}.Release|x64.ActiveCfg = Release|x64
        {7A0063D6-21B1-43C1-8F50-6FCB8E122F6A}.Release|x64.Build.0 = Release|x64
        {7A0063D6-21B1-43C1-8F50-6FCB8E122F6A}.Release|x64.Deploy.0 = Release|x64
        {7A0063D6-21B1-43C1-8F50-6FCB8E122F6A}.Release|x86.ActiveCfg = Release|x86
        {7A0063D6-21B1-43C1-8F50-6FCB8E122F6A}.Release|x86.Build.0 = Release|x86
        {7A0063D6-21B1-43C1-8F50-6FCB8E122F6A}.Release|x86.Deploy.0 = Release|x86
    EndGlobalSection
    GlobalSection(SolutionProperties) = preSolution
        HideSolutionNode = FALSE
    EndGlobalSection
EndGlobal


