
Microsoft Visual Studio Solution File, Format Version 12.00
# Visual Studio 15
VisualStudioVersion = 15.0.26228.4
MinimumVisualStudioVersion = 10.0.40219.1
Project("{FAE04EC0-301F-11D3-BF4B-00C04F79EFBC}") = "TextSegmentation", "TextSegmentation.csproj", "{CEE95501-5EB6-5844-9C22-D1BA7D7B0C75}"
EndProject
Global
	GlobalSection(SolutionConfigurationPlatforms) = preSolution
		Debug|ARM = Debug|ARM
		Debug|x64 = Debug|x64
		Debug|x86 = Debug|x86
		Release|ARM = Release|ARM
		Release|x64 = Release|x64
		Release|x86 = Release|x86
	EndGlobalSection
	GlobalSection(ProjectConfigurationPlatforms) = postSolution
		{CEE95501-5EB6-5844-9C22-D1BA7D7B0C75}.Debug|ARM.ActiveCfg = Debug|ARM
		{CEE95501-5EB6-5844-9C22-D1BA7D7B0C75}.Debug|ARM.Build.0 = Debug|ARM
		{CEE95501-5EB6-5844-9C22-D1BA7D7B0C75}.Debug|ARM.Deploy.0 = Debug|ARM
		{CEE95501-5EB6-5844-9C22-D1BA7D7B0C75}.Debug|x64.ActiveCfg = Debug|x64
		{CEE95501-5EB6-5844-9C22-D1BA7D7B0C75}.Debug|x64.Build.0 = Debug|x64
		{CEE95501-5EB6-5844-9C22-D1BA7D7B0C75}.Debug|x64.Deploy.0 = Debug|x64
		{CEE95501-5EB6-5844-9C22-D1BA7D7B0C75}.Debug|x86.ActiveCfg = Debug|x86
		{CEE95501-5EB6-5844-9C22-D1BA7D7B0C75}.Debug|x86.Build.0 = Debug|x86
		{CEE95501-5EB6-5844-9C22-D1BA7D7B0C75}.Debug|x86.Deploy.0 = Debug|x86
		{CEE95501-5EB6-5844-9C22-D1BA7D7B0C75}.Release|ARM.ActiveCfg = Release|ARM
		{CEE95501-5EB6-5844-9C22-D1BA7D7B0C75}.Release|ARM.Build.0 = Release|ARM
		{CEE95501-5EB6-5844-9C22-D1BA7D7B0C75}.Release|ARM.Deploy.0 = Release|ARM
		{CEE95501-5EB6-5844-9C22-D1BA7D7B0C75}.Release|x64.ActiveCfg = Release|x64
		{CEE95501-5EB6-5844-9C22-D1BA7D7B0C75}.Release|x64.Build.0 = Release|x64
		{CEE95501-5EB6-5844-9C22-D1BA7D7B0C75}.Release|x64.Deploy.0 = Release|x64
		{CEE95501-5EB6-5844-9C22-D1BA7D7B0C75}.Release|x86.ActiveCfg = Release|x86
		{CEE95501-5EB6-5844-9C22-D1BA7D7B0C75}.Release|x86.Build.0 = Release|x86
		{CEE95501-5EB6-5844-9C22-D1BA7D7B0C75}.Release|x86.Deploy.0 = Release|x86
	EndGlobalSection
	GlobalSection(SolutionProperties) = preSolution
		HideSolutionNode = FALSE
	EndGlobalSection
EndGlobal
