
Microsoft Visual Studio Solution File, Format Version 12.00
# Visual Studio 14
VisualStudioVersion = 14.0.22823.1
MinimumVisualStudioVersion = 10.0.40219.1
Project("{F184B08F-C81C-45F6-A57F-5ABD9991F28F}") = "bluetoothadvertisement", "bluetoothadvertisement.vbproj", "{880933EE-56E4-50AB-ABAE-68114FC2C959}"
EndProject
Project("{F184B08F-C81C-45F6-A57F-5ABD9991F28F}") = "tasks", "tasks\tasks.vbproj", "{685B331B-3357-5AC0-A62F-1826061160CF}"
EndProject
Global
	GlobalSection(SolutionConfigurationPlatforms) = preSolution
		Debug|ARM = Debug|ARM
		Debug|x64 = Debug|x64
		Debug|x86 = Debug|x86
		Release|ARM = Release|ARM
		Release|x64 = Release|x64
		Release|x86 = Release|x86
	EndGlobalSection
	GlobalSection(ProjectConfigurationPlatforms) = postSolution
		{880933EE-56E4-50AB-ABAE-68114FC2C959}.Debug|ARM.ActiveCfg = Debug|ARM
		{880933EE-56E4-50AB-ABAE-68114FC2C959}.Debug|ARM.Build.0 = Debug|ARM
		{880933EE-56E4-50AB-ABAE-68114FC2C959}.Debug|ARM.Deploy.0 = Debug|ARM
		{880933EE-56E4-50AB-ABAE-68114FC2C959}.Debug|x64.ActiveCfg = Debug|x64
		{880933EE-56E4-50AB-ABAE-68114FC2C959}.Debug|x64.Build.0 = Debug|x64
		{880933EE-56E4-50AB-ABAE-68114FC2C959}.Debug|x64.Deploy.0 = Debug|x64
		{880933EE-56E4-50AB-ABAE-68114FC2C959}.Debug|x86.ActiveCfg = Debug|x86
		{880933EE-56E4-50AB-ABAE-68114FC2C959}.Debug|x86.Build.0 = Debug|x86
		{880933EE-56E4-50AB-ABAE-68114FC2C959}.Debug|x86.Deploy.0 = Debug|x86
		{880933EE-56E4-50AB-ABAE-68114FC2C959}.Release|ARM.ActiveCfg = Release|ARM
		{880933EE-56E4-50AB-ABAE-68114FC2C959}.Release|ARM.Build.0 = Release|ARM
		{880933EE-56E4-50AB-ABAE-68114FC2C959}.Release|ARM.Deploy.0 = Release|ARM
		{880933EE-56E4-50AB-ABAE-68114FC2C959}.Release|x64.ActiveCfg = Release|x64
		{880933EE-56E4-50AB-ABAE-68114FC2C959}.Release|x64.Build.0 = Release|x64
		{880933EE-56E4-50AB-ABAE-68114FC2C959}.Release|x64.Deploy.0 = Release|x64
		{880933EE-56E4-50AB-ABAE-68114FC2C959}.Release|x86.ActiveCfg = Release|x86
		{880933EE-56E4-50AB-ABAE-68114FC2C959}.Release|x86.Build.0 = Release|x86
		{880933EE-56E4-50AB-ABAE-68114FC2C959}.Release|x86.Deploy.0 = Release|x86
		{685B331B-3357-5AC0-A62F-1826061160CF}.Debug|ARM.ActiveCfg = Debug|ARM
		{685B331B-3357-5AC0-A62F-1826061160CF}.Debug|ARM.Build.0 = Debug|ARM
		{685B331B-3357-5AC0-A62F-1826061160CF}.Debug|x64.ActiveCfg = Debug|x64
		{685B331B-3357-5AC0-A62F-1826061160CF}.Debug|x64.Build.0 = Debug|x64
		{685B331B-3357-5AC0-A62F-1826061160CF}.Debug|x86.ActiveCfg = Debug|x86
		{685B331B-3357-5AC0-A62F-1826061160CF}.Debug|x86.Build.0 = Debug|x86
		{685B331B-3357-5AC0-A62F-1826061160CF}.Release|ARM.ActiveCfg = Release|ARM
		{685B331B-3357-5AC0-A62F-1826061160CF}.Release|ARM.Build.0 = Release|ARM
		{685B331B-3357-5AC0-A62F-1826061160CF}.Release|x64.ActiveCfg = Release|x64
		{685B331B-3357-5AC0-A62F-1826061160CF}.Release|x64.Build.0 = Release|x64
		{685B331B-3357-5AC0-A62F-1826061160CF}.Release|x86.ActiveCfg = Release|x86
		{685B331B-3357-5AC0-A62F-1826061160CF}.Release|x86.Build.0 = Release|x86
	EndGlobalSection
	GlobalSection(SolutionProperties) = preSolution
		HideSolutionNode = FALSE
	EndGlobalSection
EndGlobal
