
Microsoft Visual Studio Solution File, Format Version 12.00
# Visual Studio Version 16
VisualStudioVersion = 16.0.29920.165
MinimumVisualStudioVersion = 10.0.40219.1
Project("{8BC9CEB8-8B4A-11D0-8D11-00A0C91BC942}") = "LockScreenApps", "LockScreenApps.vcxproj", "{BC0DE118-DB80-4E91-A212-0147977CB925}"
EndProject
Global
	GlobalSection(SolutionConfigurationPlatforms) = preSolution
		Debug|Any CPU = Debug|Any CPU
		Debug|ARM = Debug|ARM
		Debug|ARM64 = Debug|ARM64
		Debug|x64 = Debug|x64
		Debug|x86 = Debug|x86
		Release|Any CPU = Release|Any CPU
		Release|ARM = Release|ARM
		Release|ARM64 = Release|ARM64
		Release|x64 = Release|x64
		Release|x86 = Release|x86
	EndGlobalSection
	GlobalSection(ProjectConfigurationPlatforms) = postSolution
		{BC0DE118-DB80-4E91-A212-0147977CB925}.Debug|Any CPU.ActiveCfg = Debug|Win32
		{BC0DE118-DB80-4E91-A212-0147977CB925}.Debug|ARM.ActiveCfg = Debug|ARM
		{BC0DE118-DB80-4E91-A212-0147977CB925}.Debug|ARM.Build.0 = Debug|ARM
		{BC0DE118-DB80-4E91-A212-0147977CB925}.Debug|ARM.Deploy.0 = Debug|ARM
		{BC0DE118-DB80-4E91-A212-0147977CB925}.Debug|ARM64.ActiveCfg = Debug|Win32
		{BC0DE118-DB80-4E91-A212-0147977CB925}.Debug|x64.ActiveCfg = Debug|x64
		{BC0DE118-DB80-4E91-A212-0147977CB925}.Debug|x64.Build.0 = Debug|x64
		{BC0DE118-DB80-4E91-A212-0147977CB925}.Debug|x64.Deploy.0 = Debug|x64
		{BC0DE118-DB80-4E91-A212-0147977CB925}.Debug|x86.ActiveCfg = Debug|Win32
		{BC0DE118-DB80-4E91-A212-0147977CB925}.Debug|x86.Build.0 = Debug|Win32
		{BC0DE118-DB80-4E91-A212-0147977CB925}.Debug|x86.Deploy.0 = Debug|Win32
		{BC0DE118-DB80-4E91-A212-0147977CB925}.Release|Any CPU.ActiveCfg = Release|Win32
		{BC0DE118-DB80-4E91-A212-0147977CB925}.Release|ARM.ActiveCfg = Release|ARM
		{BC0DE118-DB80-4E91-A212-0147977CB925}.Release|ARM.Build.0 = Release|ARM
		{BC0DE118-DB80-4E91-A212-0147977CB925}.Release|ARM.Deploy.0 = Release|ARM
		{BC0DE118-DB80-4E91-A212-0147977CB925}.Release|ARM64.ActiveCfg = Release|Win32
		{BC0DE118-DB80-4E91-A212-0147977CB925}.Release|x64.ActiveCfg = Release|x64
		{BC0DE118-DB80-4E91-A212-0147977CB925}.Release|x64.Build.0 = Release|x64
		{BC0DE118-DB80-4E91-A212-0147977CB925}.Release|x64.Deploy.0 = Release|x64
		{BC0DE118-DB80-4E91-A212-0147977CB925}.Release|x86.ActiveCfg = Release|Win32
		{BC0DE118-DB80-4E91-A212-0147977CB925}.Release|x86.Build.0 = Release|Win32
		{BC0DE118-DB80-4E91-A212-0147977CB925}.Release|x86.Deploy.0 = Release|Win32
	EndGlobalSection
	GlobalSection(SolutionProperties) = preSolution
		HideSolutionNode = FALSE
	EndGlobalSection
	GlobalSection(ExtensibilityGlobals) = postSolution
		SolutionGuid = {0A3BC860-5D1B-44D1-A7D9-54F01440A52D}
	EndGlobalSection
EndGlobal
