<?xml version="1.0" encoding="utf-8"?>
<Project ToolsVersion="14.0" xmlns="http://schemas.microsoft.com/developer/msbuild/2003">
  <ItemGroup>
    <Filter Include="Assets">
      <UniqueIdentifier>80bfd669-aa83-4537-9611-027cffe0d8af</UniqueIdentifier>
      <Extensions>bmp;fbx;gif;jpg;jpeg;tga;tiff;tif;png</Extensions>
    </Filter>
    <Filter Include="Styles">
      <UniqueIdentifier>{c6978fb6-bc64-498d-97c8-f5b53997e54e}</UniqueIdentifier>
    </Filter>
  </ItemGroup>
  <ItemGroup>
    <ApplicationDefinition Include="App.xaml" />
  </ItemGroup>
  <ItemGroup>
    <ClCompile Include="App.xaml.cpp" />
    <ClCompile Include="MainPage.xaml.cpp" />
    <ClCompile Include="pch.cpp" />
    <ClCompile Include="localcache.cpp" />
    <ClCompile Include="scenarioinput1.xaml.cpp" />
    <ClCompile Include="scenarioinput2.xaml.cpp" />
    <ClCompile Include="scenariolist.xaml.cpp" />
    <ClCompile Include="scenariooutput1.xaml.cpp" />
    <ClCompile Include="scenariooutput2.xaml.cpp" />
  </ItemGroup>
  <ItemGroup>
    <ClInclude Include="pch.h" />
    <ClInclude Include="App.xaml.h" />
    <ClInclude Include="MainPage.xaml.h" />
    <ClInclude Include="localcache.h" />
    <ClInclude Include="scenarioinput1.xaml.h" />
    <ClInclude Include="scenarioinput2.xaml.h" />
    <ClInclude Include="scenariolist.xaml.h" />
    <ClInclude Include="scenariooutput1.xaml.h" />
    <ClInclude Include="scenariooutput2.xaml.h" />
    <ClInclude Include="cppsamplesutils.h" />
  </ItemGroup>
  <ItemGroup>
    <AppxManifest Include="Package.appxmanifest" />
  </ItemGroup>
  <ItemGroup>
    <Page Include="MainPage.xaml" />
    <Page Include="Styles\Styles.xaml">
      <Filter>Styles</Filter>
    </Page>
    <Page Include="scenarioinput1.xaml" />
    <Page Include="scenarioinput2.xaml" />
    <Page Include="scenariolist.xaml" />
    <Page Include="scenariooutput1.xaml" />
    <Page Include="scenariooutput2.xaml" />
  </ItemGroup>
  <ItemGroup>
    <Image Include="$(SharedContentDir)\media\smalltile-sdk.png">
      <Filter>Assets</Filter>
    </Image>
    <Image Include="$(SharedContentDir)\media\splash-sdk.png">
      <Filter>Assets</Filter>
    </Image>
    <Image Include="$(SharedContentDir)\media\squaretile-sdk.png">
      <Filter>Assets</Filter>
    </Image>
    <Image Include="$(SharedContentDir)\media\storelogo-sdk.png">
      <Filter>Assets</Filter>
    </Image>
    <Image Include="$(SharedContentDir)\media\tile-sdk.png">
      <Filter>Assets</Filter>
    </Image>
    <Image Include="$(SharedContentDir)\media\microsoft-sdk.png">
      <Filter>Assets</Filter>
    </Image>
    <Image Include="$(SharedContentDir)\media\windows-sdk.png">
      <Filter>Assets</Filter>
    </Image>
  </ItemGroup>
</Project>