
Microsoft Visual Studio Solution File, Format Version 12.00
# Visual Studio 14
VisualStudioVersion = 14.0.22512.0
MinimumVisualStudioVersion = 10.0.40219.1
Project("{FAE04EC0-301F-11D3-BF4B-00C04F79EFBC}") = "Geolocation", "GeolocationCS\Geolocation.csproj", "{1B0B25E2-948B-510D-9AD1-B382A4C0CD4C}"
EndProject
Project("{FAE04EC0-301F-11D3-BF4B-00C04F79EFBC}") = "BackgroundTask", "BackgroundTask\BackgroundTask.csproj", "{3819D3FA-F998-55DB-8E6F-890A6C0DE912}"
EndProject
Global
	GlobalSection(SolutionConfigurationPlatforms) = preSolution
		Debug|ARM = Debug|ARM
		Debug|x64 = Debug|x64
		Debug|x86 = Debug|x86
		Release|ARM = Release|ARM
		Release|x64 = Release|x64
		Release|x86 = Release|x86
	EndGlobalSection
	GlobalSection(ProjectConfigurationPlatforms) = postSolution
		{1B0B25E2-948B-510D-9AD1-B382A4C0CD4C}.Debug|ARM.ActiveCfg = Debug|ARM
		{1B0B25E2-948B-510D-9AD1-B382A4C0CD4C}.Debug|ARM.Build.0 = Debug|ARM
		{1B0B25E2-948B-510D-9AD1-B382A4C0CD4C}.Debug|ARM.Deploy.0 = Debug|ARM
		{1B0B25E2-948B-510D-9AD1-B382A4C0CD4C}.Debug|x64.ActiveCfg = Debug|x64
		{1B0B25E2-948B-510D-9AD1-B382A4C0CD4C}.Debug|x64.Build.0 = Debug|x64
		{1B0B25E2-948B-510D-9AD1-B382A4C0CD4C}.Debug|x64.Deploy.0 = Debug|x64
		{1B0B25E2-948B-510D-9AD1-B382A4C0CD4C}.Debug|x86.ActiveCfg = Debug|x86
		{1B0B25E2-948B-510D-9AD1-B382A4C0CD4C}.Debug|x86.Build.0 = Debug|x86
		{1B0B25E2-948B-510D-9AD1-B382A4C0CD4C}.Debug|x86.Deploy.0 = Debug|x86
		{1B0B25E2-948B-510D-9AD1-B382A4C0CD4C}.Release|ARM.ActiveCfg = Release|ARM
		{1B0B25E2-948B-510D-9AD1-B382A4C0CD4C}.Release|ARM.Build.0 = Release|ARM
		{1B0B25E2-948B-510D-9AD1-B382A4C0CD4C}.Release|ARM.Deploy.0 = Release|ARM
		{1B0B25E2-948B-510D-9AD1-B382A4C0CD4C}.Release|x64.ActiveCfg = Release|x64
		{1B0B25E2-948B-510D-9AD1-B382A4C0CD4C}.Release|x64.Build.0 = Release|x64
		{1B0B25E2-948B-510D-9AD1-B382A4C0CD4C}.Release|x64.Deploy.0 = Release|x64
		{1B0B25E2-948B-510D-9AD1-B382A4C0CD4C}.Release|x86.ActiveCfg = Release|x86
		{1B0B25E2-948B-510D-9AD1-B382A4C0CD4C}.Release|x86.Build.0 = Release|x86
		{1B0B25E2-948B-510D-9AD1-B382A4C0CD4C}.Release|x86.Deploy.0 = Release|x86
		{3819D3FA-F998-55DB-8E6F-890A6C0DE912}.Debug|ARM.ActiveCfg = Debug|ARM
		{3819D3FA-F998-55DB-8E6F-890A6C0DE912}.Debug|ARM.Build.0 = Debug|ARM
		{3819D3FA-F998-55DB-8E6F-890A6C0DE912}.Debug|x64.ActiveCfg = Debug|x64
		{3819D3FA-F998-55DB-8E6F-890A6C0DE912}.Debug|x64.Build.0 = Debug|x64
		{3819D3FA-F998-55DB-8E6F-890A6C0DE912}.Debug|x86.ActiveCfg = Debug|x86
		{3819D3FA-F998-55DB-8E6F-890A6C0DE912}.Debug|x86.Build.0 = Debug|x86
		{3819D3FA-F998-55DB-8E6F-890A6C0DE912}.Release|ARM.ActiveCfg = Release|ARM
		{3819D3FA-F998-55DB-8E6F-890A6C0DE912}.Release|ARM.Build.0 = Release|ARM
		{3819D3FA-F998-55DB-8E6F-890A6C0DE912}.Release|x64.ActiveCfg = Release|x64
		{3819D3FA-F998-55DB-8E6F-890A6C0DE912}.Release|x64.Build.0 = Release|x64
		{3819D3FA-F998-55DB-8E6F-890A6C0DE912}.Release|x86.ActiveCfg = Release|x86
		{3819D3FA-F998-55DB-8E6F-890A6C0DE912}.Release|x86.Build.0 = Release|x86
	EndGlobalSection
	GlobalSection(SolutionProperties) = preSolution
		HideSolutionNode = FALSE
	EndGlobalSection
EndGlobal


