
Microsoft Visual Studio Solution File, Format Version 12.00
# Visual Studio 15
VisualStudioVersion = 15.0.26228.4
MinimumVisualStudioVersion = 10.0.40219.1
Project("{FAE04EC0-301F-11D3-BF4B-00C04F79EFBC}") = "Geolocation", "GeolocationCS\Geolocation.csproj", "{A85B0D6D-168B-57DC-A2CB-3A985BA3462A}"
EndProject
Project("{FAE04EC0-301F-11D3-BF4B-00C04F79EFBC}") = "BackgroundTask", "BackgroundTask\BackgroundTask.csproj", "{F0ECF590-07C1-5F9B-9721-7BDC26F2075F}"
EndProject
Global
	GlobalSection(SolutionConfigurationPlatforms) = preSolution
		Debug|ARM = Debug|ARM
		Debug|x64 = Debug|x64
		Debug|x86 = Debug|x86
		Release|ARM = Release|ARM
		Release|x64 = Release|x64
		Release|x86 = Release|x86
	EndGlobalSection
	GlobalSection(ProjectConfigurationPlatforms) = postSolution
		{A85B0D6D-168B-57DC-A2CB-3A985BA3462A}.Debug|ARM.ActiveCfg = Debug|ARM
		{A85B0D6D-168B-57DC-A2CB-3A985BA3462A}.Debug|ARM.Build.0 = Debug|ARM
		{A85B0D6D-168B-57DC-A2CB-3A985BA3462A}.Debug|ARM.Deploy.0 = Debug|ARM
		{A85B0D6D-168B-57DC-A2CB-3A985BA3462A}.Debug|x64.ActiveCfg = Debug|x64
		{A85B0D6D-168B-57DC-A2CB-3A985BA3462A}.Debug|x64.Build.0 = Debug|x64
		{A85B0D6D-168B-57DC-A2CB-3A985BA3462A}.Debug|x64.Deploy.0 = Debug|x64
		{A85B0D6D-168B-57DC-A2CB-3A985BA3462A}.Debug|x86.ActiveCfg = Debug|x86
		{A85B0D6D-168B-57DC-A2CB-3A985BA3462A}.Debug|x86.Build.0 = Debug|x86
		{A85B0D6D-168B-57DC-A2CB-3A985BA3462A}.Debug|x86.Deploy.0 = Debug|x86
		{A85B0D6D-168B-57DC-A2CB-3A985BA3462A}.Release|ARM.ActiveCfg = Release|ARM
		{A85B0D6D-168B-57DC-A2CB-3A985BA3462A}.Release|ARM.Build.0 = Release|ARM
		{A85B0D6D-168B-57DC-A2CB-3A985BA3462A}.Release|ARM.Deploy.0 = Release|ARM
		{A85B0D6D-168B-57DC-A2CB-3A985BA3462A}.Release|x64.ActiveCfg = Release|x64
		{A85B0D6D-168B-57DC-A2CB-3A985BA3462A}.Release|x64.Build.0 = Release|x64
		{A85B0D6D-168B-57DC-A2CB-3A985BA3462A}.Release|x64.Deploy.0 = Release|x64
		{A85B0D6D-168B-57DC-A2CB-3A985BA3462A}.Release|x86.ActiveCfg = Release|x86
		{A85B0D6D-168B-57DC-A2CB-3A985BA3462A}.Release|x86.Build.0 = Release|x86
		{A85B0D6D-168B-57DC-A2CB-3A985BA3462A}.Release|x86.Deploy.0 = Release|x86
		{F0ECF590-07C1-5F9B-9721-7BDC26F2075F}.Debug|ARM.ActiveCfg = Debug|ARM
		{F0ECF590-07C1-5F9B-9721-7BDC26F2075F}.Debug|ARM.Build.0 = Debug|ARM
		{F0ECF590-07C1-5F9B-9721-7BDC26F2075F}.Debug|x64.ActiveCfg = Debug|x64
		{F0ECF590-07C1-5F9B-9721-7BDC26F2075F}.Debug|x64.Build.0 = Debug|x64
		{F0ECF590-07C1-5F9B-9721-7BDC26F2075F}.Debug|x86.ActiveCfg = Debug|x86
		{F0ECF590-07C1-5F9B-9721-7BDC26F2075F}.Debug|x86.Build.0 = Debug|x86
		{F0ECF590-07C1-5F9B-9721-7BDC26F2075F}.Release|ARM.ActiveCfg = Release|ARM
		{F0ECF590-07C1-5F9B-9721-7BDC26F2075F}.Release|ARM.Build.0 = Release|ARM
		{F0ECF590-07C1-5F9B-9721-7BDC26F2075F}.Release|x64.ActiveCfg = Release|x64
		{F0ECF590-07C1-5F9B-9721-7BDC26F2075F}.Release|x64.Build.0 = Release|x64
		{F0ECF590-07C1-5F9B-9721-7BDC26F2075F}.Release|x86.ActiveCfg = Release|x86
		{F0ECF590-07C1-5F9B-9721-7BDC26F2075F}.Release|x86.Build.0 = Release|x86
	EndGlobalSection
	GlobalSection(SolutionProperties) = preSolution
		HideSolutionNode = FALSE
	EndGlobalSection
EndGlobal
