
Microsoft Visual Studio Solution File, Format Version 12.00
# Visual Studio 14
VisualStudioVersion = 14.0.22512.0
MinimumVisualStudioVersion = 10.0.40219.1
Project("{FAE04EC0-301F-11D3-BF4B-00C04F79EFBC}") = "Geolocation", "GeolocationCS\Geolocation.csproj", "{A65E901E-644D-5500-976A-C65FDC477F58}"
EndProject
Project("{FAE04EC0-301F-11D3-BF4B-00C04F79EFBC}") = "BackgroundTask", "BackgroundTask\BackgroundTask.csproj", "{B1217D09-79C1-55F6-A474-20E682137064}"
EndProject
Global
	GlobalSection(SolutionConfigurationPlatforms) = preSolution
		Debug|ARM = Debug|ARM
		Debug|x64 = Debug|x64
		Debug|x86 = Debug|x86
		Release|ARM = Release|ARM
		Release|x64 = Release|x64
		Release|x86 = Release|x86
	EndGlobalSection
	GlobalSection(ProjectConfigurationPlatforms) = postSolution
		{A65E901E-644D-5500-976A-C65FDC477F58}.Debug|ARM.ActiveCfg = Debug|ARM
		{A65E901E-644D-5500-976A-C65FDC477F58}.Debug|ARM.Build.0 = Debug|ARM
		{A65E901E-644D-5500-976A-C65FDC477F58}.Debug|ARM.Deploy.0 = Debug|ARM
		{A65E901E-644D-5500-976A-C65FDC477F58}.Debug|x64.ActiveCfg = Debug|x64
		{A65E901E-644D-5500-976A-C65FDC477F58}.Debug|x64.Build.0 = Debug|x64
		{A65E901E-644D-5500-976A-C65FDC477F58}.Debug|x64.Deploy.0 = Debug|x64
		{A65E901E-644D-5500-976A-C65FDC477F58}.Debug|x86.ActiveCfg = Debug|x86
		{A65E901E-644D-5500-976A-C65FDC477F58}.Debug|x86.Build.0 = Debug|x86
		{A65E901E-644D-5500-976A-C65FDC477F58}.Debug|x86.Deploy.0 = Debug|x86
		{A65E901E-644D-5500-976A-C65FDC477F58}.Release|ARM.ActiveCfg = Release|ARM
		{A65E901E-644D-5500-976A-C65FDC477F58}.Release|ARM.Build.0 = Release|ARM
		{A65E901E-644D-5500-976A-C65FDC477F58}.Release|ARM.Deploy.0 = Release|ARM
		{A65E901E-644D-5500-976A-C65FDC477F58}.Release|x64.ActiveCfg = Release|x64
		{A65E901E-644D-5500-976A-C65FDC477F58}.Release|x64.Build.0 = Release|x64
		{A65E901E-644D-5500-976A-C65FDC477F58}.Release|x64.Deploy.0 = Release|x64
		{A65E901E-644D-5500-976A-C65FDC477F58}.Release|x86.ActiveCfg = Release|x86
		{A65E901E-644D-5500-976A-C65FDC477F58}.Release|x86.Build.0 = Release|x86
		{A65E901E-644D-5500-976A-C65FDC477F58}.Release|x86.Deploy.0 = Release|x86
		{B1217D09-79C1-55F6-A474-20E682137064}.Debug|ARM.ActiveCfg = Debug|ARM
		{B1217D09-79C1-55F6-A474-20E682137064}.Debug|ARM.Build.0 = Debug|ARM
		{B1217D09-79C1-55F6-A474-20E682137064}.Debug|x64.ActiveCfg = Debug|x64
		{B1217D09-79C1-55F6-A474-20E682137064}.Debug|x64.Build.0 = Debug|x64
		{B1217D09-79C1-55F6-A474-20E682137064}.Debug|x86.ActiveCfg = Debug|x86
		{B1217D09-79C1-55F6-A474-20E682137064}.Debug|x86.Build.0 = Debug|x86
		{B1217D09-79C1-55F6-A474-20E682137064}.Release|ARM.ActiveCfg = Release|ARM
		{B1217D09-79C1-55F6-A474-20E682137064}.Release|ARM.Build.0 = Release|ARM
		{B1217D09-79C1-55F6-A474-20E682137064}.Release|x64.ActiveCfg = Release|x64
		{B1217D09-79C1-55F6-A474-20E682137064}.Release|x64.Build.0 = Release|x64
		{B1217D09-79C1-55F6-A474-20E682137064}.Release|x86.ActiveCfg = Release|x86
		{B1217D09-79C1-55F6-A474-20E682137064}.Release|x86.Build.0 = Release|x86
	EndGlobalSection
	GlobalSection(SolutionProperties) = preSolution
		HideSolutionNode = FALSE
	EndGlobalSection
EndGlobal


