
Microsoft Visual Studio Solution File, Format Version 12.00
# Visual Studio 15
VisualStudioVersion = 15.0.26228.4
MinimumVisualStudioVersion = 10.0.40219.1
Project("{FAE04EC0-301F-11D3-BF4B-00C04F79EFBC}") = "BlockAndFilter", "BlockAndFilter.csproj", "{FCEAE644-4FB7-5B0A-89FE-DBC0695DC0A4}"
EndProject
Project("{FAE04EC0-301F-11D3-BF4B-00C04F79EFBC}") = "BlockAndFilterTasks", "Tasks\BlockAndFilterTasks.csproj", "{4A557FDB-03F3-5A5F-B952-95D7791EB50A}"
EndProject
Global
	GlobalSection(SolutionConfigurationPlatforms) = preSolution
		Debug|ARM = Debug|ARM
		Debug|x86 = Debug|x86
		Release|ARM = Release|ARM
		Release|x86 = Release|x86
	EndGlobalSection
	GlobalSection(ProjectConfigurationPlatforms) = postSolution
		{FCEAE644-4FB7-5B0A-89FE-DBC0695DC0A4}.Debug|ARM.ActiveCfg = Debug|ARM
		{FCEAE644-4FB7-5B0A-89FE-DBC0695DC0A4}.Debug|ARM.Build.0 = Debug|ARM
		{FCEAE644-4FB7-5B0A-89FE-DBC0695DC0A4}.Debug|ARM.Deploy.0 = Debug|ARM
		{FCEAE644-4FB7-5B0A-89FE-DBC0695DC0A4}.Debug|x86.ActiveCfg = Debug|x86
		{FCEAE644-4FB7-5B0A-89FE-DBC0695DC0A4}.Debug|x86.Build.0 = Debug|x86
		{FCEAE644-4FB7-5B0A-89FE-DBC0695DC0A4}.Debug|x86.Deploy.0 = Debug|x86
		{FCEAE644-4FB7-5B0A-89FE-DBC0695DC0A4}.Release|ARM.ActiveCfg = Release|ARM
		{FCEAE644-4FB7-5B0A-89FE-DBC0695DC0A4}.Release|ARM.Build.0 = Release|ARM
		{FCEAE644-4FB7-5B0A-89FE-DBC0695DC0A4}.Release|ARM.Deploy.0 = Release|ARM
		{FCEAE644-4FB7-5B0A-89FE-DBC0695DC0A4}.Release|x86.ActiveCfg = Release|x86
		{FCEAE644-4FB7-5B0A-89FE-DBC0695DC0A4}.Release|x86.Build.0 = Release|x86
		{FCEAE644-4FB7-5B0A-89FE-DBC0695DC0A4}.Release|x86.Deploy.0 = Release|x86
		{4A557FDB-03F3-5A5F-B952-95D7791EB50A}.Debug|ARM.ActiveCfg = Debug|ARM
		{4A557FDB-03F3-5A5F-B952-95D7791EB50A}.Debug|ARM.Build.0 = Debug|ARM
		{4A557FDB-03F3-5A5F-B952-95D7791EB50A}.Debug|x86.ActiveCfg = Debug|x86
		{4A557FDB-03F3-5A5F-B952-95D7791EB50A}.Debug|x86.Build.0 = Debug|x86
		{4A557FDB-03F3-5A5F-B952-95D7791EB50A}.Release|ARM.ActiveCfg = Release|ARM
		{4A557FDB-03F3-5A5F-B952-95D7791EB50A}.Release|ARM.Build.0 = Release|ARM
		{4A557FDB-03F3-5A5F-B952-95D7791EB50A}.Release|x86.ActiveCfg = Release|x86
		{4A557FDB-03F3-5A5F-B952-95D7791EB50A}.Release|x86.Build.0 = Release|x86
	EndGlobalSection
	GlobalSection(SolutionProperties) = preSolution
		HideSolutionNode = FALSE
	EndGlobalSection
EndGlobal
