
Microsoft Visual Studio Solution File, Format Version 12.00
# Visual Studio 15
VisualStudioVersion = 15.0.27130.2026
MinimumVisualStudioVersion = 10.0.40219.1
Project("{8BC9CEB8-8B4A-11D0-8D11-00A0C91BC942}") = "RpcInterface", "..\Service\Interface\RpcInterface.vcxproj", "{698B6A48-FC98-503B-9559-9B94C0168BBD}"
EndProject
Project("{8BC9CEB8-8B4A-11D0-8D11-00A0C91BC942}") = "RpcServer", "..\Service\Server\RpcServer.vcxproj", "{FA1DF72F-C52D-5D50-9A9F-1C2C378E62E0}"
	ProjectSection(ProjectDependencies) = postProject
		{698B6A48-FC98-503B-9559-9B94C0168BBD} = {698B6A48-FC98-503B-9559-9B94C0168BBD}
	EndProjectSection
EndProject
Project("{8BC9CEB8-8B4A-11D0-8D11-00A0C91BC942}") = "RpcClient", "..\Service\Client\RpcClient.vcxproj", "{C7A37AC5-07A8-5F36-B088-F95F3F846BD1}"
	ProjectSection(ProjectDependencies) = postProject
		{698B6A48-FC98-503B-9559-9B94C0168BBD} = {698B6A48-FC98-503B-9559-9B94C0168BBD}
	EndProjectSection
EndProject
Project("{FAE04EC0-301F-11D3-BF4B-00C04F79EFBC}") = "CustomCapability", "CustomCapability.csproj", "{000A35A4-E3C7-5E4A-9D75-E75550106B4C}"
EndProject
Project("{FAE04EC0-301F-11D3-BF4B-00C04F79EFBC}") = "Osrusbfx2Task", "..\Service\Osrusbfx2Task\Osrusbfx2Task.csproj", "{08B7C0E4-6A86-53F7-9534-EACE3034E76E}"
EndProject
Global
	GlobalSection(SolutionConfigurationPlatforms) = preSolution
		Debug|Any CPU = Debug|Any CPU
		Debug|x64 = Debug|x64
		Debug|x86 = Debug|x86
		Release|Any CPU = Release|Any CPU
		Release|x64 = Release|x64
		Release|x86 = Release|x86
	EndGlobalSection
	GlobalSection(ProjectConfigurationPlatforms) = postSolution
		{698B6A48-FC98-503B-9559-9B94C0168BBD}.Debug|Any CPU.ActiveCfg = Debug|Win32
		{698B6A48-FC98-503B-9559-9B94C0168BBD}.Debug|x64.ActiveCfg = Debug|x64
		{698B6A48-FC98-503B-9559-9B94C0168BBD}.Debug|x64.Build.0 = Debug|x64
		{698B6A48-FC98-503B-9559-9B94C0168BBD}.Debug|x64.Deploy.0 = Debug|x64
		{698B6A48-FC98-503B-9559-9B94C0168BBD}.Debug|x86.ActiveCfg = Debug|Win32
		{698B6A48-FC98-503B-9559-9B94C0168BBD}.Debug|x86.Build.0 = Debug|Win32
		{698B6A48-FC98-503B-9559-9B94C0168BBD}.Release|Any CPU.ActiveCfg = Release|Win32
		{698B6A48-FC98-503B-9559-9B94C0168BBD}.Release|x64.ActiveCfg = Release|x64
		{698B6A48-FC98-503B-9559-9B94C0168BBD}.Release|x64.Build.0 = Release|x64
		{698B6A48-FC98-503B-9559-9B94C0168BBD}.Release|x86.ActiveCfg = Release|Win32
		{698B6A48-FC98-503B-9559-9B94C0168BBD}.Release|x86.Build.0 = Release|Win32
		{FA1DF72F-C52D-5D50-9A9F-1C2C378E62E0}.Debug|Any CPU.ActiveCfg = Debug|Win32
		{FA1DF72F-C52D-5D50-9A9F-1C2C378E62E0}.Debug|x64.ActiveCfg = Debug|x64
		{FA1DF72F-C52D-5D50-9A9F-1C2C378E62E0}.Debug|x64.Build.0 = Debug|x64
		{FA1DF72F-C52D-5D50-9A9F-1C2C378E62E0}.Debug|x86.ActiveCfg = Debug|Win32
		{FA1DF72F-C52D-5D50-9A9F-1C2C378E62E0}.Debug|x86.Build.0 = Debug|Win32
		{FA1DF72F-C52D-5D50-9A9F-1C2C378E62E0}.Release|Any CPU.ActiveCfg = Release|Win32
		{FA1DF72F-C52D-5D50-9A9F-1C2C378E62E0}.Release|x64.ActiveCfg = Release|x64
		{FA1DF72F-C52D-5D50-9A9F-1C2C378E62E0}.Release|x64.Build.0 = Release|x64
		{FA1DF72F-C52D-5D50-9A9F-1C2C378E62E0}.Release|x86.ActiveCfg = Release|Win32
		{FA1DF72F-C52D-5D50-9A9F-1C2C378E62E0}.Release|x86.Build.0 = Release|Win32
		{C7A37AC5-07A8-5F36-B088-F95F3F846BD1}.Debug|Any CPU.ActiveCfg = Debug|Win32
		{C7A37AC5-07A8-5F36-B088-F95F3F846BD1}.Debug|x64.ActiveCfg = Debug|x64
		{C7A37AC5-07A8-5F36-B088-F95F3F846BD1}.Debug|x64.Build.0 = Debug|x64
		{C7A37AC5-07A8-5F36-B088-F95F3F846BD1}.Debug|x86.ActiveCfg = Debug|Win32
		{C7A37AC5-07A8-5F36-B088-F95F3F846BD1}.Debug|x86.Build.0 = Debug|Win32
		{C7A37AC5-07A8-5F36-B088-F95F3F846BD1}.Release|Any CPU.ActiveCfg = Release|Win32
		{C7A37AC5-07A8-5F36-B088-F95F3F846BD1}.Release|x64.ActiveCfg = Release|x64
		{C7A37AC5-07A8-5F36-B088-F95F3F846BD1}.Release|x64.Build.0 = Release|x64
		{C7A37AC5-07A8-5F36-B088-F95F3F846BD1}.Release|x86.ActiveCfg = Release|Win32
		{C7A37AC5-07A8-5F36-B088-F95F3F846BD1}.Release|x86.Build.0 = Release|Win32
		{000A35A4-E3C7-5E4A-9D75-E75550106B4C}.Debug|Any CPU.ActiveCfg = Debug|x86
		{000A35A4-E3C7-5E4A-9D75-E75550106B4C}.Debug|x64.ActiveCfg = Debug|x64
		{000A35A4-E3C7-5E4A-9D75-E75550106B4C}.Debug|x64.Build.0 = Debug|x64
		{000A35A4-E3C7-5E4A-9D75-E75550106B4C}.Debug|x64.Deploy.0 = Debug|x64
		{000A35A4-E3C7-5E4A-9D75-E75550106B4C}.Debug|x86.ActiveCfg = Debug|x86
		{000A35A4-E3C7-5E4A-9D75-E75550106B4C}.Debug|x86.Build.0 = Debug|x86
		{000A35A4-E3C7-5E4A-9D75-E75550106B4C}.Debug|x86.Deploy.0 = Debug|x86
		{000A35A4-E3C7-5E4A-9D75-E75550106B4C}.Release|Any CPU.ActiveCfg = Release|x86
		{000A35A4-E3C7-5E4A-9D75-E75550106B4C}.Release|x64.ActiveCfg = Release|x64
		{000A35A4-E3C7-5E4A-9D75-E75550106B4C}.Release|x64.Build.0 = Release|x64
		{000A35A4-E3C7-5E4A-9D75-E75550106B4C}.Release|x64.Deploy.0 = Release|x64
		{000A35A4-E3C7-5E4A-9D75-E75550106B4C}.Release|x86.ActiveCfg = Release|x86
		{000A35A4-E3C7-5E4A-9D75-E75550106B4C}.Release|x86.Build.0 = Release|x86
		{000A35A4-E3C7-5E4A-9D75-E75550106B4C}.Release|x86.Deploy.0 = Release|x86
		{08B7C0E4-6A86-53F7-9534-EACE3034E76E}.Debug|Any CPU.ActiveCfg = Debug|Any CPU
		{08B7C0E4-6A86-53F7-9534-EACE3034E76E}.Debug|Any CPU.Build.0 = Debug|Any CPU
		{08B7C0E4-6A86-53F7-9534-EACE3034E76E}.Debug|x64.ActiveCfg = Debug|x64
		{08B7C0E4-6A86-53F7-9534-EACE3034E76E}.Debug|x64.Build.0 = Debug|x64
		{08B7C0E4-6A86-53F7-9534-EACE3034E76E}.Debug|x86.ActiveCfg = Debug|x86
		{08B7C0E4-6A86-53F7-9534-EACE3034E76E}.Debug|x86.Build.0 = Debug|x86
		{08B7C0E4-6A86-53F7-9534-EACE3034E76E}.Release|Any CPU.ActiveCfg = Release|Any CPU
		{08B7C0E4-6A86-53F7-9534-EACE3034E76E}.Release|Any CPU.Build.0 = Release|Any CPU
		{08B7C0E4-6A86-53F7-9534-EACE3034E76E}.Release|x64.ActiveCfg = Release|x64
		{08B7C0E4-6A86-53F7-9534-EACE3034E76E}.Release|x64.Build.0 = Release|x64
		{08B7C0E4-6A86-53F7-9534-EACE3034E76E}.Release|x86.ActiveCfg = Release|x86
		{08B7C0E4-6A86-53F7-9534-EACE3034E76E}.Release|x86.Build.0 = Release|x86
	EndGlobalSection
	GlobalSection(SolutionProperties) = preSolution
		HideSolutionNode = FALSE
	EndGlobalSection
	GlobalSection(ExtensibilityGlobals) = postSolution
		SolutionGuid = {07176638-F6F5-48E5-9C25-24F27EF9765E}
	EndGlobalSection
EndGlobal
