
Microsoft Visual Studio Solution File, Format Version 12.00
# Visual Studio 14
VisualStudioVersion = 14.0.22808.1
MinimumVisualStudioVersion = 10.0.40219.1
Project("{FAE04EC0-301F-11D3-BF4B-00C04F79EFBC}") = "Nfc", "Nfc\Nfc.csproj", "{5C0B92FD-235B-53B1-8823-937A51135158}"
	ProjectSection(ProjectDependencies) = postProject
		{CE234A01-9D47-5F41-95E2-9E00204CC808} = {CE234A01-9D47-5F41-95E2-9E00204CC808}
	EndProjectSection
EndProject
Project("{8BC9CEB8-8B4A-11D0-8D11-00A0C91BC942}") = "NfcHceBackgroundTask", "NfcHceBackgroundTask\NfcHceBackgroundTask.vcxproj", "{CE234A01-9D47-5F41-95E2-9E00204CC808}"
EndProject
Project("{FAE04EC0-301F-11D3-BF4B-00C04F79EFBC}") = "PcscSdk", "PcscSdk\PcscSdk.csproj", "{536D843A-DE8A-5F91-91A0-887870464C98}"
EndProject
Global
	GlobalSection(SolutionConfigurationPlatforms) = preSolution
		Debug|ARM = Debug|ARM
		Debug|x64 = Debug|x64
		Debug|x86 = Debug|x86
		Release|ARM = Release|ARM
		Release|x64 = Release|x64
		Release|x86 = Release|x86
	EndGlobalSection
	GlobalSection(ProjectConfigurationPlatforms) = postSolution
		{5C0B92FD-235B-53B1-8823-937A51135158}.Debug|ARM.ActiveCfg = Debug|ARM
		{5C0B92FD-235B-53B1-8823-937A51135158}.Debug|ARM.Build.0 = Debug|ARM
		{5C0B92FD-235B-53B1-8823-937A51135158}.Debug|ARM.Deploy.0 = Debug|ARM
		{5C0B92FD-235B-53B1-8823-937A51135158}.Debug|x64.ActiveCfg = Debug|x64
		{5C0B92FD-235B-53B1-8823-937A51135158}.Debug|x64.Build.0 = Debug|x64
		{5C0B92FD-235B-53B1-8823-937A51135158}.Debug|x64.Deploy.0 = Debug|x64
		{5C0B92FD-235B-53B1-8823-937A51135158}.Debug|x86.ActiveCfg = Debug|x86
		{5C0B92FD-235B-53B1-8823-937A51135158}.Debug|x86.Build.0 = Debug|x86
		{5C0B92FD-235B-53B1-8823-937A51135158}.Debug|x86.Deploy.0 = Debug|x86
		{5C0B92FD-235B-53B1-8823-937A51135158}.Release|ARM.ActiveCfg = Release|ARM
		{5C0B92FD-235B-53B1-8823-937A51135158}.Release|ARM.Build.0 = Release|ARM
		{5C0B92FD-235B-53B1-8823-937A51135158}.Release|ARM.Deploy.0 = Release|ARM
		{5C0B92FD-235B-53B1-8823-937A51135158}.Release|x64.ActiveCfg = Release|x64
		{5C0B92FD-235B-53B1-8823-937A51135158}.Release|x64.Build.0 = Release|x64
		{5C0B92FD-235B-53B1-8823-937A51135158}.Release|x64.Deploy.0 = Release|x64
		{5C0B92FD-235B-53B1-8823-937A51135158}.Release|x86.ActiveCfg = Release|x86
		{5C0B92FD-235B-53B1-8823-937A51135158}.Release|x86.Build.0 = Release|x86
		{5C0B92FD-235B-53B1-8823-937A51135158}.Release|x86.Deploy.0 = Release|x86
		{CE234A01-9D47-5F41-95E2-9E00204CC808}.Debug|ARM.ActiveCfg = Debug|ARM
		{CE234A01-9D47-5F41-95E2-9E00204CC808}.Debug|ARM.Build.0 = Debug|ARM
		{CE234A01-9D47-5F41-95E2-9E00204CC808}.Debug|x64.ActiveCfg = Debug|x64
		{CE234A01-9D47-5F41-95E2-9E00204CC808}.Debug|x64.Build.0 = Debug|x64
		{CE234A01-9D47-5F41-95E2-9E00204CC808}.Debug|x86.ActiveCfg = Debug|Win32
		{CE234A01-9D47-5F41-95E2-9E00204CC808}.Debug|x86.Build.0 = Debug|Win32
		{CE234A01-9D47-5F41-95E2-9E00204CC808}.Release|ARM.ActiveCfg = Release|ARM
		{CE234A01-9D47-5F41-95E2-9E00204CC808}.Release|ARM.Build.0 = Release|ARM
		{CE234A01-9D47-5F41-95E2-9E00204CC808}.Release|x64.ActiveCfg = Release|x64
		{CE234A01-9D47-5F41-95E2-9E00204CC808}.Release|x64.Build.0 = Release|x64
		{CE234A01-9D47-5F41-95E2-9E00204CC808}.Release|x86.ActiveCfg = Release|Win32
		{CE234A01-9D47-5F41-95E2-9E00204CC808}.Release|x86.Build.0 = Release|Win32
		{536D843A-DE8A-5F91-91A0-887870464C98}.Debug|ARM.ActiveCfg = Debug|ARM
		{536D843A-DE8A-5F91-91A0-887870464C98}.Debug|ARM.Build.0 = Debug|ARM
		{536D843A-DE8A-5F91-91A0-887870464C98}.Debug|x64.ActiveCfg = Debug|x64
		{536D843A-DE8A-5F91-91A0-887870464C98}.Debug|x64.Build.0 = Debug|x64
		{536D843A-DE8A-5F91-91A0-887870464C98}.Debug|x86.ActiveCfg = Debug|x86
		{536D843A-DE8A-5F91-91A0-887870464C98}.Debug|x86.Build.0 = Debug|x86
		{536D843A-DE8A-5F91-91A0-887870464C98}.Release|ARM.ActiveCfg = Release|ARM
		{536D843A-DE8A-5F91-91A0-887870464C98}.Release|ARM.Build.0 = Release|ARM
		{536D843A-DE8A-5F91-91A0-887870464C98}.Release|x64.ActiveCfg = Release|x64
		{536D843A-DE8A-5F91-91A0-887870464C98}.Release|x64.Build.0 = Release|x64
		{536D843A-DE8A-5F91-91A0-887870464C98}.Release|x86.ActiveCfg = Release|x86
		{536D843A-DE8A-5F91-91A0-887870464C98}.Release|x86.Build.0 = Release|x86
	EndGlobalSection
	GlobalSection(SolutionProperties) = preSolution
		HideSolutionNode = FALSE
	EndGlobalSection
EndGlobal
