
Microsoft Visual Studio Solution File, Format Version 12.00
# Visual Studio 15
VisualStudioVersion = 15.0.27130.2026
MinimumVisualStudioVersion = 10.0.40219.1
Project("{8BC9CEB8-8B4A-11D0-8D11-00A0C91BC942}") = "RpcInterface", "..\Service\Interface\RpcInterface.vcxproj", "{EDFF8C0C-2DD8-59B6-9F87-58FA100D2111}"
EndProject
Project("{8BC9CEB8-8B4A-11D0-8D11-00A0C91BC942}") = "RpcServer", "..\Service\Server\RpcServer.vcxproj", "{30B29EE4-C73B-5FB9-8342-B500E8B98810}"
	ProjectSection(ProjectDependencies) = postProject
		{EDFF8C0C-2DD8-59B6-9F87-58FA100D2111} = {EDFF8C0C-2DD8-59B6-9F87-58FA100D2111}
	EndProjectSection
EndProject
Project("{8BC9CEB8-8B4A-11D0-8D11-00A0C91BC942}") = "RpcClient", "..\Service\Client\RpcClient.vcxproj", "{D84452A2-6AC1-5D55-AB36-11A58450DD96}"
	ProjectSection(ProjectDependencies) = postProject
		{EDFF8C0C-2DD8-59B6-9F87-58FA100D2111} = {EDFF8C0C-2DD8-59B6-9F87-58FA100D2111}
	EndProjectSection
EndProject
Project("{262852C6-CD72-467D-83FE-5EEB1973A190}") = "CustomCapability", "CustomCapability.jsproj", "{BC43BFB6-EF2B-56A8-A9AC-1A12F5A51B2E}"
EndProject
Project("{8BC9CEB8-8B4A-11D0-8D11-00A0C91BC942}") = "RpcClientRt", "RpcClientRt\RpcClientRt.vcxproj", "{FF59D8A2-3571-523D-B9E9-EFCED3E85A40}"
	ProjectSection(ProjectDependencies) = postProject
		{D84452A2-6AC1-5D55-AB36-11A58450DD96} = {D84452A2-6AC1-5D55-AB36-11A58450DD96}
	EndProjectSection
EndProject
Project("{FAE04EC0-301F-11D3-BF4B-00C04F79EFBC}") = "Osrusbfx2Task", "..\Service\Osrusbfx2Task\Osrusbfx2Task.csproj", "{22BBD52F-B05F-5C31-A842-AA66FC94BC78}"
EndProject
Global
	GlobalSection(SolutionConfigurationPlatforms) = preSolution
		Debug|Any CPU = Debug|Any CPU
		Debug|x64 = Debug|x64
		Debug|x86 = Debug|x86
		Release|Any CPU = Release|Any CPU
		Release|x64 = Release|x64
		Release|x86 = Release|x86
	EndGlobalSection
	GlobalSection(ProjectConfigurationPlatforms) = postSolution
		{EDFF8C0C-2DD8-59B6-9F87-58FA100D2111}.Debug|Any CPU.ActiveCfg = Debug|Win32
		{EDFF8C0C-2DD8-59B6-9F87-58FA100D2111}.Debug|x64.ActiveCfg = Debug|x64
		{EDFF8C0C-2DD8-59B6-9F87-58FA100D2111}.Debug|x64.Build.0 = Debug|x64
		{EDFF8C0C-2DD8-59B6-9F87-58FA100D2111}.Debug|x64.Deploy.0 = Debug|x64
		{EDFF8C0C-2DD8-59B6-9F87-58FA100D2111}.Debug|x86.ActiveCfg = Debug|Win32
		{EDFF8C0C-2DD8-59B6-9F87-58FA100D2111}.Debug|x86.Build.0 = Debug|Win32
		{EDFF8C0C-2DD8-59B6-9F87-58FA100D2111}.Release|Any CPU.ActiveCfg = Release|Win32
		{EDFF8C0C-2DD8-59B6-9F87-58FA100D2111}.Release|x64.ActiveCfg = Release|x64
		{EDFF8C0C-2DD8-59B6-9F87-58FA100D2111}.Release|x64.Build.0 = Release|x64
		{EDFF8C0C-2DD8-59B6-9F87-58FA100D2111}.Release|x86.ActiveCfg = Release|Win32
		{EDFF8C0C-2DD8-59B6-9F87-58FA100D2111}.Release|x86.Build.0 = Release|Win32
		{30B29EE4-C73B-5FB9-8342-B500E8B98810}.Debug|Any CPU.ActiveCfg = Debug|Win32
		{30B29EE4-C73B-5FB9-8342-B500E8B98810}.Debug|x64.ActiveCfg = Debug|x64
		{30B29EE4-C73B-5FB9-8342-B500E8B98810}.Debug|x64.Build.0 = Debug|x64
		{30B29EE4-C73B-5FB9-8342-B500E8B98810}.Debug|x86.ActiveCfg = Debug|Win32
		{30B29EE4-C73B-5FB9-8342-B500E8B98810}.Debug|x86.Build.0 = Debug|Win32
		{30B29EE4-C73B-5FB9-8342-B500E8B98810}.Release|Any CPU.ActiveCfg = Release|Win32
		{30B29EE4-C73B-5FB9-8342-B500E8B98810}.Release|x64.ActiveCfg = Release|x64
		{30B29EE4-C73B-5FB9-8342-B500E8B98810}.Release|x64.Build.0 = Release|x64
		{30B29EE4-C73B-5FB9-8342-B500E8B98810}.Release|x86.ActiveCfg = Release|Win32
		{30B29EE4-C73B-5FB9-8342-B500E8B98810}.Release|x86.Build.0 = Release|Win32
		{D84452A2-6AC1-5D55-AB36-11A58450DD96}.Debug|Any CPU.ActiveCfg = Debug|Win32
		{D84452A2-6AC1-5D55-AB36-11A58450DD96}.Debug|x64.ActiveCfg = Debug|x64
		{D84452A2-6AC1-5D55-AB36-11A58450DD96}.Debug|x64.Build.0 = Debug|x64
		{D84452A2-6AC1-5D55-AB36-11A58450DD96}.Debug|x86.ActiveCfg = Debug|Win32
		{D84452A2-6AC1-5D55-AB36-11A58450DD96}.Debug|x86.Build.0 = Debug|Win32
		{D84452A2-6AC1-5D55-AB36-11A58450DD96}.Release|Any CPU.ActiveCfg = Release|Win32
		{D84452A2-6AC1-5D55-AB36-11A58450DD96}.Release|x64.ActiveCfg = Release|x64
		{D84452A2-6AC1-5D55-AB36-11A58450DD96}.Release|x64.Build.0 = Release|x64
		{D84452A2-6AC1-5D55-AB36-11A58450DD96}.Release|x86.ActiveCfg = Release|Win32
		{D84452A2-6AC1-5D55-AB36-11A58450DD96}.Release|x86.Build.0 = Release|Win32
		{BC43BFB6-EF2B-56A8-A9AC-1A12F5A51B2E}.Debug|Any CPU.ActiveCfg = Debug|Any CPU
		{BC43BFB6-EF2B-56A8-A9AC-1A12F5A51B2E}.Debug|Any CPU.Build.0 = Debug|Any CPU
		{BC43BFB6-EF2B-56A8-A9AC-1A12F5A51B2E}.Debug|Any CPU.Deploy.0 = Debug|Any CPU
		{BC43BFB6-EF2B-56A8-A9AC-1A12F5A51B2E}.Debug|x64.ActiveCfg = Debug|x64
		{BC43BFB6-EF2B-56A8-A9AC-1A12F5A51B2E}.Debug|x64.Build.0 = Debug|x64
		{BC43BFB6-EF2B-56A8-A9AC-1A12F5A51B2E}.Debug|x64.Deploy.0 = Debug|x64
		{BC43BFB6-EF2B-56A8-A9AC-1A12F5A51B2E}.Debug|x86.ActiveCfg = Debug|x86
		{BC43BFB6-EF2B-56A8-A9AC-1A12F5A51B2E}.Debug|x86.Build.0 = Debug|x86
		{BC43BFB6-EF2B-56A8-A9AC-1A12F5A51B2E}.Debug|x86.Deploy.0 = Debug|x86
		{BC43BFB6-EF2B-56A8-A9AC-1A12F5A51B2E}.Release|Any CPU.ActiveCfg = Release|Any CPU
		{BC43BFB6-EF2B-56A8-A9AC-1A12F5A51B2E}.Release|Any CPU.Build.0 = Release|Any CPU
		{BC43BFB6-EF2B-56A8-A9AC-1A12F5A51B2E}.Release|Any CPU.Deploy.0 = Release|Any CPU
		{BC43BFB6-EF2B-56A8-A9AC-1A12F5A51B2E}.Release|x64.ActiveCfg = Release|x64
		{BC43BFB6-EF2B-56A8-A9AC-1A12F5A51B2E}.Release|x64.Build.0 = Release|x64
		{BC43BFB6-EF2B-56A8-A9AC-1A12F5A51B2E}.Release|x64.Deploy.0 = Release|x64
		{BC43BFB6-EF2B-56A8-A9AC-1A12F5A51B2E}.Release|x86.ActiveCfg = Release|x86
		{BC43BFB6-EF2B-56A8-A9AC-1A12F5A51B2E}.Release|x86.Build.0 = Release|x86
		{BC43BFB6-EF2B-56A8-A9AC-1A12F5A51B2E}.Release|x86.Deploy.0 = Release|x86
		{FF59D8A2-3571-523D-B9E9-EFCED3E85A40}.Debug|Any CPU.ActiveCfg = Debug|Win32
		{FF59D8A2-3571-523D-B9E9-EFCED3E85A40}.Debug|x64.ActiveCfg = Debug|x64
		{FF59D8A2-3571-523D-B9E9-EFCED3E85A40}.Debug|x64.Build.0 = Debug|x64
		{FF59D8A2-3571-523D-B9E9-EFCED3E85A40}.Debug|x86.ActiveCfg = Debug|Win32
		{FF59D8A2-3571-523D-B9E9-EFCED3E85A40}.Debug|x86.Build.0 = Debug|Win32
		{FF59D8A2-3571-523D-B9E9-EFCED3E85A40}.Release|Any CPU.ActiveCfg = Release|Win32
		{FF59D8A2-3571-523D-B9E9-EFCED3E85A40}.Release|x64.ActiveCfg = Release|x64
		{FF59D8A2-3571-523D-B9E9-EFCED3E85A40}.Release|x64.Build.0 = Release|x64
		{FF59D8A2-3571-523D-B9E9-EFCED3E85A40}.Release|x86.ActiveCfg = Release|Win32
		{FF59D8A2-3571-523D-B9E9-EFCED3E85A40}.Release|x86.Build.0 = Release|Win32
		{22BBD52F-B05F-5C31-A842-AA66FC94BC78}.Debug|Any CPU.ActiveCfg = Debug|Any CPU
		{22BBD52F-B05F-5C31-A842-AA66FC94BC78}.Debug|Any CPU.Build.0 = Debug|Any CPU
		{22BBD52F-B05F-5C31-A842-AA66FC94BC78}.Debug|x64.ActiveCfg = Debug|x64
		{22BBD52F-B05F-5C31-A842-AA66FC94BC78}.Debug|x64.Build.0 = Debug|x64
		{22BBD52F-B05F-5C31-A842-AA66FC94BC78}.Debug|x86.ActiveCfg = Debug|x86
		{22BBD52F-B05F-5C31-A842-AA66FC94BC78}.Debug|x86.Build.0 = Debug|x86
		{22BBD52F-B05F-5C31-A842-AA66FC94BC78}.Release|Any CPU.ActiveCfg = Release|Any CPU
		{22BBD52F-B05F-5C31-A842-AA66FC94BC78}.Release|Any CPU.Build.0 = Release|Any CPU
		{22BBD52F-B05F-5C31-A842-AA66FC94BC78}.Release|x64.ActiveCfg = Release|x64
		{22BBD52F-B05F-5C31-A842-AA66FC94BC78}.Release|x64.Build.0 = Release|x64
		{22BBD52F-B05F-5C31-A842-AA66FC94BC78}.Release|x86.ActiveCfg = Release|x86
		{22BBD52F-B05F-5C31-A842-AA66FC94BC78}.Release|x86.Build.0 = Release|x86
	EndGlobalSection
	GlobalSection(SolutionProperties) = preSolution
		HideSolutionNode = FALSE
	EndGlobalSection
	GlobalSection(ExtensibilityGlobals) = postSolution
		SolutionGuid = {07176638-F6F5-48E5-9C25-24F27EF9765E}
	EndGlobalSection
EndGlobal
