
Microsoft Visual Studio Solution File, Format Version 12.00
# Visual Studio 14
VisualStudioVersion = 14.0.22823.1
MinimumVisualStudioVersion = 10.0.40219.1
Project("{FAE04EC0-301F-11D3-BF4B-00C04F79EFBC}") = "LanguageFont", "LanguageFont.csproj", "{286A9129-B09B-58FA-915F-2CB35A1FBC4B}"
EndProject
Global
	GlobalSection(SolutionConfigurationPlatforms) = preSolution
		Debug|ARM = Debug|ARM
		Debug|x64 = Debug|x64
		Debug|x86 = Debug|x86
		Release|ARM = Release|ARM
		Release|x64 = Release|x64
		Release|x86 = Release|x86
	EndGlobalSection
	GlobalSection(ProjectConfigurationPlatforms) = postSolution
		{286A9129-B09B-58FA-915F-2CB35A1FBC4B}.Debug|ARM.ActiveCfg = Debug|ARM
		{286A9129-B09B-58FA-915F-2CB35A1FBC4B}.Debug|ARM.Build.0 = Debug|ARM
		{286A9129-B09B-58FA-915F-2CB35A1FBC4B}.Debug|ARM.Deploy.0 = Debug|ARM
		{286A9129-B09B-58FA-915F-2CB35A1FBC4B}.Debug|x64.ActiveCfg = Debug|x64
		{286A9129-B09B-58FA-915F-2CB35A1FBC4B}.Debug|x64.Build.0 = Debug|x64
		{286A9129-B09B-58FA-915F-2CB35A1FBC4B}.Debug|x64.Deploy.0 = Debug|x64
		{286A9129-B09B-58FA-915F-2CB35A1FBC4B}.Debug|x86.ActiveCfg = Debug|x86
		{286A9129-B09B-58FA-915F-2CB35A1FBC4B}.Debug|x86.Build.0 = Debug|x86
		{286A9129-B09B-58FA-915F-2CB35A1FBC4B}.Debug|x86.Deploy.0 = Debug|x86
		{286A9129-B09B-58FA-915F-2CB35A1FBC4B}.Release|ARM.ActiveCfg = Release|ARM
		{286A9129-B09B-58FA-915F-2CB35A1FBC4B}.Release|ARM.Build.0 = Release|ARM
		{286A9129-B09B-58FA-915F-2CB35A1FBC4B}.Release|ARM.Deploy.0 = Release|ARM
		{286A9129-B09B-58FA-915F-2CB35A1FBC4B}.Release|x64.ActiveCfg = Release|x64
		{286A9129-B09B-58FA-915F-2CB35A1FBC4B}.Release|x64.Build.0 = Release|x64
		{286A9129-B09B-58FA-915F-2CB35A1FBC4B}.Release|x64.Deploy.0 = Release|x64
		{286A9129-B09B-58FA-915F-2CB35A1FBC4B}.Release|x86.ActiveCfg = Release|x86
		{286A9129-B09B-58FA-915F-2CB35A1FBC4B}.Release|x86.Build.0 = Release|x86
		{286A9129-B09B-58FA-915F-2CB35A1FBC4B}.Release|x86.Deploy.0 = Release|x86
	EndGlobalSection
	GlobalSection(SolutionProperties) = preSolution
		HideSolutionNode = FALSE
	EndGlobalSection
EndGlobal
