
Microsoft Visual Studio Solution File, Format Version 12.00
# Visual Studio 15
VisualStudioVersion = 15.0.26228.4
MinimumVisualStudioVersion = 10.0.40219.1
Project("{8BC9CEB8-8B4A-11D0-8D11-00A0C91BC942}") = "LinguisticServices", "LinguisticServices.vcxproj", "{F1848AC7-5F7C-5693-B5FA-65CC42E47039}"
EndProject
Global
	GlobalSection(SolutionConfigurationPlatforms) = preSolution
		Debug|ARM = Debug|ARM
		Debug|x64 = Debug|x64
		Debug|x86 = Debug|x86
		Release|ARM = Release|ARM
		Release|x64 = Release|x64
		Release|x86 = Release|x86
	EndGlobalSection
	GlobalSection(ProjectConfigurationPlatforms) = postSolution
		{F1848AC7-5F7C-5693-B5FA-65CC42E47039}.Debug|ARM.ActiveCfg = Debug|ARM
		{F1848AC7-5F7C-5693-B5FA-65CC42E47039}.Debug|ARM.Build.0 = Debug|ARM
		{F1848AC7-5F7C-5693-B5FA-65CC42E47039}.Debug|ARM.Deploy.0 = Debug|ARM
		{F1848AC7-5F7C-5693-B5FA-65CC42E47039}.Debug|x64.ActiveCfg = Debug|x64
		{F1848AC7-5F7C-5693-B5FA-65CC42E47039}.Debug|x64.Build.0 = Debug|x64
		{F1848AC7-5F7C-5693-B5FA-65CC42E47039}.Debug|x64.Deploy.0 = Debug|x64
		{F1848AC7-5F7C-5693-B5FA-65CC42E47039}.Debug|x86.ActiveCfg = Debug|Win32
		{F1848AC7-5F7C-5693-B5FA-65CC42E47039}.Debug|x86.Build.0 = Debug|Win32
		{F1848AC7-5F7C-5693-B5FA-65CC42E47039}.Debug|x86.Deploy.0 = Debug|Win32
		{F1848AC7-5F7C-5693-B5FA-65CC42E47039}.Release|ARM.ActiveCfg = Release|ARM
		{F1848AC7-5F7C-5693-B5FA-65CC42E47039}.Release|ARM.Build.0 = Release|ARM
		{F1848AC7-5F7C-5693-B5FA-65CC42E47039}.Release|ARM.Deploy.0 = Release|ARM
		{F1848AC7-5F7C-5693-B5FA-65CC42E47039}.Release|x64.ActiveCfg = Release|x64
		{F1848AC7-5F7C-5693-B5FA-65CC42E47039}.Release|x64.Build.0 = Release|x64
		{F1848AC7-5F7C-5693-B5FA-65CC42E47039}.Release|x64.Deploy.0 = Release|x64
		{F1848AC7-5F7C-5693-B5FA-65CC42E47039}.Release|x86.ActiveCfg = Release|Win32
		{F1848AC7-5F7C-5693-B5FA-65CC42E47039}.Release|x86.Build.0 = Release|Win32
		{F1848AC7-5F7C-5693-B5FA-65CC42E47039}.Release|x86.Deploy.0 = Release|Win32
	EndGlobalSection
	GlobalSection(SolutionProperties) = preSolution
		HideSolutionNode = FALSE
	EndGlobalSection
EndGlobal
