
Microsoft Visual Studio Solution File, Format Version 12.00
# Visual Studio 14
VisualStudioVersion = 14.0.24720.0
MinimumVisualStudioVersion = 10.0.40219.1
Project("{8BC9CEB8-8B4A-11D0-8D11-00A0C91BC942}") = "TreeViewControl", "Control\TreeViewControl.vcxproj", "{003839EF-FC81-523C-90E7-4C549425E4EB}"
EndProject
Project("{8BC9CEB8-8B4A-11D0-8D11-00A0C91BC942}") = "TreeView", "TreeView.vcxproj", "{F2F49B7C-DBCC-5EC4-B416-B21CCB44F4F3}"
EndProject
Global
	GlobalSection(SolutionConfigurationPlatforms) = preSolution
		Debug|ARM = Debug|ARM
		Debug|x64 = Debug|x64
		Debug|x86 = Debug|x86
		Release|ARM = Release|ARM
		Release|x64 = Release|x64
		Release|x86 = Release|x86
	EndGlobalSection
	GlobalSection(ProjectConfigurationPlatforms) = postSolution
		{003839EF-FC81-523C-90E7-4C549425E4EB}.Debug|ARM.ActiveCfg = Debug|ARM
		{003839EF-FC81-523C-90E7-4C549425E4EB}.Debug|ARM.Build.0 = Debug|ARM
		{003839EF-FC81-523C-90E7-4C549425E4EB}.Debug|x64.ActiveCfg = Debug|x64
		{003839EF-FC81-523C-90E7-4C549425E4EB}.Debug|x64.Build.0 = Debug|x64
		{003839EF-FC81-523C-90E7-4C549425E4EB}.Debug|x86.ActiveCfg = Debug|Win32
		{003839EF-FC81-523C-90E7-4C549425E4EB}.Debug|x86.Build.0 = Debug|Win32
		{003839EF-FC81-523C-90E7-4C549425E4EB}.Release|ARM.ActiveCfg = Release|ARM
		{003839EF-FC81-523C-90E7-4C549425E4EB}.Release|ARM.Build.0 = Release|ARM
		{003839EF-FC81-523C-90E7-4C549425E4EB}.Release|x64.ActiveCfg = Release|x64
		{003839EF-FC81-523C-90E7-4C549425E4EB}.Release|x64.Build.0 = Release|x64
		{003839EF-FC81-523C-90E7-4C549425E4EB}.Release|x86.ActiveCfg = Release|Win32
		{003839EF-FC81-523C-90E7-4C549425E4EB}.Release|x86.Build.0 = Release|Win32
		{F2F49B7C-DBCC-5EC4-B416-B21CCB44F4F3}.Debug|ARM.ActiveCfg = Debug|ARM
		{F2F49B7C-DBCC-5EC4-B416-B21CCB44F4F3}.Debug|ARM.Build.0 = Debug|ARM
		{F2F49B7C-DBCC-5EC4-B416-B21CCB44F4F3}.Debug|ARM.Deploy.0 = Debug|ARM
		{F2F49B7C-DBCC-5EC4-B416-B21CCB44F4F3}.Debug|x64.ActiveCfg = Debug|x64
		{F2F49B7C-DBCC-5EC4-B416-B21CCB44F4F3}.Debug|x64.Build.0 = Debug|x64
		{F2F49B7C-DBCC-5EC4-B416-B21CCB44F4F3}.Debug|x64.Deploy.0 = Debug|x64
		{F2F49B7C-DBCC-5EC4-B416-B21CCB44F4F3}.Debug|x86.ActiveCfg = Debug|Win32
		{F2F49B7C-DBCC-5EC4-B416-B21CCB44F4F3}.Debug|x86.Build.0 = Debug|Win32
		{F2F49B7C-DBCC-5EC4-B416-B21CCB44F4F3}.Debug|x86.Deploy.0 = Debug|Win32
		{F2F49B7C-DBCC-5EC4-B416-B21CCB44F4F3}.Release|ARM.ActiveCfg = Release|ARM
		{F2F49B7C-DBCC-5EC4-B416-B21CCB44F4F3}.Release|ARM.Build.0 = Release|ARM
		{F2F49B7C-DBCC-5EC4-B416-B21CCB44F4F3}.Release|ARM.Deploy.0 = Release|ARM
		{F2F49B7C-DBCC-5EC4-B416-B21CCB44F4F3}.Release|x64.ActiveCfg = Release|x64
		{F2F49B7C-DBCC-5EC4-B416-B21CCB44F4F3}.Release|x64.Build.0 = Release|x64
		{F2F49B7C-DBCC-5EC4-B416-B21CCB44F4F3}.Release|x64.Deploy.0 = Release|x64
		{F2F49B7C-DBCC-5EC4-B416-B21CCB44F4F3}.Release|x86.ActiveCfg = Release|Win32
		{F2F49B7C-DBCC-5EC4-B416-B21CCB44F4F3}.Release|x86.Build.0 = Release|Win32
		{F2F49B7C-DBCC-5EC4-B416-B21CCB44F4F3}.Release|x86.Deploy.0 = Release|Win32
	EndGlobalSection
	GlobalSection(SolutionProperties) = preSolution
		HideSolutionNode = FALSE
	EndGlobalSection
EndGlobal
