
Microsoft Visual Studio Solution File, Format Version 12.00
# Visual Studio 15
VisualStudioVersion = 15.0.26228.4
MinimumVisualStudioVersion = 10.0.40219.1
Project("{262852C6-CD72-467D-83FE-5EEB1973A190}") = "SimpleImaging", "SimpleImaging.jsproj", "{A88E7E05-2A5B-5B8D-9F51-FDDEC2CE9D03}"
EndProject
Global
	GlobalSection(SolutionConfigurationPlatforms) = preSolution
		Debug|Any CPU = Debug|Any CPU
		Release|Any CPU = Release|Any CPU
	EndGlobalSection
	GlobalSection(ProjectConfigurationPlatforms) = postSolution
		{A88E7E05-2A5B-5B8D-9F51-FDDEC2CE9D03}.Debug|Any CPU.ActiveCfg = Debug|Any CPU
		{A88E7E05-2A5B-5B8D-9F51-FDDEC2CE9D03}.Debug|Any CPU.Build.0 = Debug|Any CPU
		{A88E7E05-2A5B-5B8D-9F51-FDDEC2CE9D03}.Debug|Any CPU.Deploy.0 = Debug|Any CPU
		{A88E7E05-2A5B-5B8D-9F51-FDDEC2CE9D03}.Release|Any CPU.ActiveCfg = Release|Any CPU
		{A88E7E05-2A5B-5B8D-9F51-FDDEC2CE9D03}.Release|Any CPU.Build.0 = Release|Any CPU
		{A88E7E05-2A5B-5B8D-9F51-FDDEC2CE9D03}.Release|Any CPU.Deploy.0 = Release|Any CPU
	EndGlobalSection
	GlobalSection(SolutionProperties) = preSolution
		HideSolutionNode = FALSE
	EndGlobalSection
EndGlobal
