<?xml version="1.0" encoding="utf-8"?>
<Project ToolsVersion="14.0" xmlns="http://schemas.microsoft.com/developer/msbuild/2003">
  <ItemGroup>
    <Filter Include="Assets">
      <UniqueIdentifier>80bfd669-aa83-4537-9611-027cffe0d8af</UniqueIdentifier>
      <Extensions>bmp;fbx;gif;jpg;jpeg;tga;tiff;tif;png</Extensions>
    </Filter>
    <Filter Include="Styles">
      <UniqueIdentifier>{c6978fb6-bc64-498d-97c8-f5b53997e54e}</UniqueIdentifier>
    </Filter>
  </ItemGroup>
  <ItemGroup>
    <ApplicationDefinition Include="App.xaml" />
  </ItemGroup>
  <ItemGroup>
    <ClCompile Include="App.xaml.cpp" />
    <ClCompile Include="MainPage.xaml.cpp" />
    <ClCompile Include="pch.cpp" />
    <ClCompile Include="SampleConfiguration.cpp" />
    <ClCompile Include="BasicTests.xaml.cpp" />
    <ClCompile Include="EventTests.xaml.cpp" />
    <ClCompile Include="ListsAndTemplates.xaml.cpp" />
    <ClCompile Include="MyUserControl1.xaml.cpp" />
    <ClCompile Include="OtherBindings.xaml.cpp" />
    <ClCompile Include="PhasingTests.xaml.cpp" />
    <ClCompile Include="Templates.xaml.cpp" />
  </ItemGroup>
  <ItemGroup>
    <ClInclude Include="pch.h" />
    <ClInclude Include="App.xaml.h" />
    <ClInclude Include="MainPage.xaml.h" />
    <ClInclude Include="SampleConfiguration.h" />
    <ClInclude Include="BasicTests.xaml.h" />
    <ClInclude Include="EventTests.xaml.h" />
    <ClInclude Include="ListsAndTemplates.xaml.h" />
    <ClInclude Include="MyUserControl1.xaml.h" />
    <ClInclude Include="OtherBindings.xaml.h" />
    <ClInclude Include="PhasingTests.xaml.h" />
    <ClInclude Include="Templates.xaml.h" />
  </ItemGroup>
  <ItemGroup>
    <AppxManifest Include="Package.appxmanifest" />
  </ItemGroup>
  <ItemGroup>
    <Page Include="MainPage.xaml" />
    <Page Include="Styles\Styles.xaml">
      <Filter>Styles</Filter>
    </Page>
    <Page Include="BasicTests.xaml" />
    <Page Include="EventTests.xaml" />
    <Page Include="ListsAndTemplates.xaml" />
    <Page Include="OtherBindings.xaml" />
    <Page Include="PhasingTests.xaml" />
    <Page Include="Templates.xaml" />
    <Page Include="MyUserControl1.xaml" />
    <Page Include="Functions.xaml" />
  </ItemGroup>
  <ItemGroup>
    <Image Include="..\..\..\SharedContent\media\smalltile-sdk.png">
      <Filter>Assets</Filter>
    </Image>
    <Image Include="..\..\..\SharedContent\media\splash-sdk.png">
      <Filter>Assets</Filter>
    </Image>
    <Image Include="..\..\..\SharedContent\media\squaretile-sdk.png">
      <Filter>Assets</Filter>
    </Image>
    <Image Include="..\..\..\SharedContent\media\storelogo-sdk.png">
      <Filter>Assets</Filter>
    </Image>
    <Image Include="..\..\..\SharedContent\media\tile-sdk.png">
      <Filter>Assets</Filter>
    </Image>
    <Image Include="..\..\..\SharedContent\media\microsoft-sdk.png">
      <Filter>Assets</Filter>
    </Image>
    <Image Include="..\..\..\SharedContent\media\windows-sdk.png">
      <Filter>Assets</Filter>
    </Image>
  </ItemGroup>
</Project>