
Microsoft Visual Studio Solution File, Format Version 12.00
# Visual Studio 15
VisualStudioVersion = 15.0.26228.4
MinimumVisualStudioVersion = 10.0.40219.1
Project("{FAE04EC0-301F-11D3-BF4B-00C04F79EFBC}") = "AppServicesClient", "AppServicesClient\AppServicesClient.csproj", "{16B409BA-E63F-5016-A09C-0F7299DF3FEC}"
	ProjectSection(ProjectDependencies) = postProject
		{CA165F02-A7A9-5A28-A74D-3A4D2AF4F575} = {CA165F02-A7A9-5A28-A74D-3A4D2AF4F575}
	EndProjectSection
EndProject
Project("{FAE04EC0-301F-11D3-BF4B-00C04F79EFBC}") = "AppServicesProvider", "AppServicesProvider\AppServicesProvider.csproj", "{CA165F02-A7A9-5A28-A74D-3A4D2AF4F575}"
EndProject
Project("{FAE04EC0-301F-11D3-BF4B-00C04F79EFBC}") = "RandomNumberService", "RandomNumberService\RandomNumberService.csproj", "{7A81FE73-1EE6-55EF-81BE-F71548D5FBB0}"
EndProject
Global
	GlobalSection(SolutionConfigurationPlatforms) = preSolution
		Debug|Any CPU = Debug|Any CPU
		Debug|ARM = Debug|ARM
		Debug|x64 = Debug|x64
		Debug|x86 = Debug|x86
		Release|Any CPU = Release|Any CPU
		Release|ARM = Release|ARM
		Release|x64 = Release|x64
		Release|x86 = Release|x86
	EndGlobalSection
	GlobalSection(ProjectConfigurationPlatforms) = postSolution
		{16B409BA-E63F-5016-A09C-0F7299DF3FEC}.Debug|Any CPU.ActiveCfg = Debug|x86
		{16B409BA-E63F-5016-A09C-0F7299DF3FEC}.Debug|ARM.ActiveCfg = Debug|ARM
		{16B409BA-E63F-5016-A09C-0F7299DF3FEC}.Debug|ARM.Build.0 = Debug|ARM
		{16B409BA-E63F-5016-A09C-0F7299DF3FEC}.Debug|ARM.Deploy.0 = Debug|ARM
		{16B409BA-E63F-5016-A09C-0F7299DF3FEC}.Debug|x64.ActiveCfg = Debug|x64
		{16B409BA-E63F-5016-A09C-0F7299DF3FEC}.Debug|x64.Build.0 = Debug|x64
		{16B409BA-E63F-5016-A09C-0F7299DF3FEC}.Debug|x64.Deploy.0 = Debug|x64
		{16B409BA-E63F-5016-A09C-0F7299DF3FEC}.Debug|x86.ActiveCfg = Debug|x86
		{16B409BA-E63F-5016-A09C-0F7299DF3FEC}.Debug|x86.Build.0 = Debug|x86
		{16B409BA-E63F-5016-A09C-0F7299DF3FEC}.Debug|x86.Deploy.0 = Debug|x86
		{16B409BA-E63F-5016-A09C-0F7299DF3FEC}.Release|Any CPU.ActiveCfg = Release|x86
		{16B409BA-E63F-5016-A09C-0F7299DF3FEC}.Release|ARM.ActiveCfg = Release|ARM
		{16B409BA-E63F-5016-A09C-0F7299DF3FEC}.Release|ARM.Build.0 = Release|ARM
		{16B409BA-E63F-5016-A09C-0F7299DF3FEC}.Release|ARM.Deploy.0 = Release|ARM
		{16B409BA-E63F-5016-A09C-0F7299DF3FEC}.Release|x64.ActiveCfg = Release|x64
		{16B409BA-E63F-5016-A09C-0F7299DF3FEC}.Release|x64.Build.0 = Release|x64
		{16B409BA-E63F-5016-A09C-0F7299DF3FEC}.Release|x64.Deploy.0 = Release|x64
		{16B409BA-E63F-5016-A09C-0F7299DF3FEC}.Release|x86.ActiveCfg = Release|x86
		{16B409BA-E63F-5016-A09C-0F7299DF3FEC}.Release|x86.Build.0 = Release|x86
		{16B409BA-E63F-5016-A09C-0F7299DF3FEC}.Release|x86.Deploy.0 = Release|x86
		{CA165F02-A7A9-5A28-A74D-3A4D2AF4F575}.Debug|Any CPU.ActiveCfg = Debug|x86
		{CA165F02-A7A9-5A28-A74D-3A4D2AF4F575}.Debug|ARM.ActiveCfg = Debug|ARM
		{CA165F02-A7A9-5A28-A74D-3A4D2AF4F575}.Debug|ARM.Build.0 = Debug|ARM
		{CA165F02-A7A9-5A28-A74D-3A4D2AF4F575}.Debug|ARM.Deploy.0 = Debug|ARM
		{CA165F02-A7A9-5A28-A74D-3A4D2AF4F575}.Debug|x64.ActiveCfg = Debug|x64
		{CA165F02-A7A9-5A28-A74D-3A4D2AF4F575}.Debug|x64.Build.0 = Debug|x64
		{CA165F02-A7A9-5A28-A74D-3A4D2AF4F575}.Debug|x64.Deploy.0 = Debug|x64
		{CA165F02-A7A9-5A28-A74D-3A4D2AF4F575}.Debug|x86.ActiveCfg = Debug|x86
		{CA165F02-A7A9-5A28-A74D-3A4D2AF4F575}.Debug|x86.Build.0 = Debug|x86
		{CA165F02-A7A9-5A28-A74D-3A4D2AF4F575}.Debug|x86.Deploy.0 = Debug|x86
		{CA165F02-A7A9-5A28-A74D-3A4D2AF4F575}.Release|Any CPU.ActiveCfg = Release|x86
		{CA165F02-A7A9-5A28-A74D-3A4D2AF4F575}.Release|ARM.ActiveCfg = Release|ARM
		{CA165F02-A7A9-5A28-A74D-3A4D2AF4F575}.Release|ARM.Build.0 = Release|ARM
		{CA165F02-A7A9-5A28-A74D-3A4D2AF4F575}.Release|ARM.Deploy.0 = Release|ARM
		{CA165F02-A7A9-5A28-A74D-3A4D2AF4F575}.Release|x64.ActiveCfg = Release|x64
		{CA165F02-A7A9-5A28-A74D-3A4D2AF4F575}.Release|x64.Build.0 = Release|x64
		{CA165F02-A7A9-5A28-A74D-3A4D2AF4F575}.Release|x64.Deploy.0 = Release|x64
		{CA165F02-A7A9-5A28-A74D-3A4D2AF4F575}.Release|x86.ActiveCfg = Release|x86
		{CA165F02-A7A9-5A28-A74D-3A4D2AF4F575}.Release|x86.Build.0 = Release|x86
		{CA165F02-A7A9-5A28-A74D-3A4D2AF4F575}.Release|x86.Deploy.0 = Release|x86
		{7A81FE73-1EE6-55EF-81BE-F71548D5FBB0}.Debug|Any CPU.ActiveCfg = Debug|Any CPU
		{7A81FE73-1EE6-55EF-81BE-F71548D5FBB0}.Debug|Any CPU.Build.0 = Debug|Any CPU
		{7A81FE73-1EE6-55EF-81BE-F71548D5FBB0}.Debug|ARM.ActiveCfg = Debug|ARM
		{7A81FE73-1EE6-55EF-81BE-F71548D5FBB0}.Debug|ARM.Build.0 = Debug|ARM
		{7A81FE73-1EE6-55EF-81BE-F71548D5FBB0}.Debug|x64.ActiveCfg = Debug|x64
		{7A81FE73-1EE6-55EF-81BE-F71548D5FBB0}.Debug|x64.Build.0 = Debug|x64
		{7A81FE73-1EE6-55EF-81BE-F71548D5FBB0}.Debug|x86.ActiveCfg = Debug|x86
		{7A81FE73-1EE6-55EF-81BE-F71548D5FBB0}.Debug|x86.Build.0 = Debug|x86
		{7A81FE73-1EE6-55EF-81BE-F71548D5FBB0}.Release|Any CPU.ActiveCfg = Release|Any CPU
		{7A81FE73-1EE6-55EF-81BE-F71548D5FBB0}.Release|Any CPU.Build.0 = Release|Any CPU
		{7A81FE73-1EE6-55EF-81BE-F71548D5FBB0}.Release|ARM.ActiveCfg = Release|ARM
		{7A81FE73-1EE6-55EF-81BE-F71548D5FBB0}.Release|ARM.Build.0 = Release|ARM
		{7A81FE73-1EE6-55EF-81BE-F71548D5FBB0}.Release|x64.ActiveCfg = Release|x64
		{7A81FE73-1EE6-55EF-81BE-F71548D5FBB0}.Release|x64.Build.0 = Release|x64
		{7A81FE73-1EE6-55EF-81BE-F71548D5FBB0}.Release|x86.ActiveCfg = Release|x86
		{7A81FE73-1EE6-55EF-81BE-F71548D5FBB0}.Release|x86.Build.0 = Release|x86
	EndGlobalSection
	GlobalSection(SolutionProperties) = preSolution
		HideSolutionNode = FALSE
	EndGlobalSection
EndGlobal
