
Microsoft Visual Studio Solution File, Format Version 12.00
# Visual Studio 15
VisualStudioVersion = 15.0.26228.4
MinimumVisualStudioVersion = 10.0.40219.1
Project("{FAE04EC0-301F-11D3-BF4B-00C04F79EFBC}") = "ProxyStubsForWinRTComponents_client_cs", "CS\ProxyStubsForWinRTComponents_client_cs.csproj", "{EE54BA40-9BF6-5A69-AED1-43FD1B47AF33}"
EndProject
Project("{8BC9CEB8-8B4A-11D0-8D11-00A0C91BC942}") = "ProxyStubsForWinRTComponents_client_cpp", "CPP\ProxyStubsForWinRTComponents_client_cpp.vcxproj", "{55B786B3-2AE3-5ECA-AA7F-D4FFF106A4E5}"
EndProject
Project("{8BC9CEB8-8B4A-11D0-8D11-00A0C91BC942}") = "ProxyStubsForWinRTComponents_server", "Server\ProxyStubsForWinRTComponents_server.vcxproj", "{63961C11-233A-5102-AA78-12334B646BC2}"
EndProject
Project("{8BC9CEB8-8B4A-11D0-8D11-00A0C91BC942}") = "ProxyStubsForWinRTComponentsPS", "Server\ProxyStubsForWinRTComponentsPS.vcxproj", "{0E3E6889-3426-55D2-A87C-984D819FAB91}"
	ProjectSection(ProjectDependencies) = postProject
		{63961C11-233A-5102-AA78-12334B646BC2} = {63961C11-233A-5102-AA78-12334B646BC2}
	EndProjectSection
EndProject
Project("{262852C6-CD72-467D-83FE-5EEB1973A190}") = "ProxyStubsForWinRTComponents_client_js", "JS\ProxyStubsForWinRTComponents_client_js.jsproj", "{AE018428-58A4-5B52-8C3E-2CE70B1DC4F0}"
EndProject
Global
	GlobalSection(SolutionConfigurationPlatforms) = preSolution
		Debug|ARM = Debug|ARM
		Debug|x64 = Debug|x64
		Debug|x86 = Debug|x86
		Release|ARM = Release|ARM
		Release|x64 = Release|x64
		Release|x86 = Release|x86
	EndGlobalSection
	GlobalSection(ProjectConfigurationPlatforms) = postSolution
		{EE54BA40-9BF6-5A69-AED1-43FD1B47AF33}.Debug|ARM.ActiveCfg = Debug|ARM
		{EE54BA40-9BF6-5A69-AED1-43FD1B47AF33}.Debug|ARM.Build.0 = Debug|ARM
		{EE54BA40-9BF6-5A69-AED1-43FD1B47AF33}.Debug|ARM.Deploy.0 = Debug|ARM
		{EE54BA40-9BF6-5A69-AED1-43FD1B47AF33}.Debug|x64.ActiveCfg = Debug|x64
		{EE54BA40-9BF6-5A69-AED1-43FD1B47AF33}.Debug|x64.Build.0 = Debug|x64
		{EE54BA40-9BF6-5A69-AED1-43FD1B47AF33}.Debug|x64.Deploy.0 = Debug|x64
		{EE54BA40-9BF6-5A69-AED1-43FD1B47AF33}.Debug|x86.ActiveCfg = Debug|x86
		{EE54BA40-9BF6-5A69-AED1-43FD1B47AF33}.Debug|x86.Build.0 = Debug|x86
		{EE54BA40-9BF6-5A69-AED1-43FD1B47AF33}.Debug|x86.Deploy.0 = Debug|x86
		{EE54BA40-9BF6-5A69-AED1-43FD1B47AF33}.Release|ARM.ActiveCfg = Release|ARM
		{EE54BA40-9BF6-5A69-AED1-43FD1B47AF33}.Release|ARM.Build.0 = Release|ARM
		{EE54BA40-9BF6-5A69-AED1-43FD1B47AF33}.Release|ARM.Deploy.0 = Release|ARM
		{EE54BA40-9BF6-5A69-AED1-43FD1B47AF33}.Release|x64.ActiveCfg = Release|x64
		{EE54BA40-9BF6-5A69-AED1-43FD1B47AF33}.Release|x64.Build.0 = Release|x64
		{EE54BA40-9BF6-5A69-AED1-43FD1B47AF33}.Release|x64.Deploy.0 = Release|x64
		{EE54BA40-9BF6-5A69-AED1-43FD1B47AF33}.Release|x86.ActiveCfg = Release|x86
		{EE54BA40-9BF6-5A69-AED1-43FD1B47AF33}.Release|x86.Build.0 = Release|x86
		{EE54BA40-9BF6-5A69-AED1-43FD1B47AF33}.Release|x86.Deploy.0 = Release|x86
		{55B786B3-2AE3-5ECA-AA7F-D4FFF106A4E5}.Debug|ARM.ActiveCfg = Debug|ARM
		{55B786B3-2AE3-5ECA-AA7F-D4FFF106A4E5}.Debug|ARM.Build.0 = Debug|ARM
		{55B786B3-2AE3-5ECA-AA7F-D4FFF106A4E5}.Debug|ARM.Deploy.0 = Debug|ARM
		{55B786B3-2AE3-5ECA-AA7F-D4FFF106A4E5}.Debug|x64.ActiveCfg = Debug|x64
		{55B786B3-2AE3-5ECA-AA7F-D4FFF106A4E5}.Debug|x64.Build.0 = Debug|x64
		{55B786B3-2AE3-5ECA-AA7F-D4FFF106A4E5}.Debug|x64.Deploy.0 = Debug|x64
		{55B786B3-2AE3-5ECA-AA7F-D4FFF106A4E5}.Debug|x86.ActiveCfg = Debug|Win32
		{55B786B3-2AE3-5ECA-AA7F-D4FFF106A4E5}.Debug|x86.Build.0 = Debug|Win32
		{55B786B3-2AE3-5ECA-AA7F-D4FFF106A4E5}.Debug|x86.Deploy.0 = Debug|Win32
		{55B786B3-2AE3-5ECA-AA7F-D4FFF106A4E5}.Release|ARM.ActiveCfg = Release|ARM
		{55B786B3-2AE3-5ECA-AA7F-D4FFF106A4E5}.Release|ARM.Build.0 = Release|ARM
		{55B786B3-2AE3-5ECA-AA7F-D4FFF106A4E5}.Release|ARM.Deploy.0 = Release|ARM
		{55B786B3-2AE3-5ECA-AA7F-D4FFF106A4E5}.Release|x64.ActiveCfg = Release|x64
		{55B786B3-2AE3-5ECA-AA7F-D4FFF106A4E5}.Release|x64.Build.0 = Release|x64
		{55B786B3-2AE3-5ECA-AA7F-D4FFF106A4E5}.Release|x64.Deploy.0 = Release|x64
		{55B786B3-2AE3-5ECA-AA7F-D4FFF106A4E5}.Release|x86.ActiveCfg = Release|Win32
		{55B786B3-2AE3-5ECA-AA7F-D4FFF106A4E5}.Release|x86.Build.0 = Release|Win32
		{55B786B3-2AE3-5ECA-AA7F-D4FFF106A4E5}.Release|x86.Deploy.0 = Release|Win32
		{63961C11-233A-5102-AA78-12334B646BC2}.Debug|ARM.ActiveCfg = Debug|ARM
		{63961C11-233A-5102-AA78-12334B646BC2}.Debug|ARM.Build.0 = Debug|ARM
		{63961C11-233A-5102-AA78-12334B646BC2}.Debug|x64.ActiveCfg = Debug|x64
		{63961C11-233A-5102-AA78-12334B646BC2}.Debug|x64.Build.0 = Debug|x64
		{63961C11-233A-5102-AA78-12334B646BC2}.Debug|x86.ActiveCfg = Debug|Win32
		{63961C11-233A-5102-AA78-12334B646BC2}.Debug|x86.Build.0 = Debug|Win32
		{63961C11-233A-5102-AA78-12334B646BC2}.Release|ARM.ActiveCfg = Release|ARM
		{63961C11-233A-5102-AA78-12334B646BC2}.Release|ARM.Build.0 = Release|ARM
		{63961C11-233A-5102-AA78-12334B646BC2}.Release|x64.ActiveCfg = Release|x64
		{63961C11-233A-5102-AA78-12334B646BC2}.Release|x64.Build.0 = Release|x64
		{63961C11-233A-5102-AA78-12334B646BC2}.Release|x86.ActiveCfg = Release|Win32
		{63961C11-233A-5102-AA78-12334B646BC2}.Release|x86.Build.0 = Release|Win32
		{0E3E6889-3426-55D2-A87C-984D819FAB91}.Debug|ARM.ActiveCfg = Debug|ARM
		{0E3E6889-3426-55D2-A87C-984D819FAB91}.Debug|ARM.Build.0 = Debug|ARM
		{0E3E6889-3426-55D2-A87C-984D819FAB91}.Debug|x64.ActiveCfg = Debug|x64
		{0E3E6889-3426-55D2-A87C-984D819FAB91}.Debug|x64.Build.0 = Debug|x64
		{0E3E6889-3426-55D2-A87C-984D819FAB91}.Debug|x86.ActiveCfg = Debug|Win32
		{0E3E6889-3426-55D2-A87C-984D819FAB91}.Debug|x86.Build.0 = Debug|Win32
		{0E3E6889-3426-55D2-A87C-984D819FAB91}.Release|ARM.ActiveCfg = Release|ARM
		{0E3E6889-3426-55D2-A87C-984D819FAB91}.Release|ARM.Build.0 = Release|ARM
		{0E3E6889-3426-55D2-A87C-984D819FAB91}.Release|x64.ActiveCfg = Release|x64
		{0E3E6889-3426-55D2-A87C-984D819FAB91}.Release|x64.Build.0 = Release|x64
		{0E3E6889-3426-55D2-A87C-984D819FAB91}.Release|x86.ActiveCfg = Release|Win32
		{0E3E6889-3426-55D2-A87C-984D819FAB91}.Release|x86.Build.0 = Release|Win32
		{AE018428-58A4-5B52-8C3E-2CE70B1DC4F0}.Debug|ARM.ActiveCfg = Debug|ARM
		{AE018428-58A4-5B52-8C3E-2CE70B1DC4F0}.Debug|ARM.Build.0 = Debug|ARM
		{AE018428-58A4-5B52-8C3E-2CE70B1DC4F0}.Debug|ARM.Deploy.0 = Debug|ARM
		{AE018428-58A4-5B52-8C3E-2CE70B1DC4F0}.Debug|x64.ActiveCfg = Debug|x64
		{AE018428-58A4-5B52-8C3E-2CE70B1DC4F0}.Debug|x64.Build.0 = Debug|x64
		{AE018428-58A4-5B52-8C3E-2CE70B1DC4F0}.Debug|x64.Deploy.0 = Debug|x64
		{AE018428-58A4-5B52-8C3E-2CE70B1DC4F0}.Debug|x86.ActiveCfg = Debug|x86
		{AE018428-58A4-5B52-8C3E-2CE70B1DC4F0}.Debug|x86.Build.0 = Debug|x86
		{AE018428-58A4-5B52-8C3E-2CE70B1DC4F0}.Debug|x86.Deploy.0 = Debug|x86
		{AE018428-58A4-5B52-8C3E-2CE70B1DC4F0}.Release|ARM.ActiveCfg = Release|ARM
		{AE018428-58A4-5B52-8C3E-2CE70B1DC4F0}.Release|ARM.Build.0 = Release|ARM
		{AE018428-58A4-5B52-8C3E-2CE70B1DC4F0}.Release|ARM.Deploy.0 = Release|ARM
		{AE018428-58A4-5B52-8C3E-2CE70B1DC4F0}.Release|x64.ActiveCfg = Release|x64
		{AE018428-58A4-5B52-8C3E-2CE70B1DC4F0}.Release|x64.Build.0 = Release|x64
		{AE018428-58A4-5B52-8C3E-2CE70B1DC4F0}.Release|x64.Deploy.0 = Release|x64
		{AE018428-58A4-5B52-8C3E-2CE70B1DC4F0}.Release|x86.ActiveCfg = Release|x86
		{AE018428-58A4-5B52-8C3E-2CE70B1DC4F0}.Release|x86.Build.0 = Release|x86
		{AE018428-58A4-5B52-8C3E-2CE70B1DC4F0}.Release|x86.Deploy.0 = Release|x86
	EndGlobalSection
	GlobalSection(SolutionProperties) = preSolution
		HideSolutionNode = FALSE
	EndGlobalSection
EndGlobal
