
Microsoft Visual Studio Solution File, Format Version 12.00
# Visual Studio 14
VisualStudioVersion = 14.0.22808.1
MinimumVisualStudioVersion = 10.0.40219.1
Project("{FAE04EC0-301F-11D3-BF4B-00C04F79EFBC}") = "ProxyStubsForWinRTComponents_client_cs", "CS\ProxyStubsForWinRTComponents_client_cs.csproj", "{DF45F37E-A71E-5105-A35D-863CF44DD414}"
EndProject
Project("{8BC9CEB8-8B4A-11D0-8D11-00A0C91BC942}") = "ProxyStubsForWinRTComponents_client_cpp", "CPP\ProxyStubsForWinRTComponents_client_cpp.vcxproj", "{DC3BD23E-DC27-5262-A7FE-5CD6765A2E11}"
EndProject
Project("{8BC9CEB8-8B4A-11D0-8D11-00A0C91BC942}") = "ProxyStubsForWinRTComponents_server", "Server\ProxyStubsForWinRTComponents_server.vcxproj", "{847768A7-C641-5A30-B884-5EBFE4B5A879}"
EndProject
Project("{8BC9CEB8-8B4A-11D0-8D11-00A0C91BC942}") = "ProxyStubsForWinRTComponentsPS", "Server\ProxyStubsForWinRTComponentsPS.vcxproj", "{7FAA4ECF-BCED-50CF-8F1B-A44A41832E15}"
	ProjectSection(ProjectDependencies) = postProject
		{847768A7-C641-5A30-B884-5EBFE4B5A879} = {847768A7-C641-5A30-B884-5EBFE4B5A879}
	EndProjectSection
EndProject
Project("{262852C6-CD72-467D-83FE-5EEB1973A190}") = "ProxyStubsForWinRTComponents_client_js", "JS\ProxyStubsForWinRTComponents_client_js.jsproj", "{5BFA88A7-B69A-58A3-91FE-534079230E96}"
EndProject
Global
	GlobalSection(SolutionConfigurationPlatforms) = preSolution
		Debug|ARM = Debug|ARM
		Debug|x64 = Debug|x64
		Debug|x86 = Debug|x86
		Release|ARM = Release|ARM
		Release|x64 = Release|x64
		Release|x86 = Release|x86
	EndGlobalSection
	GlobalSection(ProjectConfigurationPlatforms) = postSolution
		{DF45F37E-A71E-5105-A35D-863CF44DD414}.Debug|ARM.ActiveCfg = Debug|ARM
		{DF45F37E-A71E-5105-A35D-863CF44DD414}.Debug|ARM.Build.0 = Debug|ARM
		{DF45F37E-A71E-5105-A35D-863CF44DD414}.Debug|ARM.Deploy.0 = Debug|ARM
		{DF45F37E-A71E-5105-A35D-863CF44DD414}.Debug|x64.ActiveCfg = Debug|x64
		{DF45F37E-A71E-5105-A35D-863CF44DD414}.Debug|x64.Build.0 = Debug|x64
		{DF45F37E-A71E-5105-A35D-863CF44DD414}.Debug|x64.Deploy.0 = Debug|x64
		{DF45F37E-A71E-5105-A35D-863CF44DD414}.Debug|x86.ActiveCfg = Debug|x86
		{DF45F37E-A71E-5105-A35D-863CF44DD414}.Debug|x86.Build.0 = Debug|x86
		{DF45F37E-A71E-5105-A35D-863CF44DD414}.Debug|x86.Deploy.0 = Debug|x86
		{DF45F37E-A71E-5105-A35D-863CF44DD414}.Release|ARM.ActiveCfg = Release|ARM
		{DF45F37E-A71E-5105-A35D-863CF44DD414}.Release|ARM.Build.0 = Release|ARM
		{DF45F37E-A71E-5105-A35D-863CF44DD414}.Release|ARM.Deploy.0 = Release|ARM
		{DF45F37E-A71E-5105-A35D-863CF44DD414}.Release|x64.ActiveCfg = Release|x64
		{DF45F37E-A71E-5105-A35D-863CF44DD414}.Release|x64.Build.0 = Release|x64
		{DF45F37E-A71E-5105-A35D-863CF44DD414}.Release|x64.Deploy.0 = Release|x64
		{DF45F37E-A71E-5105-A35D-863CF44DD414}.Release|x86.ActiveCfg = Release|x86
		{DF45F37E-A71E-5105-A35D-863CF44DD414}.Release|x86.Build.0 = Release|x86
		{DF45F37E-A71E-5105-A35D-863CF44DD414}.Release|x86.Deploy.0 = Release|x86
		{DC3BD23E-DC27-5262-A7FE-5CD6765A2E11}.Debug|ARM.ActiveCfg = Debug|ARM
		{DC3BD23E-DC27-5262-A7FE-5CD6765A2E11}.Debug|ARM.Build.0 = Debug|ARM
		{DC3BD23E-DC27-5262-A7FE-5CD6765A2E11}.Debug|ARM.Deploy.0 = Debug|ARM
		{DC3BD23E-DC27-5262-A7FE-5CD6765A2E11}.Debug|x64.ActiveCfg = Debug|x64
		{DC3BD23E-DC27-5262-A7FE-5CD6765A2E11}.Debug|x64.Build.0 = Debug|x64
		{DC3BD23E-DC27-5262-A7FE-5CD6765A2E11}.Debug|x64.Deploy.0 = Debug|x64
		{DC3BD23E-DC27-5262-A7FE-5CD6765A2E11}.Debug|x86.ActiveCfg = Debug|Win32
		{DC3BD23E-DC27-5262-A7FE-5CD6765A2E11}.Debug|x86.Build.0 = Debug|Win32
		{DC3BD23E-DC27-5262-A7FE-5CD6765A2E11}.Debug|x86.Deploy.0 = Debug|Win32
		{DC3BD23E-DC27-5262-A7FE-5CD6765A2E11}.Release|ARM.ActiveCfg = Release|ARM
		{DC3BD23E-DC27-5262-A7FE-5CD6765A2E11}.Release|ARM.Build.0 = Release|ARM
		{DC3BD23E-DC27-5262-A7FE-5CD6765A2E11}.Release|ARM.Deploy.0 = Release|ARM
		{DC3BD23E-DC27-5262-A7FE-5CD6765A2E11}.Release|x64.ActiveCfg = Release|x64
		{DC3BD23E-DC27-5262-A7FE-5CD6765A2E11}.Release|x64.Build.0 = Release|x64
		{DC3BD23E-DC27-5262-A7FE-5CD6765A2E11}.Release|x64.Deploy.0 = Release|x64
		{DC3BD23E-DC27-5262-A7FE-5CD6765A2E11}.Release|x86.ActiveCfg = Release|Win32
		{DC3BD23E-DC27-5262-A7FE-5CD6765A2E11}.Release|x86.Build.0 = Release|Win32
		{DC3BD23E-DC27-5262-A7FE-5CD6765A2E11}.Release|x86.Deploy.0 = Release|Win32
		{847768A7-C641-5A30-B884-5EBFE4B5A879}.Debug|ARM.ActiveCfg = Debug|ARM
		{847768A7-C641-5A30-B884-5EBFE4B5A879}.Debug|ARM.Build.0 = Debug|ARM
		{847768A7-C641-5A30-B884-5EBFE4B5A879}.Debug|x64.ActiveCfg = Debug|x64
		{847768A7-C641-5A30-B884-5EBFE4B5A879}.Debug|x64.Build.0 = Debug|x64
		{847768A7-C641-5A30-B884-5EBFE4B5A879}.Debug|x86.ActiveCfg = Debug|Win32
		{847768A7-C641-5A30-B884-5EBFE4B5A879}.Debug|x86.Build.0 = Debug|Win32
		{847768A7-C641-5A30-B884-5EBFE4B5A879}.Release|ARM.ActiveCfg = Release|ARM
		{847768A7-C641-5A30-B884-5EBFE4B5A879}.Release|ARM.Build.0 = Release|ARM
		{847768A7-C641-5A30-B884-5EBFE4B5A879}.Release|x64.ActiveCfg = Release|x64
		{847768A7-C641-5A30-B884-5EBFE4B5A879}.Release|x64.Build.0 = Release|x64
		{847768A7-C641-5A30-B884-5EBFE4B5A879}.Release|x86.ActiveCfg = Release|Win32
		{847768A7-C641-5A30-B884-5EBFE4B5A879}.Release|x86.Build.0 = Release|Win32
		{7FAA4ECF-BCED-50CF-8F1B-A44A41832E15}.Debug|ARM.ActiveCfg = Debug|ARM
		{7FAA4ECF-BCED-50CF-8F1B-A44A41832E15}.Debug|ARM.Build.0 = Debug|ARM
		{7FAA4ECF-BCED-50CF-8F1B-A44A41832E15}.Debug|x64.ActiveCfg = Debug|x64
		{7FAA4ECF-BCED-50CF-8F1B-A44A41832E15}.Debug|x64.Build.0 = Debug|x64
		{7FAA4ECF-BCED-50CF-8F1B-A44A41832E15}.Debug|x86.ActiveCfg = Debug|Win32
		{7FAA4ECF-BCED-50CF-8F1B-A44A41832E15}.Debug|x86.Build.0 = Debug|Win32
		{7FAA4ECF-BCED-50CF-8F1B-A44A41832E15}.Release|ARM.ActiveCfg = Release|ARM
		{7FAA4ECF-BCED-50CF-8F1B-A44A41832E15}.Release|ARM.Build.0 = Release|ARM
		{7FAA4ECF-BCED-50CF-8F1B-A44A41832E15}.Release|x64.ActiveCfg = Release|x64
		{7FAA4ECF-BCED-50CF-8F1B-A44A41832E15}.Release|x64.Build.0 = Release|x64
		{7FAA4ECF-BCED-50CF-8F1B-A44A41832E15}.Release|x86.ActiveCfg = Release|Win32
		{7FAA4ECF-BCED-50CF-8F1B-A44A41832E15}.Release|x86.Build.0 = Release|Win32
		{5BFA88A7-B69A-58A3-91FE-534079230E96}.Debug|ARM.ActiveCfg = Debug|ARM
		{5BFA88A7-B69A-58A3-91FE-534079230E96}.Debug|ARM.Build.0 = Debug|ARM
		{5BFA88A7-B69A-58A3-91FE-534079230E96}.Debug|ARM.Deploy.0 = Debug|ARM
		{5BFA88A7-B69A-58A3-91FE-534079230E96}.Debug|x64.ActiveCfg = Debug|x64
		{5BFA88A7-B69A-58A3-91FE-534079230E96}.Debug|x64.Build.0 = Debug|x64
		{5BFA88A7-B69A-58A3-91FE-534079230E96}.Debug|x64.Deploy.0 = Debug|x64
		{5BFA88A7-B69A-58A3-91FE-534079230E96}.Debug|x86.ActiveCfg = Debug|x86
		{5BFA88A7-B69A-58A3-91FE-534079230E96}.Debug|x86.Build.0 = Debug|x86
		{5BFA88A7-B69A-58A3-91FE-534079230E96}.Debug|x86.Deploy.0 = Debug|x86
		{5BFA88A7-B69A-58A3-91FE-534079230E96}.Release|ARM.ActiveCfg = Release|ARM
		{5BFA88A7-B69A-58A3-91FE-534079230E96}.Release|ARM.Build.0 = Release|ARM
		{5BFA88A7-B69A-58A3-91FE-534079230E96}.Release|ARM.Deploy.0 = Release|ARM
		{5BFA88A7-B69A-58A3-91FE-534079230E96}.Release|x64.ActiveCfg = Release|x64
		{5BFA88A7-B69A-58A3-91FE-534079230E96}.Release|x64.Build.0 = Release|x64
		{5BFA88A7-B69A-58A3-91FE-534079230E96}.Release|x64.Deploy.0 = Release|x64
		{5BFA88A7-B69A-58A3-91FE-534079230E96}.Release|x86.ActiveCfg = Release|x86
		{5BFA88A7-B69A-58A3-91FE-534079230E96}.Release|x86.Build.0 = Release|x86
		{5BFA88A7-B69A-58A3-91FE-534079230E96}.Release|x86.Deploy.0 = Release|x86
	EndGlobalSection
	GlobalSection(SolutionProperties) = preSolution
		HideSolutionNode = FALSE
	EndGlobalSection
EndGlobal
