
Microsoft Visual Studio Solution File, Format Version 12.00
# Visual Studio 15
VisualStudioVersion = 15.0.27130.2027
MinimumVisualStudioVersion = 10.0.40219.1
Project("{FAE04EC0-301F-11D3-BF4B-00C04F79EFBC}") = "HotspotAuthenticationApp", "HotspotAuthenticationApp.csproj", "{567E8837-A7A1-5565-BEA8-73961F087828}"
EndProject
Project("{FAE04EC0-301F-11D3-BF4B-00C04F79EFBC}") = "HotspotAuthenticationTask", "HotspotAuthenticationTask\HotspotAuthenticationTask.csproj", "{BB2E2E12-3D6E-5D13-A38A-6C5CF857590A}"
EndProject
Global
	GlobalSection(SolutionConfigurationPlatforms) = preSolution
		Debug|ARM = Debug|ARM
		Debug|x64 = Debug|x64
		Debug|x86 = Debug|x86
		Release|ARM = Release|ARM
		Release|x64 = Release|x64
		Release|x86 = Release|x86
	EndGlobalSection
	GlobalSection(ProjectConfigurationPlatforms) = postSolution
		{567E8837-A7A1-5565-BEA8-73961F087828}.Debug|ARM.ActiveCfg = Debug|ARM
		{567E8837-A7A1-5565-BEA8-73961F087828}.Debug|ARM.Build.0 = Debug|ARM
		{567E8837-A7A1-5565-BEA8-73961F087828}.Debug|ARM.Deploy.0 = Debug|ARM
		{567E8837-A7A1-5565-BEA8-73961F087828}.Debug|x64.ActiveCfg = Debug|x64
		{567E8837-A7A1-5565-BEA8-73961F087828}.Debug|x64.Build.0 = Debug|x64
		{567E8837-A7A1-5565-BEA8-73961F087828}.Debug|x64.Deploy.0 = Debug|x64
		{567E8837-A7A1-5565-BEA8-73961F087828}.Debug|x86.ActiveCfg = Debug|x86
		{567E8837-A7A1-5565-BEA8-73961F087828}.Debug|x86.Build.0 = Debug|x86
		{567E8837-A7A1-5565-BEA8-73961F087828}.Debug|x86.Deploy.0 = Debug|x86
		{567E8837-A7A1-5565-BEA8-73961F087828}.Release|ARM.ActiveCfg = Release|ARM
		{567E8837-A7A1-5565-BEA8-73961F087828}.Release|ARM.Build.0 = Release|ARM
		{567E8837-A7A1-5565-BEA8-73961F087828}.Release|ARM.Deploy.0 = Release|ARM
		{567E8837-A7A1-5565-BEA8-73961F087828}.Release|x64.ActiveCfg = Release|x64
		{567E8837-A7A1-5565-BEA8-73961F087828}.Release|x64.Build.0 = Release|x64
		{567E8837-A7A1-5565-BEA8-73961F087828}.Release|x64.Deploy.0 = Release|x64
		{567E8837-A7A1-5565-BEA8-73961F087828}.Release|x86.ActiveCfg = Release|x86
		{567E8837-A7A1-5565-BEA8-73961F087828}.Release|x86.Build.0 = Release|x86
		{567E8837-A7A1-5565-BEA8-73961F087828}.Release|x86.Deploy.0 = Release|x86
		{BB2E2E12-3D6E-5D13-A38A-6C5CF857590A}.Debug|ARM.ActiveCfg = Debug|ARM
		{BB2E2E12-3D6E-5D13-A38A-6C5CF857590A}.Debug|ARM.Build.0 = Debug|ARM
		{BB2E2E12-3D6E-5D13-A38A-6C5CF857590A}.Debug|x64.ActiveCfg = Debug|x64
		{BB2E2E12-3D6E-5D13-A38A-6C5CF857590A}.Debug|x64.Build.0 = Debug|x64
		{BB2E2E12-3D6E-5D13-A38A-6C5CF857590A}.Debug|x86.ActiveCfg = Debug|x86
		{BB2E2E12-3D6E-5D13-A38A-6C5CF857590A}.Debug|x86.Build.0 = Debug|x86
		{BB2E2E12-3D6E-5D13-A38A-6C5CF857590A}.Release|ARM.ActiveCfg = Release|ARM
		{BB2E2E12-3D6E-5D13-A38A-6C5CF857590A}.Release|ARM.Build.0 = Release|ARM
		{BB2E2E12-3D6E-5D13-A38A-6C5CF857590A}.Release|x64.ActiveCfg = Release|x64
		{BB2E2E12-3D6E-5D13-A38A-6C5CF857590A}.Release|x64.Build.0 = Release|x64
		{BB2E2E12-3D6E-5D13-A38A-6C5CF857590A}.Release|x86.ActiveCfg = Release|x86
		{BB2E2E12-3D6E-5D13-A38A-6C5CF857590A}.Release|x86.Build.0 = Release|x86
	EndGlobalSection
	GlobalSection(SolutionProperties) = preSolution
		HideSolutionNode = FALSE
	EndGlobalSection
	GlobalSection(ExtensibilityGlobals) = postSolution
		SolutionGuid = {82A66FCD-859A-40F5-A8CC-402F20E50B26}
	EndGlobalSection
EndGlobal
