
Microsoft Visual Studio Solution File, Format Version 12.00
# Visual Studio 15
VisualStudioVersion = 15.0.26228.4
MinimumVisualStudioVersion = 10.0.40219.1
Project("{FAE04EC0-301F-11D3-BF4B-00C04F79EFBC}") = "ProxyStubsForWinRTComponents_client_cs", "CS\ProxyStubsForWinRTComponents_client_cs.csproj", "{C7082E0B-B315-5389-A6AA-0311B056E551}"
EndProject
Project("{FAE04EC0-301F-11D3-BF4B-00C04F79EFBC}") = "ProxyStubsForWinRTComponents_server", "Server\ProxyStubsForWinRTComponents_server.csproj", "{1CC0E018-3C47-5759-A68B-0A65B25E2AEE}"
EndProject
Project("{8BC9CEB8-8B4A-11D0-8D11-00A0C91BC942}") = "ProxyStubsForWinRTComponents_client_cpp", "CPP\ProxyStubsForWinRTComponents_client_cpp.vcxproj", "{D422F28E-F829-5884-9119-2F94C12719C7}"
EndProject
Project("{8BC9CEB8-8B4A-11D0-8D11-00A0C91BC942}") = "ProxyStubsForWinRTComponentsPS", "Server\ProxyStubsForWinRTComponentsPS.vcxproj", "{A515F2D0-6A64-5534-83A0-C197705B7450}"
	ProjectSection(ProjectDependencies) = postProject
		{1CC0E018-3C47-5759-A68B-0A65B25E2AEE} = {1CC0E018-3C47-5759-A68B-0A65B25E2AEE}
	EndProjectSection
EndProject
Project("{262852C6-CD72-467D-83FE-5EEB1973A190}") = "ProxyStubsForWinRTComponents_client_js", "JS\ProxyStubsForWinRTComponents_client_js.jsproj", "{A2B215A5-C96D-5360-B07D-DB86B3B4D785}"
EndProject
Global
	GlobalSection(SolutionConfigurationPlatforms) = preSolution
		Debug|ARM = Debug|ARM
		Debug|x64 = Debug|x64
		Debug|x86 = Debug|x86
		Release|ARM = Release|ARM
		Release|x64 = Release|x64
		Release|x86 = Release|x86
	EndGlobalSection
	GlobalSection(ProjectConfigurationPlatforms) = postSolution
		{C7082E0B-B315-5389-A6AA-0311B056E551}.Debug|ARM.ActiveCfg = Debug|ARM
		{C7082E0B-B315-5389-A6AA-0311B056E551}.Debug|ARM.Build.0 = Debug|ARM
		{C7082E0B-B315-5389-A6AA-0311B056E551}.Debug|ARM.Deploy.0 = Debug|ARM
		{C7082E0B-B315-5389-A6AA-0311B056E551}.Debug|x64.ActiveCfg = Debug|x64
		{C7082E0B-B315-5389-A6AA-0311B056E551}.Debug|x64.Build.0 = Debug|x64
		{C7082E0B-B315-5389-A6AA-0311B056E551}.Debug|x64.Deploy.0 = Debug|x64
		{C7082E0B-B315-5389-A6AA-0311B056E551}.Debug|x86.ActiveCfg = Debug|x86
		{C7082E0B-B315-5389-A6AA-0311B056E551}.Debug|x86.Build.0 = Debug|x86
		{C7082E0B-B315-5389-A6AA-0311B056E551}.Debug|x86.Deploy.0 = Debug|x86
		{C7082E0B-B315-5389-A6AA-0311B056E551}.Release|ARM.ActiveCfg = Release|ARM
		{C7082E0B-B315-5389-A6AA-0311B056E551}.Release|ARM.Build.0 = Release|ARM
		{C7082E0B-B315-5389-A6AA-0311B056E551}.Release|ARM.Deploy.0 = Release|ARM
		{C7082E0B-B315-5389-A6AA-0311B056E551}.Release|x64.ActiveCfg = Release|x64
		{C7082E0B-B315-5389-A6AA-0311B056E551}.Release|x64.Build.0 = Release|x64
		{C7082E0B-B315-5389-A6AA-0311B056E551}.Release|x64.Deploy.0 = Release|x64
		{C7082E0B-B315-5389-A6AA-0311B056E551}.Release|x86.ActiveCfg = Release|x86
		{C7082E0B-B315-5389-A6AA-0311B056E551}.Release|x86.Build.0 = Release|x86
		{C7082E0B-B315-5389-A6AA-0311B056E551}.Release|x86.Deploy.0 = Release|x86
		{1CC0E018-3C47-5759-A68B-0A65B25E2AEE}.Debug|ARM.ActiveCfg = Debug|ARM
		{1CC0E018-3C47-5759-A68B-0A65B25E2AEE}.Debug|ARM.Build.0 = Debug|ARM
		{1CC0E018-3C47-5759-A68B-0A65B25E2AEE}.Debug|x64.ActiveCfg = Debug|x64
		{1CC0E018-3C47-5759-A68B-0A65B25E2AEE}.Debug|x64.Build.0 = Debug|x64
		{1CC0E018-3C47-5759-A68B-0A65B25E2AEE}.Debug|x86.ActiveCfg = Debug|x86
		{1CC0E018-3C47-5759-A68B-0A65B25E2AEE}.Debug|x86.Build.0 = Debug|x86
		{1CC0E018-3C47-5759-A68B-0A65B25E2AEE}.Release|ARM.ActiveCfg = Release|ARM
		{1CC0E018-3C47-5759-A68B-0A65B25E2AEE}.Release|ARM.Build.0 = Release|ARM
		{1CC0E018-3C47-5759-A68B-0A65B25E2AEE}.Release|x64.ActiveCfg = Release|x64
		{1CC0E018-3C47-5759-A68B-0A65B25E2AEE}.Release|x64.Build.0 = Release|x64
		{1CC0E018-3C47-5759-A68B-0A65B25E2AEE}.Release|x86.ActiveCfg = Release|x86
		{1CC0E018-3C47-5759-A68B-0A65B25E2AEE}.Release|x86.Build.0 = Release|x86
		{D422F28E-F829-5884-9119-2F94C12719C7}.Debug|ARM.ActiveCfg = Debug|ARM
		{D422F28E-F829-5884-9119-2F94C12719C7}.Debug|ARM.Build.0 = Debug|ARM
		{D422F28E-F829-5884-9119-2F94C12719C7}.Debug|ARM.Deploy.0 = Debug|ARM
		{D422F28E-F829-5884-9119-2F94C12719C7}.Debug|x64.ActiveCfg = Debug|x64
		{D422F28E-F829-5884-9119-2F94C12719C7}.Debug|x64.Build.0 = Debug|x64
		{D422F28E-F829-5884-9119-2F94C12719C7}.Debug|x64.Deploy.0 = Debug|x64
		{D422F28E-F829-5884-9119-2F94C12719C7}.Debug|x86.ActiveCfg = Debug|Win32
		{D422F28E-F829-5884-9119-2F94C12719C7}.Debug|x86.Build.0 = Debug|Win32
		{D422F28E-F829-5884-9119-2F94C12719C7}.Debug|x86.Deploy.0 = Debug|Win32
		{D422F28E-F829-5884-9119-2F94C12719C7}.Release|ARM.ActiveCfg = Release|ARM
		{D422F28E-F829-5884-9119-2F94C12719C7}.Release|ARM.Build.0 = Release|ARM
		{D422F28E-F829-5884-9119-2F94C12719C7}.Release|ARM.Deploy.0 = Release|ARM
		{D422F28E-F829-5884-9119-2F94C12719C7}.Release|x64.ActiveCfg = Release|x64
		{D422F28E-F829-5884-9119-2F94C12719C7}.Release|x64.Build.0 = Release|x64
		{D422F28E-F829-5884-9119-2F94C12719C7}.Release|x64.Deploy.0 = Release|x64
		{D422F28E-F829-5884-9119-2F94C12719C7}.Release|x86.ActiveCfg = Release|Win32
		{D422F28E-F829-5884-9119-2F94C12719C7}.Release|x86.Build.0 = Release|Win32
		{D422F28E-F829-5884-9119-2F94C12719C7}.Release|x86.Deploy.0 = Release|Win32
		{A515F2D0-6A64-5534-83A0-C197705B7450}.Debug|ARM.ActiveCfg = Debug|ARM
		{A515F2D0-6A64-5534-83A0-C197705B7450}.Debug|ARM.Build.0 = Debug|ARM
		{A515F2D0-6A64-5534-83A0-C197705B7450}.Debug|x64.ActiveCfg = Debug|x64
		{A515F2D0-6A64-5534-83A0-C197705B7450}.Debug|x64.Build.0 = Debug|x64
		{A515F2D0-6A64-5534-83A0-C197705B7450}.Debug|x86.ActiveCfg = Debug|Win32
		{A515F2D0-6A64-5534-83A0-C197705B7450}.Debug|x86.Build.0 = Debug|Win32
		{A515F2D0-6A64-5534-83A0-C197705B7450}.Release|ARM.ActiveCfg = Release|ARM
		{A515F2D0-6A64-5534-83A0-C197705B7450}.Release|ARM.Build.0 = Release|ARM
		{A515F2D0-6A64-5534-83A0-C197705B7450}.Release|x64.ActiveCfg = Release|x64
		{A515F2D0-6A64-5534-83A0-C197705B7450}.Release|x64.Build.0 = Release|x64
		{A515F2D0-6A64-5534-83A0-C197705B7450}.Release|x86.ActiveCfg = Release|Win32
		{A515F2D0-6A64-5534-83A0-C197705B7450}.Release|x86.Build.0 = Release|Win32
		{A2B215A5-C96D-5360-B07D-DB86B3B4D785}.Debug|ARM.ActiveCfg = Debug|ARM
		{A2B215A5-C96D-5360-B07D-DB86B3B4D785}.Debug|ARM.Build.0 = Debug|ARM
		{A2B215A5-C96D-5360-B07D-DB86B3B4D785}.Debug|ARM.Deploy.0 = Debug|ARM
		{A2B215A5-C96D-5360-B07D-DB86B3B4D785}.Debug|x64.ActiveCfg = Debug|x64
		{A2B215A5-C96D-5360-B07D-DB86B3B4D785}.Debug|x64.Build.0 = Debug|x64
		{A2B215A5-C96D-5360-B07D-DB86B3B4D785}.Debug|x64.Deploy.0 = Debug|x64
		{A2B215A5-C96D-5360-B07D-DB86B3B4D785}.Debug|x86.ActiveCfg = Debug|x86
		{A2B215A5-C96D-5360-B07D-DB86B3B4D785}.Debug|x86.Build.0 = Debug|x86
		{A2B215A5-C96D-5360-B07D-DB86B3B4D785}.Debug|x86.Deploy.0 = Debug|x86
		{A2B215A5-C96D-5360-B07D-DB86B3B4D785}.Release|ARM.ActiveCfg = Release|ARM
		{A2B215A5-C96D-5360-B07D-DB86B3B4D785}.Release|ARM.Build.0 = Release|ARM
		{A2B215A5-C96D-5360-B07D-DB86B3B4D785}.Release|ARM.Deploy.0 = Release|ARM
		{A2B215A5-C96D-5360-B07D-DB86B3B4D785}.Release|x64.ActiveCfg = Release|x64
		{A2B215A5-C96D-5360-B07D-DB86B3B4D785}.Release|x64.Build.0 = Release|x64
		{A2B215A5-C96D-5360-B07D-DB86B3B4D785}.Release|x64.Deploy.0 = Release|x64
		{A2B215A5-C96D-5360-B07D-DB86B3B4D785}.Release|x86.ActiveCfg = Release|x86
		{A2B215A5-C96D-5360-B07D-DB86B3B4D785}.Release|x86.Build.0 = Release|x86
		{A2B215A5-C96D-5360-B07D-DB86B3B4D785}.Release|x86.Deploy.0 = Release|x86
	EndGlobalSection
	GlobalSection(SolutionProperties) = preSolution
		HideSolutionNode = FALSE
	EndGlobalSection
EndGlobal
